
Microsoft Visual Studio Solution File, Format Version 12.00
# Visual Studio 14
VisualStudioVersion = 14.0.25420.1
MinimumVisualStudioVersion = 10.0.40219.1
Project("{2150E333-8FDC-42A3-9474-1A3956D46DE8}") = "Solution Items", "Solution Items", "{F61136C8-EA6D-4458-AF67-E40927C1858D}"
	ProjectSection(SolutionItems) = preProject
		make.log = make.log
		Makefile = Makefile
		Mono.md = Mono.md
		Nuget.Config = Nuget.Config
		Signing.md = Signing.md
		Windows.md = Windows.md
	EndProjectSection
EndProject
Project("{2150E333-8FDC-42A3-9474-1A3956D46DE8}") = "Libraries (Portable)", "Libraries (Portable)", "{C9F3105C-F5D8-490E-AC54-2A571CBB0492}"
EndProject
Project("{FAE04EC0-301F-11D3-BF4B-00C04F79EFBC}") = "Goedel.FSR", "Libraries\Goedel.FSR\Goedel.FSR.csproj", "{CCC286F1-6A5B-4946-A382-8A48797192B4}"
EndProject
Project("{FAE04EC0-301F-11D3-BF4B-00C04F79EFBC}") = "Goedel.Utilities", "Libraries\Goedel.Utilities\Goedel.Utilities.csproj", "{E891BC7F-D7BD-4931-931B-42C83CCA68E2}"
EndProject
Project("{FAE04EC0-301F-11D3-BF4B-00C04F79EFBC}") = "Goedel.ASN", "Libraries\Goedel.ASN\Goedel.ASN.csproj", "{44E8B35D-0394-4F37-B52C-246F8610F031}"
EndProject
Project("{FAE04EC0-301F-11D3-BF4B-00C04F79EFBC}") = "Goedel.Protocol", "Libraries\Goedel.Protocol\Goedel.Protocol.csproj", "{02D75812-6892-45F7-8497-82266B6F0328}"
EndProject
Project("{FAE04EC0-301F-11D3-BF4B-00C04F79EFBC}") = "Goedel.Registry", "Libraries\Goedel.Registry\Goedel.Registry.csproj", "{EBDA947E-D7A9-4A93-AEF1-AEA9D56B9225}"
EndProject
Project("{FAE04EC0-301F-11D3-BF4B-00C04F79EFBC}") = "TestDNSLibrary", "Testing\TestDNSLibrary\TestDNSLibrary.csproj", "{0F477772-43D9-4E3A-9F6A-C14E76F58ACF}"
EndProject
Project("{FAE04EC0-301F-11D3-BF4B-00C04F79EFBC}") = "Goedel.Platform.Framework", "Libraries\Goedel.Platform.Framework\Goedel.Platform.Framework.csproj", "{168A9984-6DBC-4683-9E43-C3E077066933}"
EndProject
Project("{FAE04EC0-301F-11D3-BF4B-00C04F79EFBC}") = "Goedel.Platform", "Libraries\Goedel.Platform\Goedel.Platform.csproj", "{BD2729CA-402F-4E52-9682-3FC6BB8E9C49}"
EndProject
Project("{FAE04EC0-301F-11D3-BF4B-00C04F79EFBC}") = "Goedel.Platform.Universal", "Libraries\Goedel.Platform.Universal\Goedel.Platform.Universal.csproj", "{598EF0F1-28C9-435C-B03C-4E2804F0AA44}"
EndProject
Project("{FAE04EC0-301F-11D3-BF4B-00C04F79EFBC}") = "Goedel.IO", "Libraries\Goedel.IO\Goedel.IO.csproj", "{C4824513-F416-4EAD-BE82-F2DF23641F6A}"
EndProject
Project("{FAE04EC0-301F-11D3-BF4B-00C04F79EFBC}") = "Goedel.Protocol.Debug", "Libraries\Goedel.Protocol.Debug\Goedel.Protocol.Debug.csproj", "{0586B4C1-814C-4D98-B6F1-180CD4E2FAAB}"
EndProject
Project("{FAE04EC0-301F-11D3-BF4B-00C04F79EFBC}") = "Goedel.Cryptography", "Libraries\Goedel.Cryptography\Goedel.Cryptography.csproj", "{BC1E98E7-F516-41A3-9653-056E20560A22}"
EndProject
Project("{FAE04EC0-301F-11D3-BF4B-00C04F79EFBC}") = "Goedel.Cryptography.Framework", "Libraries\Goedel.Cryptography.Framework\Goedel.Cryptography.Framework.csproj", "{B12AD19F-0E50-4D1D-99DE-30C63886E718}"
EndProject
Project("{2150E333-8FDC-42A3-9474-1A3956D46DE8}") = "Libraries (Framework)", "Libraries (Framework)", "{CE4B9DB7-EE29-41F0-BAC8-236BFEE2F1F3}"
EndProject
Project("{2150E333-8FDC-42A3-9474-1A3956D46DE8}") = "Libraries (Universal)", "Libraries (Universal)", "{5F99C415-BB3A-417A-9861-BA09C6E31492}"
EndProject
Project("{FAE04EC0-301F-11D3-BF4B-00C04F79EFBC}") = "Goedel.Cryptography.KeyFile", "Libraries\Goedel.Cryptography.KeyFile\Goedel.Cryptography.KeyFile.csproj", "{73D40F24-A492-4081-B58E-B2AF30762C78}"
EndProject
Project("{FAE04EC0-301F-11D3-BF4B-00C04F79EFBC}") = "Goedel.Cryptography.Jose", "Libraries\Goedel.Cryptography.Jose\Goedel.Cryptography.Jose.csproj", "{A9A97306-A35E-4BC9-91EF-F6880DD7456D}"
EndProject
Project("{FAE04EC0-301F-11D3-BF4B-00C04F79EFBC}") = "Goedel.Cryptography.Ticket", "Libraries\Goedel.Cryptography.Ticket\Goedel.Cryptography.Ticket.csproj", "{FE16891B-E611-4E77-845B-8BA8806C7332}"
EndProject
Project("{2150E333-8FDC-42A3-9474-1A3956D46DE8}") = "Documentation", "Documentation", "{B6F39068-5D72-4847-B44E-BB20DDCCDFA7}"
EndProject
Project("{7CF6DF6D-3B04-46F8-A40B-537D21BCA0B4}") = "PortableLibraries", "Documentation\PortableLibraries\PortableLibraries.shfbproj", "{51F8045A-51C9-485E-A72D-96646ACB19B3}"
	ProjectSection(ProjectDependencies) = postProject
		{A9A97306-A35E-4BC9-91EF-F6880DD7456D} = {A9A97306-A35E-4BC9-91EF-F6880DD7456D}
		{02D75812-6892-45F7-8497-82266B6F0328} = {02D75812-6892-45F7-8497-82266B6F0328}
		{FE16891B-E611-4E77-845B-8BA8806C7332} = {FE16891B-E611-4E77-845B-8BA8806C7332}
		{73D40F24-A492-4081-B58E-B2AF30762C78} = {73D40F24-A492-4081-B58E-B2AF30762C78}
		{44E8B35D-0394-4F37-B52C-246F8610F031} = {44E8B35D-0394-4F37-B52C-246F8610F031}
		{E891BC7F-D7BD-4931-931B-42C83CCA68E2} = {E891BC7F-D7BD-4931-931B-42C83CCA68E2}
		{BD2729CA-402F-4E52-9682-3FC6BB8E9C49} = {BD2729CA-402F-4E52-9682-3FC6BB8E9C49}
		{BC1E98E7-F516-41A3-9653-056E20560A22} = {BC1E98E7-F516-41A3-9653-056E20560A22}
		{CCC286F1-6A5B-4946-A382-8A48797192B4} = {CCC286F1-6A5B-4946-A382-8A48797192B4}
	EndProjectSection
EndProject
Project("{FAE04EC0-301F-11D3-BF4B-00C04F79EFBC}") = "Goedel.Protocol.Framework", "Libraries\Goedel.Protocol.Framework\Goedel.Protocol.Framework.csproj", "{C1D2C847-EE62-430C-82DC-A4BD5AB38A44}"
EndProject
Project("{7CF6DF6D-3B04-46F8-A40B-537D21BCA0B4}") = "FrameworkLibraries", "Documentation\FrameworkLibraries\FrameworkLibraries.shfbproj", "{A1D67B8C-F9EE-4289-80FD-F6526C218C30}"
	ProjectSection(ProjectDependencies) = postProject
		{C4824513-F416-4EAD-BE82-F2DF23641F6A} = {C4824513-F416-4EAD-BE82-F2DF23641F6A}
		{73D40F24-A492-4081-B58E-B2AF30762C78} = {73D40F24-A492-4081-B58E-B2AF30762C78}
		{C1D2C847-EE62-430C-82DC-A4BD5AB38A44} = {C1D2C847-EE62-430C-82DC-A4BD5AB38A44}
		{51F8045A-51C9-485E-A72D-96646ACB19B3} = {51F8045A-51C9-485E-A72D-96646ACB19B3}
		{EBDA947E-D7A9-4A93-AEF1-AEA9D56B9225} = {EBDA947E-D7A9-4A93-AEF1-AEA9D56B9225}
		{168A9984-6DBC-4683-9E43-C3E077066933} = {168A9984-6DBC-4683-9E43-C3E077066933}
		{B12AD19F-0E50-4D1D-99DE-30C63886E718} = {B12AD19F-0E50-4D1D-99DE-30C63886E718}
		{0586B4C1-814C-4D98-B6F1-180CD4E2FAAB} = {0586B4C1-814C-4D98-B6F1-180CD4E2FAAB}
	EndProjectSection
EndProject
Project("{2150E333-8FDC-42A3-9474-1A3956D46DE8}") = "Tests (Portable)", "Tests (Portable)", "{8317BEA1-7ADA-4594-B5C6-E671209507AC}"
EndProject
Project("{FAE04EC0-301F-11D3-BF4B-00C04F79EFBC}") = "Test.Goedel.Cryptography", "Tests\Test.Goedel.Cryptography\Test.Goedel.Cryptography.csproj", "{B3676939-95F8-462C-8FD8-EA5D3ECC34AA}"
EndProject
Project("{2150E333-8FDC-42A3-9474-1A3956D46DE8}") = "Templates", "Templates", "{82B3DA61-1F7B-44FA-BD11-346A63BF9F65}"
	ProjectSection(SolutionItems) = preProject
		Icon1.ico = Icon1.ico
	EndProjectSection
EndProject
Project("{FAE04EC0-301F-11D3-BF4B-00C04F79EFBC}") = "PHB Framework Library", "Templates\PHB Framework Library\PHB Framework Library.csproj", "{DAA9E361-9F24-4F80-925F-C1DF176F8DD9}"
EndProject
Project("{FAE04EC0-301F-11D3-BF4B-00C04F79EFBC}") = "PHB Framework Shell", "Templates\PHB Framework Shell\PHB Framework Shell.csproj", "{4C66DD34-0797-4B67-A123-DF5AC078BE3A}"
EndProject
Project("{FAE04EC0-301F-11D3-BF4B-00C04F79EFBC}") = "PHB Framework Tool", "Templates\PHB Framework Tool\PHB Framework Tool.csproj", "{FD579064-AA4B-41D9-945C-13664184B14C}"
EndProject
Project("{FAE04EC0-301F-11D3-BF4B-00C04F79EFBC}") = "PHB Portable Library", "Templates\PHB Portable Library\PHB Portable Library.csproj", "{1BAB7A1F-1568-4E66-99A4-D118576FA572}"
EndProject
Project("{FAE04EC0-301F-11D3-BF4B-00C04F79EFBC}") = "Goedel.DNS", "Libraries\Goedel.DNS\Goedel.DNS.csproj", "{5EECB489-80AC-4FD4-ACA1-729D2BB486C0}"
EndProject
Project("{FAE04EC0-301F-11D3-BF4B-00C04F79EFBC}") = "TestDNS", "TestDNS\TestDNS.csproj", "{987DB614-BCFA-45C1-94D9-BD2113312A2A}"
EndProject
Project("{FAE04EC0-301F-11D3-BF4B-00C04F79EFBC}") = "TestCrypto", "TestCrypto\TestCrypto.csproj", "{E640FF6C-3D7B-41E3-B9AB-D7053E32AB2D}"
EndProject
Global
	GlobalSection(SolutionConfigurationPlatforms) = preSolution
		Debug|Any CPU = Debug|Any CPU
		Debug|ARM = Debug|ARM
		Debug|x64 = Debug|x64
		Debug|x86 = Debug|x86
		Publish|Any CPU = Publish|Any CPU
		Publish|ARM = Publish|ARM
		Publish|x64 = Publish|x64
		Publish|x86 = Publish|x86
		RaspberryPi|Any CPU = RaspberryPi|Any CPU
		RaspberryPi|ARM = RaspberryPi|ARM
		RaspberryPi|x64 = RaspberryPi|x64
		RaspberryPi|x86 = RaspberryPi|x86
		Release|Any CPU = Release|Any CPU
		Release|ARM = Release|ARM
		Release|x64 = Release|x64
		Release|x86 = Release|x86
	EndGlobalSection
	GlobalSection(ProjectConfigurationPlatforms) = postSolution
		{CCC286F1-6A5B-4946-A382-8A48797192B4}.Debug|Any CPU.ActiveCfg = Debug|Any CPU
		{CCC286F1-6A5B-4946-A382-8A48797192B4}.Debug|Any CPU.Build.0 = Debug|Any CPU
		{CCC286F1-6A5B-4946-A382-8A48797192B4}.Debug|ARM.ActiveCfg = Debug|ARM
		{CCC286F1-6A5B-4946-A382-8A48797192B4}.Debug|ARM.Build.0 = Debug|ARM
		{CCC286F1-6A5B-4946-A382-8A48797192B4}.Debug|x64.ActiveCfg = Debug|Any CPU
		{CCC286F1-6A5B-4946-A382-8A48797192B4}.Debug|x64.Build.0 = Debug|Any CPU
		{CCC286F1-6A5B-4946-A382-8A48797192B4}.Debug|x86.ActiveCfg = Debug|Any CPU
		{CCC286F1-6A5B-4946-A382-8A48797192B4}.Debug|x86.Build.0 = Debug|Any CPU
		{CCC286F1-6A5B-4946-A382-8A48797192B4}.Publish|Any CPU.ActiveCfg = Publish|Any CPU
		{CCC286F1-6A5B-4946-A382-8A48797192B4}.Publish|Any CPU.Build.0 = Publish|Any CPU
		{CCC286F1-6A5B-4946-A382-8A48797192B4}.Publish|ARM.ActiveCfg = Publish|ARM
		{CCC286F1-6A5B-4946-A382-8A48797192B4}.Publish|ARM.Build.0 = Publish|ARM
		{CCC286F1-6A5B-4946-A382-8A48797192B4}.Publish|x64.ActiveCfg = Publish|Any CPU
		{CCC286F1-6A5B-4946-A382-8A48797192B4}.Publish|x64.Build.0 = Publish|Any CPU
		{CCC286F1-6A5B-4946-A382-8A48797192B4}.Publish|x86.ActiveCfg = Publish|Any CPU
		{CCC286F1-6A5B-4946-A382-8A48797192B4}.Publish|x86.Build.0 = Publish|Any CPU
		{CCC286F1-6A5B-4946-A382-8A48797192B4}.RaspberryPi|Any CPU.ActiveCfg = Release|Any CPU
		{CCC286F1-6A5B-4946-A382-8A48797192B4}.RaspberryPi|Any CPU.Build.0 = Release|Any CPU
		{CCC286F1-6A5B-4946-A382-8A48797192B4}.RaspberryPi|ARM.ActiveCfg = Release|ARM
		{CCC286F1-6A5B-4946-A382-8A48797192B4}.RaspberryPi|ARM.Build.0 = Release|ARM
		{CCC286F1-6A5B-4946-A382-8A48797192B4}.RaspberryPi|x64.ActiveCfg = Release|Any CPU
		{CCC286F1-6A5B-4946-A382-8A48797192B4}.RaspberryPi|x64.Build.0 = Release|Any CPU
		{CCC286F1-6A5B-4946-A382-8A48797192B4}.RaspberryPi|x86.ActiveCfg = Release|Any CPU
		{CCC286F1-6A5B-4946-A382-8A48797192B4}.RaspberryPi|x86.Build.0 = Release|Any CPU
		{CCC286F1-6A5B-4946-A382-8A48797192B4}.Release|Any CPU.ActiveCfg = Release|Any CPU
		{CCC286F1-6A5B-4946-A382-8A48797192B4}.Release|Any CPU.Build.0 = Release|Any CPU
		{CCC286F1-6A5B-4946-A382-8A48797192B4}.Release|ARM.ActiveCfg = Release|ARM
		{CCC286F1-6A5B-4946-A382-8A48797192B4}.Release|ARM.Build.0 = Release|ARM
		{CCC286F1-6A5B-4946-A382-8A48797192B4}.Release|x64.ActiveCfg = Release|Any CPU
		{CCC286F1-6A5B-4946-A382-8A48797192B4}.Release|x64.Build.0 = Release|Any CPU
		{CCC286F1-6A5B-4946-A382-8A48797192B4}.Release|x86.ActiveCfg = Release|Any CPU
		{CCC286F1-6A5B-4946-A382-8A48797192B4}.Release|x86.Build.0 = Release|Any CPU
		{E891BC7F-D7BD-4931-931B-42C83CCA68E2}.Debug|Any CPU.ActiveCfg = Debug|Any CPU
		{E891BC7F-D7BD-4931-931B-42C83CCA68E2}.Debug|Any CPU.Build.0 = Debug|Any CPU
		{E891BC7F-D7BD-4931-931B-42C83CCA68E2}.Debug|ARM.ActiveCfg = Debug|ARM
		{E891BC7F-D7BD-4931-931B-42C83CCA68E2}.Debug|ARM.Build.0 = Debug|ARM
		{E891BC7F-D7BD-4931-931B-42C83CCA68E2}.Debug|x64.ActiveCfg = Debug|Any CPU
		{E891BC7F-D7BD-4931-931B-42C83CCA68E2}.Debug|x64.Build.0 = Debug|Any CPU
		{E891BC7F-D7BD-4931-931B-42C83CCA68E2}.Debug|x86.ActiveCfg = Debug|Any CPU
		{E891BC7F-D7BD-4931-931B-42C83CCA68E2}.Debug|x86.Build.0 = Debug|Any CPU
		{E891BC7F-D7BD-4931-931B-42C83CCA68E2}.Publish|Any CPU.ActiveCfg = Publish|Any CPU
		{E891BC7F-D7BD-4931-931B-42C83CCA68E2}.Publish|Any CPU.Build.0 = Publish|Any CPU
		{E891BC7F-D7BD-4931-931B-42C83CCA68E2}.Publish|ARM.ActiveCfg = Publish|ARM
		{E891BC7F-D7BD-4931-931B-42C83CCA68E2}.Publish|ARM.Build.0 = Publish|ARM
		{E891BC7F-D7BD-4931-931B-42C83CCA68E2}.Publish|x64.ActiveCfg = Publish|Any CPU
		{E891BC7F-D7BD-4931-931B-42C83CCA68E2}.Publish|x64.Build.0 = Publish|Any CPU
		{E891BC7F-D7BD-4931-931B-42C83CCA68E2}.Publish|x86.ActiveCfg = Publish|Any CPU
		{E891BC7F-D7BD-4931-931B-42C83CCA68E2}.Publish|x86.Build.0 = Publish|Any CPU
		{E891BC7F-D7BD-4931-931B-42C83CCA68E2}.RaspberryPi|Any CPU.ActiveCfg = Release|Any CPU
		{E891BC7F-D7BD-4931-931B-42C83CCA68E2}.RaspberryPi|Any CPU.Build.0 = Release|Any CPU
		{E891BC7F-D7BD-4931-931B-42C83CCA68E2}.RaspberryPi|ARM.ActiveCfg = Release|ARM
		{E891BC7F-D7BD-4931-931B-42C83CCA68E2}.RaspberryPi|ARM.Build.0 = Release|ARM
		{E891BC7F-D7BD-4931-931B-42C83CCA68E2}.RaspberryPi|x64.ActiveCfg = Release|Any CPU
		{E891BC7F-D7BD-4931-931B-42C83CCA68E2}.RaspberryPi|x64.Build.0 = Release|Any CPU
		{E891BC7F-D7BD-4931-931B-42C83CCA68E2}.RaspberryPi|x86.ActiveCfg = Release|Any CPU
		{E891BC7F-D7BD-4931-931B-42C83CCA68E2}.RaspberryPi|x86.Build.0 = Release|Any CPU
		{E891BC7F-D7BD-4931-931B-42C83CCA68E2}.Release|Any CPU.ActiveCfg = Release|Any CPU
		{E891BC7F-D7BD-4931-931B-42C83CCA68E2}.Release|Any CPU.Build.0 = Release|Any CPU
		{E891BC7F-D7BD-4931-931B-42C83CCA68E2}.Release|ARM.ActiveCfg = Release|ARM
		{E891BC7F-D7BD-4931-931B-42C83CCA68E2}.Release|ARM.Build.0 = Release|ARM
		{E891BC7F-D7BD-4931-931B-42C83CCA68E2}.Release|x64.ActiveCfg = Release|Any CPU
		{E891BC7F-D7BD-4931-931B-42C83CCA68E2}.Release|x64.Build.0 = Release|Any CPU
		{E891BC7F-D7BD-4931-931B-42C83CCA68E2}.Release|x86.ActiveCfg = Release|Any CPU
		{E891BC7F-D7BD-4931-931B-42C83CCA68E2}.Release|x86.Build.0 = Release|Any CPU
		{44E8B35D-0394-4F37-B52C-246F8610F031}.Debug|Any CPU.ActiveCfg = Debug|Any CPU
		{44E8B35D-0394-4F37-B52C-246F8610F031}.Debug|Any CPU.Build.0 = Debug|Any CPU
		{44E8B35D-0394-4F37-B52C-246F8610F031}.Debug|ARM.ActiveCfg = Debug|ARM
		{44E8B35D-0394-4F37-B52C-246F8610F031}.Debug|ARM.Build.0 = Debug|ARM
		{44E8B35D-0394-4F37-B52C-246F8610F031}.Debug|x64.ActiveCfg = Debug|Any CPU
		{44E8B35D-0394-4F37-B52C-246F8610F031}.Debug|x64.Build.0 = Debug|Any CPU
		{44E8B35D-0394-4F37-B52C-246F8610F031}.Debug|x86.ActiveCfg = Debug|Any CPU
		{44E8B35D-0394-4F37-B52C-246F8610F031}.Debug|x86.Build.0 = Debug|Any CPU
		{44E8B35D-0394-4F37-B52C-246F8610F031}.Publish|Any CPU.ActiveCfg = Publish|Any CPU
		{44E8B35D-0394-4F37-B52C-246F8610F031}.Publish|Any CPU.Build.0 = Publish|Any CPU
		{44E8B35D-0394-4F37-B52C-246F8610F031}.Publish|ARM.ActiveCfg = Publish|ARM
		{44E8B35D-0394-4F37-B52C-246F8610F031}.Publish|ARM.Build.0 = Publish|ARM
		{44E8B35D-0394-4F37-B52C-246F8610F031}.Publish|x64.ActiveCfg = Publish|Any CPU
		{44E8B35D-0394-4F37-B52C-246F8610F031}.Publish|x64.Build.0 = Publish|Any CPU
		{44E8B35D-0394-4F37-B52C-246F8610F031}.Publish|x86.ActiveCfg = Publish|Any CPU
		{44E8B35D-0394-4F37-B52C-246F8610F031}.Publish|x86.Build.0 = Publish|Any CPU
		{44E8B35D-0394-4F37-B52C-246F8610F031}.RaspberryPi|Any CPU.ActiveCfg = Release|Any CPU
		{44E8B35D-0394-4F37-B52C-246F8610F031}.RaspberryPi|Any CPU.Build.0 = Release|Any CPU
		{44E8B35D-0394-4F37-B52C-246F8610F031}.RaspberryPi|ARM.ActiveCfg = Release|ARM
		{44E8B35D-0394-4F37-B52C-246F8610F031}.RaspberryPi|ARM.Build.0 = Release|ARM
		{44E8B35D-0394-4F37-B52C-246F8610F031}.RaspberryPi|x64.ActiveCfg = Release|Any CPU
		{44E8B35D-0394-4F37-B52C-246F8610F031}.RaspberryPi|x64.Build.0 = Release|Any CPU
		{44E8B35D-0394-4F37-B52C-246F8610F031}.RaspberryPi|x86.ActiveCfg = Release|Any CPU
		{44E8B35D-0394-4F37-B52C-246F8610F031}.RaspberryPi|x86.Build.0 = Release|Any CPU
		{44E8B35D-0394-4F37-B52C-246F8610F031}.Release|Any CPU.ActiveCfg = Release|Any CPU
		{44E8B35D-0394-4F37-B52C-246F8610F031}.Release|Any CPU.Build.0 = Release|Any CPU
		{44E8B35D-0394-4F37-B52C-246F8610F031}.Release|ARM.ActiveCfg = Release|ARM
		{44E8B35D-0394-4F37-B52C-246F8610F031}.Release|ARM.Build.0 = Release|ARM
		{44E8B35D-0394-4F37-B52C-246F8610F031}.Release|x64.ActiveCfg = Release|Any CPU
		{44E8B35D-0394-4F37-B52C-246F8610F031}.Release|x64.Build.0 = Release|Any CPU
		{44E8B35D-0394-4F37-B52C-246F8610F031}.Release|x86.ActiveCfg = Release|Any CPU
		{44E8B35D-0394-4F37-B52C-246F8610F031}.Release|x86.Build.0 = Release|Any CPU
		{02D75812-6892-45F7-8497-82266B6F0328}.Debug|Any CPU.ActiveCfg = Debug|Any CPU
		{02D75812-6892-45F7-8497-82266B6F0328}.Debug|Any CPU.Build.0 = Debug|Any CPU
		{02D75812-6892-45F7-8497-82266B6F0328}.Debug|ARM.ActiveCfg = Debug|ARM
		{02D75812-6892-45F7-8497-82266B6F0328}.Debug|ARM.Build.0 = Debug|ARM
		{02D75812-6892-45F7-8497-82266B6F0328}.Debug|x64.ActiveCfg = Debug|Any CPU
		{02D75812-6892-45F7-8497-82266B6F0328}.Debug|x64.Build.0 = Debug|Any CPU
		{02D75812-6892-45F7-8497-82266B6F0328}.Debug|x86.ActiveCfg = Debug|Any CPU
		{02D75812-6892-45F7-8497-82266B6F0328}.Debug|x86.Build.0 = Debug|Any CPU
		{02D75812-6892-45F7-8497-82266B6F0328}.Publish|Any CPU.ActiveCfg = Publish|Any CPU
		{02D75812-6892-45F7-8497-82266B6F0328}.Publish|Any CPU.Build.0 = Publish|Any CPU
		{02D75812-6892-45F7-8497-82266B6F0328}.Publish|ARM.ActiveCfg = Publish|ARM
		{02D75812-6892-45F7-8497-82266B6F0328}.Publish|ARM.Build.0 = Publish|ARM
		{02D75812-6892-45F7-8497-82266B6F0328}.Publish|x64.ActiveCfg = Publish|Any CPU
		{02D75812-6892-45F7-8497-82266B6F0328}.Publish|x64.Build.0 = Publish|Any CPU
		{02D75812-6892-45F7-8497-82266B6F0328}.Publish|x86.ActiveCfg = Publish|Any CPU
		{02D75812-6892-45F7-8497-82266B6F0328}.Publish|x86.Build.0 = Publish|Any CPU
		{02D75812-6892-45F7-8497-82266B6F0328}.RaspberryPi|Any CPU.ActiveCfg = Release|Any CPU
		{02D75812-6892-45F7-8497-82266B6F0328}.RaspberryPi|Any CPU.Build.0 = Release|Any CPU
		{02D75812-6892-45F7-8497-82266B6F0328}.RaspberryPi|ARM.ActiveCfg = Release|ARM
		{02D75812-6892-45F7-8497-82266B6F0328}.RaspberryPi|ARM.Build.0 = Release|ARM
		{02D75812-6892-45F7-8497-82266B6F0328}.RaspberryPi|x64.ActiveCfg = Release|Any CPU
		{02D75812-6892-45F7-8497-82266B6F0328}.RaspberryPi|x64.Build.0 = Release|Any CPU
		{02D75812-6892-45F7-8497-82266B6F0328}.RaspberryPi|x86.ActiveCfg = Release|Any CPU
		{02D75812-6892-45F7-8497-82266B6F0328}.RaspberryPi|x86.Build.0 = Release|Any CPU
		{02D75812-6892-45F7-8497-82266B6F0328}.Release|Any CPU.ActiveCfg = Release|Any CPU
		{02D75812-6892-45F7-8497-82266B6F0328}.Release|Any CPU.Build.0 = Release|Any CPU
		{02D75812-6892-45F7-8497-82266B6F0328}.Release|ARM.ActiveCfg = Release|ARM
		{02D75812-6892-45F7-8497-82266B6F0328}.Release|ARM.Build.0 = Release|ARM
		{02D75812-6892-45F7-8497-82266B6F0328}.Release|x64.ActiveCfg = Release|Any CPU
		{02D75812-6892-45F7-8497-82266B6F0328}.Release|x64.Build.0 = Release|Any CPU
		{02D75812-6892-45F7-8497-82266B6F0328}.Release|x86.ActiveCfg = Release|Any CPU
		{02D75812-6892-45F7-8497-82266B6F0328}.Release|x86.Build.0 = Release|Any CPU
		{EBDA947E-D7A9-4A93-AEF1-AEA9D56B9225}.Debug|Any CPU.ActiveCfg = Debug|Any CPU
		{EBDA947E-D7A9-4A93-AEF1-AEA9D56B9225}.Debug|Any CPU.Build.0 = Debug|Any CPU
		{EBDA947E-D7A9-4A93-AEF1-AEA9D56B9225}.Debug|ARM.ActiveCfg = Debug|Any CPU
		{EBDA947E-D7A9-4A93-AEF1-AEA9D56B9225}.Debug|ARM.Build.0 = Debug|Any CPU
		{EBDA947E-D7A9-4A93-AEF1-AEA9D56B9225}.Debug|x64.ActiveCfg = Debug|Any CPU
		{EBDA947E-D7A9-4A93-AEF1-AEA9D56B9225}.Debug|x64.Build.0 = Debug|Any CPU
		{EBDA947E-D7A9-4A93-AEF1-AEA9D56B9225}.Debug|x86.ActiveCfg = Debug|Any CPU
		{EBDA947E-D7A9-4A93-AEF1-AEA9D56B9225}.Debug|x86.Build.0 = Debug|Any CPU
		{EBDA947E-D7A9-4A93-AEF1-AEA9D56B9225}.Publish|Any CPU.ActiveCfg = Publish|Any CPU
		{EBDA947E-D7A9-4A93-AEF1-AEA9D56B9225}.Publish|Any CPU.Build.0 = Publish|Any CPU
		{EBDA947E-D7A9-4A93-AEF1-AEA9D56B9225}.Publish|ARM.ActiveCfg = Publish|Any CPU
		{EBDA947E-D7A9-4A93-AEF1-AEA9D56B9225}.Publish|ARM.Build.0 = Publish|Any CPU
		{EBDA947E-D7A9-4A93-AEF1-AEA9D56B9225}.Publish|x64.ActiveCfg = Publish|Any CPU
		{EBDA947E-D7A9-4A93-AEF1-AEA9D56B9225}.Publish|x64.Build.0 = Publish|Any CPU
		{EBDA947E-D7A9-4A93-AEF1-AEA9D56B9225}.Publish|x86.ActiveCfg = Publish|Any CPU
		{EBDA947E-D7A9-4A93-AEF1-AEA9D56B9225}.Publish|x86.Build.0 = Publish|Any CPU
		{EBDA947E-D7A9-4A93-AEF1-AEA9D56B9225}.RaspberryPi|Any CPU.ActiveCfg = Release|Any CPU
		{EBDA947E-D7A9-4A93-AEF1-AEA9D56B9225}.RaspberryPi|Any CPU.Build.0 = Release|Any CPU
		{EBDA947E-D7A9-4A93-AEF1-AEA9D56B9225}.RaspberryPi|ARM.ActiveCfg = Release|Any CPU
		{EBDA947E-D7A9-4A93-AEF1-AEA9D56B9225}.RaspberryPi|ARM.Build.0 = Release|Any CPU
		{EBDA947E-D7A9-4A93-AEF1-AEA9D56B9225}.RaspberryPi|x64.ActiveCfg = Release|Any CPU
		{EBDA947E-D7A9-4A93-AEF1-AEA9D56B9225}.RaspberryPi|x64.Build.0 = Release|Any CPU
		{EBDA947E-D7A9-4A93-AEF1-AEA9D56B9225}.RaspberryPi|x86.ActiveCfg = Release|Any CPU
		{EBDA947E-D7A9-4A93-AEF1-AEA9D56B9225}.RaspberryPi|x86.Build.0 = Release|Any CPU
		{EBDA947E-D7A9-4A93-AEF1-AEA9D56B9225}.Release|Any CPU.ActiveCfg = Release|Any CPU
		{EBDA947E-D7A9-4A93-AEF1-AEA9D56B9225}.Release|Any CPU.Build.0 = Release|Any CPU
		{EBDA947E-D7A9-4A93-AEF1-AEA9D56B9225}.Release|ARM.ActiveCfg = Release|Any CPU
		{EBDA947E-D7A9-4A93-AEF1-AEA9D56B9225}.Release|ARM.Build.0 = Release|Any CPU
		{EBDA947E-D7A9-4A93-AEF1-AEA9D56B9225}.Release|x64.ActiveCfg = Release|Any CPU
		{EBDA947E-D7A9-4A93-AEF1-AEA9D56B9225}.Release|x64.Build.0 = Release|Any CPU
		{EBDA947E-D7A9-4A93-AEF1-AEA9D56B9225}.Release|x86.ActiveCfg = Release|Any CPU
		{EBDA947E-D7A9-4A93-AEF1-AEA9D56B9225}.Release|x86.Build.0 = Release|Any CPU
		{0F477772-43D9-4E3A-9F6A-C14E76F58ACF}.Debug|Any CPU.ActiveCfg = Debug|Any CPU
		{0F477772-43D9-4E3A-9F6A-C14E76F58ACF}.Debug|Any CPU.Build.0 = Debug|Any CPU
		{0F477772-43D9-4E3A-9F6A-C14E76F58ACF}.Debug|ARM.ActiveCfg = Debug|Any CPU
		{0F477772-43D9-4E3A-9F6A-C14E76F58ACF}.Debug|ARM.Build.0 = Debug|Any CPU
		{0F477772-43D9-4E3A-9F6A-C14E76F58ACF}.Debug|x64.ActiveCfg = Debug|Any CPU
		{0F477772-43D9-4E3A-9F6A-C14E76F58ACF}.Debug|x64.Build.0 = Debug|Any CPU
		{0F477772-43D9-4E3A-9F6A-C14E76F58ACF}.Debug|x86.ActiveCfg = Debug|Any CPU
		{0F477772-43D9-4E3A-9F6A-C14E76F58ACF}.Debug|x86.Build.0 = Debug|Any CPU
		{0F477772-43D9-4E3A-9F6A-C14E76F58ACF}.Publish|Any CPU.ActiveCfg = Publish|Any CPU
		{0F477772-43D9-4E3A-9F6A-C14E76F58ACF}.Publish|ARM.ActiveCfg = Publish|Any CPU
		{0F477772-43D9-4E3A-9F6A-C14E76F58ACF}.Publish|ARM.Build.0 = Publish|Any CPU
		{0F477772-43D9-4E3A-9F6A-C14E76F58ACF}.Publish|x64.ActiveCfg = Publish|Any CPU
		{0F477772-43D9-4E3A-9F6A-C14E76F58ACF}.Publish|x64.Build.0 = Publish|Any CPU
		{0F477772-43D9-4E3A-9F6A-C14E76F58ACF}.Publish|x86.ActiveCfg = Publish|Any CPU
		{0F477772-43D9-4E3A-9F6A-C14E76F58ACF}.Publish|x86.Build.0 = Publish|Any CPU
		{0F477772-43D9-4E3A-9F6A-C14E76F58ACF}.RaspberryPi|Any CPU.ActiveCfg = Release|Any CPU
		{0F477772-43D9-4E3A-9F6A-C14E76F58ACF}.RaspberryPi|Any CPU.Build.0 = Release|Any CPU
		{0F477772-43D9-4E3A-9F6A-C14E76F58ACF}.RaspberryPi|ARM.ActiveCfg = Release|Any CPU
		{0F477772-43D9-4E3A-9F6A-C14E76F58ACF}.RaspberryPi|ARM.Build.0 = Release|Any CPU
		{0F477772-43D9-4E3A-9F6A-C14E76F58ACF}.RaspberryPi|x64.ActiveCfg = Release|Any CPU
		{0F477772-43D9-4E3A-9F6A-C14E76F58ACF}.RaspberryPi|x64.Build.0 = Release|Any CPU
		{0F477772-43D9-4E3A-9F6A-C14E76F58ACF}.RaspberryPi|x86.ActiveCfg = Release|Any CPU
		{0F477772-43D9-4E3A-9F6A-C14E76F58ACF}.RaspberryPi|x86.Build.0 = Release|Any CPU
		{0F477772-43D9-4E3A-9F6A-C14E76F58ACF}.Release|Any CPU.ActiveCfg = Release|Any CPU
		{0F477772-43D9-4E3A-9F6A-C14E76F58ACF}.Release|Any CPU.Build.0 = Release|Any CPU
		{0F477772-43D9-4E3A-9F6A-C14E76F58ACF}.Release|ARM.ActiveCfg = Release|Any CPU
		{0F477772-43D9-4E3A-9F6A-C14E76F58ACF}.Release|ARM.Build.0 = Release|Any CPU
		{0F477772-43D9-4E3A-9F6A-C14E76F58ACF}.Release|x64.ActiveCfg = Release|Any CPU
		{0F477772-43D9-4E3A-9F6A-C14E76F58ACF}.Release|x64.Build.0 = Release|Any CPU
		{0F477772-43D9-4E3A-9F6A-C14E76F58ACF}.Release|x86.ActiveCfg = Release|Any CPU
		{0F477772-43D9-4E3A-9F6A-C14E76F58ACF}.Release|x86.Build.0 = Release|Any CPU
		{168A9984-6DBC-4683-9E43-C3E077066933}.Debug|Any CPU.ActiveCfg = Debug|Any CPU
		{168A9984-6DBC-4683-9E43-C3E077066933}.Debug|Any CPU.Build.0 = Debug|Any CPU
		{168A9984-6DBC-4683-9E43-C3E077066933}.Debug|ARM.ActiveCfg = Debug|Any CPU
		{168A9984-6DBC-4683-9E43-C3E077066933}.Debug|ARM.Build.0 = Debug|Any CPU
		{168A9984-6DBC-4683-9E43-C3E077066933}.Debug|x64.ActiveCfg = Debug|Any CPU
		{168A9984-6DBC-4683-9E43-C3E077066933}.Debug|x64.Build.0 = Debug|Any CPU
		{168A9984-6DBC-4683-9E43-C3E077066933}.Debug|x86.ActiveCfg = Debug|Any CPU
		{168A9984-6DBC-4683-9E43-C3E077066933}.Debug|x86.Build.0 = Debug|Any CPU
		{168A9984-6DBC-4683-9E43-C3E077066933}.Publish|Any CPU.ActiveCfg = Publish|Any CPU
		{168A9984-6DBC-4683-9E43-C3E077066933}.Publish|Any CPU.Build.0 = Publish|Any CPU
		{168A9984-6DBC-4683-9E43-C3E077066933}.Publish|ARM.ActiveCfg = Publish|Any CPU
		{168A9984-6DBC-4683-9E43-C3E077066933}.Publish|ARM.Build.0 = Publish|Any CPU
		{168A9984-6DBC-4683-9E43-C3E077066933}.Publish|x64.ActiveCfg = Publish|Any CPU
		{168A9984-6DBC-4683-9E43-C3E077066933}.Publish|x64.Build.0 = Publish|Any CPU
		{168A9984-6DBC-4683-9E43-C3E077066933}.Publish|x86.ActiveCfg = Publish|Any CPU
		{168A9984-6DBC-4683-9E43-C3E077066933}.Publish|x86.Build.0 = Publish|Any CPU
		{168A9984-6DBC-4683-9E43-C3E077066933}.RaspberryPi|Any CPU.ActiveCfg = Release|Any CPU
		{168A9984-6DBC-4683-9E43-C3E077066933}.RaspberryPi|Any CPU.Build.0 = Release|Any CPU
		{168A9984-6DBC-4683-9E43-C3E077066933}.RaspberryPi|ARM.ActiveCfg = Release|Any CPU
		{168A9984-6DBC-4683-9E43-C3E077066933}.RaspberryPi|ARM.Build.0 = Release|Any CPU
		{168A9984-6DBC-4683-9E43-C3E077066933}.RaspberryPi|x64.ActiveCfg = Release|Any CPU
		{168A9984-6DBC-4683-9E43-C3E077066933}.RaspberryPi|x64.Build.0 = Release|Any CPU
		{168A9984-6DBC-4683-9E43-C3E077066933}.RaspberryPi|x86.ActiveCfg = Release|Any CPU
		{168A9984-6DBC-4683-9E43-C3E077066933}.RaspberryPi|x86.Build.0 = Release|Any CPU
		{168A9984-6DBC-4683-9E43-C3E077066933}.Release|Any CPU.ActiveCfg = Release|Any CPU
		{168A9984-6DBC-4683-9E43-C3E077066933}.Release|Any CPU.Build.0 = Release|Any CPU
		{168A9984-6DBC-4683-9E43-C3E077066933}.Release|ARM.ActiveCfg = Release|Any CPU
		{168A9984-6DBC-4683-9E43-C3E077066933}.Release|ARM.Build.0 = Release|Any CPU
		{168A9984-6DBC-4683-9E43-C3E077066933}.Release|x64.ActiveCfg = Release|Any CPU
		{168A9984-6DBC-4683-9E43-C3E077066933}.Release|x64.Build.0 = Release|Any CPU
		{168A9984-6DBC-4683-9E43-C3E077066933}.Release|x86.ActiveCfg = Release|Any CPU
		{168A9984-6DBC-4683-9E43-C3E077066933}.Release|x86.Build.0 = Release|Any CPU
		{BD2729CA-402F-4E52-9682-3FC6BB8E9C49}.Debug|Any CPU.ActiveCfg = Debug|Any CPU
		{BD2729CA-402F-4E52-9682-3FC6BB8E9C49}.Debug|Any CPU.Build.0 = Debug|Any CPU
		{BD2729CA-402F-4E52-9682-3FC6BB8E9C49}.Debug|ARM.ActiveCfg = Debug|Any CPU
		{BD2729CA-402F-4E52-9682-3FC6BB8E9C49}.Debug|ARM.Build.0 = Debug|Any CPU
		{BD2729CA-402F-4E52-9682-3FC6BB8E9C49}.Debug|x64.ActiveCfg = Debug|Any CPU
		{BD2729CA-402F-4E52-9682-3FC6BB8E9C49}.Debug|x64.Build.0 = Debug|Any CPU
		{BD2729CA-402F-4E52-9682-3FC6BB8E9C49}.Debug|x86.ActiveCfg = Debug|Any CPU
		{BD2729CA-402F-4E52-9682-3FC6BB8E9C49}.Debug|x86.Build.0 = Debug|Any CPU
		{BD2729CA-402F-4E52-9682-3FC6BB8E9C49}.Publish|Any CPU.ActiveCfg = Publish|Any CPU
		{BD2729CA-402F-4E52-9682-3FC6BB8E9C49}.Publish|Any CPU.Build.0 = Publish|Any CPU
		{BD2729CA-402F-4E52-9682-3FC6BB8E9C49}.Publish|ARM.ActiveCfg = Publish|Any CPU
		{BD2729CA-402F-4E52-9682-3FC6BB8E9C49}.Publish|ARM.Build.0 = Publish|Any CPU
		{BD2729CA-402F-4E52-9682-3FC6BB8E9C49}.Publish|x64.ActiveCfg = Publish|Any CPU
		{BD2729CA-402F-4E52-9682-3FC6BB8E9C49}.Publish|x64.Build.0 = Publish|Any CPU
		{BD2729CA-402F-4E52-9682-3FC6BB8E9C49}.Publish|x86.ActiveCfg = Publish|Any CPU
		{BD2729CA-402F-4E52-9682-3FC6BB8E9C49}.Publish|x86.Build.0 = Publish|Any CPU
		{BD2729CA-402F-4E52-9682-3FC6BB8E9C49}.RaspberryPi|Any CPU.ActiveCfg = Release|Any CPU
		{BD2729CA-402F-4E52-9682-3FC6BB8E9C49}.RaspberryPi|Any CPU.Build.0 = Release|Any CPU
		{BD2729CA-402F-4E52-9682-3FC6BB8E9C49}.RaspberryPi|ARM.ActiveCfg = Release|Any CPU
		{BD2729CA-402F-4E52-9682-3FC6BB8E9C49}.RaspberryPi|ARM.Build.0 = Release|Any CPU
		{BD2729CA-402F-4E52-9682-3FC6BB8E9C49}.RaspberryPi|x64.ActiveCfg = Release|Any CPU
		{BD2729CA-402F-4E52-9682-3FC6BB8E9C49}.RaspberryPi|x64.Build.0 = Release|Any CPU
		{BD2729CA-402F-4E52-9682-3FC6BB8E9C49}.RaspberryPi|x86.ActiveCfg = Release|Any CPU
		{BD2729CA-402F-4E52-9682-3FC6BB8E9C49}.RaspberryPi|x86.Build.0 = Release|Any CPU
		{BD2729CA-402F-4E52-9682-3FC6BB8E9C49}.Release|Any CPU.ActiveCfg = Release|Any CPU
		{BD2729CA-402F-4E52-9682-3FC6BB8E9C49}.Release|Any CPU.Build.0 = Release|Any CPU
		{BD2729CA-402F-4E52-9682-3FC6BB8E9C49}.Release|ARM.ActiveCfg = Release|Any CPU
		{BD2729CA-402F-4E52-9682-3FC6BB8E9C49}.Release|ARM.Build.0 = Release|Any CPU
		{BD2729CA-402F-4E52-9682-3FC6BB8E9C49}.Release|x64.ActiveCfg = Release|Any CPU
		{BD2729CA-402F-4E52-9682-3FC6BB8E9C49}.Release|x64.Build.0 = Release|Any CPU
		{BD2729CA-402F-4E52-9682-3FC6BB8E9C49}.Release|x86.ActiveCfg = Release|Any CPU
		{BD2729CA-402F-4E52-9682-3FC6BB8E9C49}.Release|x86.Build.0 = Release|Any CPU
		{598EF0F1-28C9-435C-B03C-4E2804F0AA44}.Debug|Any CPU.ActiveCfg = Debug|Any CPU
		{598EF0F1-28C9-435C-B03C-4E2804F0AA44}.Debug|Any CPU.Build.0 = Debug|Any CPU
		{598EF0F1-28C9-435C-B03C-4E2804F0AA44}.Debug|ARM.ActiveCfg = Debug|ARM
		{598EF0F1-28C9-435C-B03C-4E2804F0AA44}.Debug|ARM.Build.0 = Debug|ARM
		{598EF0F1-28C9-435C-B03C-4E2804F0AA44}.Debug|x64.ActiveCfg = Debug|x64
		{598EF0F1-28C9-435C-B03C-4E2804F0AA44}.Debug|x64.Build.0 = Debug|x64
		{598EF0F1-28C9-435C-B03C-4E2804F0AA44}.Debug|x86.ActiveCfg = Debug|x86
		{598EF0F1-28C9-435C-B03C-4E2804F0AA44}.Debug|x86.Build.0 = Debug|x86
		{598EF0F1-28C9-435C-B03C-4E2804F0AA44}.Publish|Any CPU.ActiveCfg = Publish|Any CPU
		{598EF0F1-28C9-435C-B03C-4E2804F0AA44}.Publish|Any CPU.Build.0 = Publish|Any CPU
		{598EF0F1-28C9-435C-B03C-4E2804F0AA44}.Publish|ARM.ActiveCfg = Publish|ARM
		{598EF0F1-28C9-435C-B03C-4E2804F0AA44}.Publish|ARM.Build.0 = Publish|ARM
		{598EF0F1-28C9-435C-B03C-4E2804F0AA44}.Publish|x64.ActiveCfg = Publish|x64
		{598EF0F1-28C9-435C-B03C-4E2804F0AA44}.Publish|x64.Build.0 = Publish|x64
		{598EF0F1-28C9-435C-B03C-4E2804F0AA44}.Publish|x86.ActiveCfg = Publish|x86
		{598EF0F1-28C9-435C-B03C-4E2804F0AA44}.Publish|x86.Build.0 = Publish|x86
		{598EF0F1-28C9-435C-B03C-4E2804F0AA44}.RaspberryPi|Any CPU.ActiveCfg = Release|Any CPU
		{598EF0F1-28C9-435C-B03C-4E2804F0AA44}.RaspberryPi|Any CPU.Build.0 = Release|Any CPU
		{598EF0F1-28C9-435C-B03C-4E2804F0AA44}.RaspberryPi|ARM.ActiveCfg = Release|ARM
		{598EF0F1-28C9-435C-B03C-4E2804F0AA44}.RaspberryPi|ARM.Build.0 = Release|ARM
		{598EF0F1-28C9-435C-B03C-4E2804F0AA44}.RaspberryPi|x64.ActiveCfg = Release|x64
		{598EF0F1-28C9-435C-B03C-4E2804F0AA44}.RaspberryPi|x64.Build.0 = Release|x64
		{598EF0F1-28C9-435C-B03C-4E2804F0AA44}.RaspberryPi|x86.ActiveCfg = Release|x86
		{598EF0F1-28C9-435C-B03C-4E2804F0AA44}.RaspberryPi|x86.Build.0 = Release|x86
		{598EF0F1-28C9-435C-B03C-4E2804F0AA44}.Release|Any CPU.ActiveCfg = Release|Any CPU
		{598EF0F1-28C9-435C-B03C-4E2804F0AA44}.Release|Any CPU.Build.0 = Release|Any CPU
		{598EF0F1-28C9-435C-B03C-4E2804F0AA44}.Release|ARM.ActiveCfg = Release|ARM
		{598EF0F1-28C9-435C-B03C-4E2804F0AA44}.Release|ARM.Build.0 = Release|ARM
		{598EF0F1-28C9-435C-B03C-4E2804F0AA44}.Release|x64.ActiveCfg = Release|x64
		{598EF0F1-28C9-435C-B03C-4E2804F0AA44}.Release|x64.Build.0 = Release|x64
		{598EF0F1-28C9-435C-B03C-4E2804F0AA44}.Release|x86.ActiveCfg = Release|x86
		{598EF0F1-28C9-435C-B03C-4E2804F0AA44}.Release|x86.Build.0 = Release|x86
		{C4824513-F416-4EAD-BE82-F2DF23641F6A}.Debug|Any CPU.ActiveCfg = Debug|Any CPU
		{C4824513-F416-4EAD-BE82-F2DF23641F6A}.Debug|Any CPU.Build.0 = Debug|Any CPU
		{C4824513-F416-4EAD-BE82-F2DF23641F6A}.Debug|ARM.ActiveCfg = Debug|Any CPU
		{C4824513-F416-4EAD-BE82-F2DF23641F6A}.Debug|ARM.Build.0 = Debug|Any CPU
		{C4824513-F416-4EAD-BE82-F2DF23641F6A}.Debug|x64.ActiveCfg = Debug|Any CPU
		{C4824513-F416-4EAD-BE82-F2DF23641F6A}.Debug|x64.Build.0 = Debug|Any CPU
		{C4824513-F416-4EAD-BE82-F2DF23641F6A}.Debug|x86.ActiveCfg = Debug|Any CPU
		{C4824513-F416-4EAD-BE82-F2DF23641F6A}.Debug|x86.Build.0 = Debug|Any CPU
		{C4824513-F416-4EAD-BE82-F2DF23641F6A}.Publish|Any CPU.ActiveCfg = Publish|Any CPU
		{C4824513-F416-4EAD-BE82-F2DF23641F6A}.Publish|Any CPU.Build.0 = Publish|Any CPU
		{C4824513-F416-4EAD-BE82-F2DF23641F6A}.Publish|ARM.ActiveCfg = Publish|Any CPU
		{C4824513-F416-4EAD-BE82-F2DF23641F6A}.Publish|ARM.Build.0 = Publish|Any CPU
		{C4824513-F416-4EAD-BE82-F2DF23641F6A}.Publish|x64.ActiveCfg = Publish|Any CPU
		{C4824513-F416-4EAD-BE82-F2DF23641F6A}.Publish|x64.Build.0 = Publish|Any CPU
		{C4824513-F416-4EAD-BE82-F2DF23641F6A}.Publish|x86.ActiveCfg = Publish|Any CPU
		{C4824513-F416-4EAD-BE82-F2DF23641F6A}.Publish|x86.Build.0 = Publish|Any CPU
		{C4824513-F416-4EAD-BE82-F2DF23641F6A}.RaspberryPi|Any CPU.ActiveCfg = Release|Any CPU
		{C4824513-F416-4EAD-BE82-F2DF23641F6A}.RaspberryPi|Any CPU.Build.0 = Release|Any CPU
		{C4824513-F416-4EAD-BE82-F2DF23641F6A}.RaspberryPi|ARM.ActiveCfg = Release|Any CPU
		{C4824513-F416-4EAD-BE82-F2DF23641F6A}.RaspberryPi|ARM.Build.0 = Release|Any CPU
		{C4824513-F416-4EAD-BE82-F2DF23641F6A}.RaspberryPi|x64.ActiveCfg = Release|Any CPU
		{C4824513-F416-4EAD-BE82-F2DF23641F6A}.RaspberryPi|x64.Build.0 = Release|Any CPU
		{C4824513-F416-4EAD-BE82-F2DF23641F6A}.RaspberryPi|x86.ActiveCfg = Release|Any CPU
		{C4824513-F416-4EAD-BE82-F2DF23641F6A}.RaspberryPi|x86.Build.0 = Release|Any CPU
		{C4824513-F416-4EAD-BE82-F2DF23641F6A}.Release|Any CPU.ActiveCfg = Release|Any CPU
		{C4824513-F416-4EAD-BE82-F2DF23641F6A}.Release|Any CPU.Build.0 = Release|Any CPU
		{C4824513-F416-4EAD-BE82-F2DF23641F6A}.Release|ARM.ActiveCfg = Release|Any CPU
		{C4824513-F416-4EAD-BE82-F2DF23641F6A}.Release|ARM.Build.0 = Release|Any CPU
		{C4824513-F416-4EAD-BE82-F2DF23641F6A}.Release|x64.ActiveCfg = Release|Any CPU
		{C4824513-F416-4EAD-BE82-F2DF23641F6A}.Release|x64.Build.0 = Release|Any CPU
		{C4824513-F416-4EAD-BE82-F2DF23641F6A}.Release|x86.ActiveCfg = Release|Any CPU
		{C4824513-F416-4EAD-BE82-F2DF23641F6A}.Release|x86.Build.0 = Release|Any CPU
		{0586B4C1-814C-4D98-B6F1-180CD4E2FAAB}.Debug|Any CPU.ActiveCfg = Debug|Any CPU
		{0586B4C1-814C-4D98-B6F1-180CD4E2FAAB}.Debug|Any CPU.Build.0 = Debug|Any CPU
		{0586B4C1-814C-4D98-B6F1-180CD4E2FAAB}.Debug|ARM.ActiveCfg = Debug|Any CPU
		{0586B4C1-814C-4D98-B6F1-180CD4E2FAAB}.Debug|ARM.Build.0 = Debug|Any CPU
		{0586B4C1-814C-4D98-B6F1-180CD4E2FAAB}.Debug|x64.ActiveCfg = Debug|Any CPU
		{0586B4C1-814C-4D98-B6F1-180CD4E2FAAB}.Debug|x64.Build.0 = Debug|Any CPU
		{0586B4C1-814C-4D98-B6F1-180CD4E2FAAB}.Debug|x86.ActiveCfg = Debug|Any CPU
		{0586B4C1-814C-4D98-B6F1-180CD4E2FAAB}.Debug|x86.Build.0 = Debug|Any CPU
		{0586B4C1-814C-4D98-B6F1-180CD4E2FAAB}.Publish|Any CPU.ActiveCfg = Publish|Any CPU
		{0586B4C1-814C-4D98-B6F1-180CD4E2FAAB}.Publish|Any CPU.Build.0 = Publish|Any CPU
		{0586B4C1-814C-4D98-B6F1-180CD4E2FAAB}.Publish|ARM.ActiveCfg = Publish|Any CPU
		{0586B4C1-814C-4D98-B6F1-180CD4E2FAAB}.Publish|ARM.Build.0 = Publish|Any CPU
		{0586B4C1-814C-4D98-B6F1-180CD4E2FAAB}.Publish|x64.ActiveCfg = Publish|Any CPU
		{0586B4C1-814C-4D98-B6F1-180CD4E2FAAB}.Publish|x64.Build.0 = Publish|Any CPU
		{0586B4C1-814C-4D98-B6F1-180CD4E2FAAB}.Publish|x86.ActiveCfg = Publish|Any CPU
		{0586B4C1-814C-4D98-B6F1-180CD4E2FAAB}.Publish|x86.Build.0 = Publish|Any CPU
		{0586B4C1-814C-4D98-B6F1-180CD4E2FAAB}.RaspberryPi|Any CPU.ActiveCfg = Release|Any CPU
		{0586B4C1-814C-4D98-B6F1-180CD4E2FAAB}.RaspberryPi|Any CPU.Build.0 = Release|Any CPU
		{0586B4C1-814C-4D98-B6F1-180CD4E2FAAB}.RaspberryPi|ARM.ActiveCfg = Release|Any CPU
		{0586B4C1-814C-4D98-B6F1-180CD4E2FAAB}.RaspberryPi|ARM.Build.0 = Release|Any CPU
		{0586B4C1-814C-4D98-B6F1-180CD4E2FAAB}.RaspberryPi|x64.ActiveCfg = Release|Any CPU
		{0586B4C1-814C-4D98-B6F1-180CD4E2FAAB}.RaspberryPi|x64.Build.0 = Release|Any CPU
		{0586B4C1-814C-4D98-B6F1-180CD4E2FAAB}.RaspberryPi|x86.ActiveCfg = Release|Any CPU
		{0586B4C1-814C-4D98-B6F1-180CD4E2FAAB}.RaspberryPi|x86.Build.0 = Release|Any CPU
		{0586B4C1-814C-4D98-B6F1-180CD4E2FAAB}.Release|Any CPU.ActiveCfg = Release|Any CPU
		{0586B4C1-814C-4D98-B6F1-180CD4E2FAAB}.Release|Any CPU.Build.0 = Release|Any CPU
		{0586B4C1-814C-4D98-B6F1-180CD4E2FAAB}.Release|ARM.ActiveCfg = Release|Any CPU
		{0586B4C1-814C-4D98-B6F1-180CD4E2FAAB}.Release|ARM.Build.0 = Release|Any CPU
		{0586B4C1-814C-4D98-B6F1-180CD4E2FAAB}.Release|x64.ActiveCfg = Release|Any CPU
		{0586B4C1-814C-4D98-B6F1-180CD4E2FAAB}.Release|x64.Build.0 = Release|Any CPU
		{0586B4C1-814C-4D98-B6F1-180CD4E2FAAB}.Release|x86.ActiveCfg = Release|Any CPU
		{0586B4C1-814C-4D98-B6F1-180CD4E2FAAB}.Release|x86.Build.0 = Release|Any CPU
		{BC1E98E7-F516-41A3-9653-056E20560A22}.Debug|Any CPU.ActiveCfg = Debug|Any CPU
		{BC1E98E7-F516-41A3-9653-056E20560A22}.Debug|Any CPU.Build.0 = Debug|Any CPU
		{BC1E98E7-F516-41A3-9653-056E20560A22}.Debug|ARM.ActiveCfg = Debug|Any CPU
		{BC1E98E7-F516-41A3-9653-056E20560A22}.Debug|ARM.Build.0 = Debug|Any CPU
		{BC1E98E7-F516-41A3-9653-056E20560A22}.Debug|x64.ActiveCfg = Debug|Any CPU
		{BC1E98E7-F516-41A3-9653-056E20560A22}.Debug|x64.Build.0 = Debug|Any CPU
		{BC1E98E7-F516-41A3-9653-056E20560A22}.Debug|x86.ActiveCfg = Debug|Any CPU
		{BC1E98E7-F516-41A3-9653-056E20560A22}.Debug|x86.Build.0 = Debug|Any CPU
		{BC1E98E7-F516-41A3-9653-056E20560A22}.Publish|Any CPU.ActiveCfg = Publish|Any CPU
		{BC1E98E7-F516-41A3-9653-056E20560A22}.Publish|Any CPU.Build.0 = Publish|Any CPU
		{BC1E98E7-F516-41A3-9653-056E20560A22}.Publish|ARM.ActiveCfg = Publish|Any CPU
		{BC1E98E7-F516-41A3-9653-056E20560A22}.Publish|ARM.Build.0 = Publish|Any CPU
		{BC1E98E7-F516-41A3-9653-056E20560A22}.Publish|x64.ActiveCfg = Publish|Any CPU
		{BC1E98E7-F516-41A3-9653-056E20560A22}.Publish|x64.Build.0 = Publish|Any CPU
		{BC1E98E7-F516-41A3-9653-056E20560A22}.Publish|x86.ActiveCfg = Publish|Any CPU
		{BC1E98E7-F516-41A3-9653-056E20560A22}.Publish|x86.Build.0 = Publish|Any CPU
		{BC1E98E7-F516-41A3-9653-056E20560A22}.RaspberryPi|Any CPU.ActiveCfg = Release|Any CPU
		{BC1E98E7-F516-41A3-9653-056E20560A22}.RaspberryPi|Any CPU.Build.0 = Release|Any CPU
		{BC1E98E7-F516-41A3-9653-056E20560A22}.RaspberryPi|ARM.ActiveCfg = Release|Any CPU
		{BC1E98E7-F516-41A3-9653-056E20560A22}.RaspberryPi|ARM.Build.0 = Release|Any CPU
		{BC1E98E7-F516-41A3-9653-056E20560A22}.RaspberryPi|x64.ActiveCfg = Release|Any CPU
		{BC1E98E7-F516-41A3-9653-056E20560A22}.RaspberryPi|x64.Build.0 = Release|Any CPU
		{BC1E98E7-F516-41A3-9653-056E20560A22}.RaspberryPi|x86.ActiveCfg = Release|Any CPU
		{BC1E98E7-F516-41A3-9653-056E20560A22}.RaspberryPi|x86.Build.0 = Release|Any CPU
		{BC1E98E7-F516-41A3-9653-056E20560A22}.Release|Any CPU.ActiveCfg = Release|Any CPU
		{BC1E98E7-F516-41A3-9653-056E20560A22}.Release|Any CPU.Build.0 = Release|Any CPU
		{BC1E98E7-F516-41A3-9653-056E20560A22}.Release|ARM.ActiveCfg = Release|Any CPU
		{BC1E98E7-F516-41A3-9653-056E20560A22}.Release|ARM.Build.0 = Release|Any CPU
		{BC1E98E7-F516-41A3-9653-056E20560A22}.Release|x64.ActiveCfg = Release|Any CPU
		{BC1E98E7-F516-41A3-9653-056E20560A22}.Release|x64.Build.0 = Release|Any CPU
		{BC1E98E7-F516-41A3-9653-056E20560A22}.Release|x86.ActiveCfg = Release|Any CPU
		{BC1E98E7-F516-41A3-9653-056E20560A22}.Release|x86.Build.0 = Release|Any CPU
		{B12AD19F-0E50-4D1D-99DE-30C63886E718}.Debug|Any CPU.ActiveCfg = Debug|Any CPU
		{B12AD19F-0E50-4D1D-99DE-30C63886E718}.Debug|Any CPU.Build.0 = Debug|Any CPU
		{B12AD19F-0E50-4D1D-99DE-30C63886E718}.Debug|ARM.ActiveCfg = Debug|Any CPU
		{B12AD19F-0E50-4D1D-99DE-30C63886E718}.Debug|ARM.Build.0 = Debug|Any CPU
		{B12AD19F-0E50-4D1D-99DE-30C63886E718}.Debug|x64.ActiveCfg = Debug|Any CPU
		{B12AD19F-0E50-4D1D-99DE-30C63886E718}.Debug|x64.Build.0 = Debug|Any CPU
		{B12AD19F-0E50-4D1D-99DE-30C63886E718}.Debug|x86.ActiveCfg = Debug|Any CPU
		{B12AD19F-0E50-4D1D-99DE-30C63886E718}.Debug|x86.Build.0 = Debug|Any CPU
		{B12AD19F-0E50-4D1D-99DE-30C63886E718}.Publish|Any CPU.ActiveCfg = Publish|Any CPU
		{B12AD19F-0E50-4D1D-99DE-30C63886E718}.Publish|Any CPU.Build.0 = Publish|Any CPU
		{B12AD19F-0E50-4D1D-99DE-30C63886E718}.Publish|ARM.ActiveCfg = Publish|Any CPU
		{B12AD19F-0E50-4D1D-99DE-30C63886E718}.Publish|ARM.Build.0 = Publish|Any CPU
		{B12AD19F-0E50-4D1D-99DE-30C63886E718}.Publish|x64.ActiveCfg = Publish|Any CPU
		{B12AD19F-0E50-4D1D-99DE-30C63886E718}.Publish|x64.Build.0 = Publish|Any CPU
		{B12AD19F-0E50-4D1D-99DE-30C63886E718}.Publish|x86.ActiveCfg = Publish|Any CPU
		{B12AD19F-0E50-4D1D-99DE-30C63886E718}.Publish|x86.Build.0 = Publish|Any CPU
		{B12AD19F-0E50-4D1D-99DE-30C63886E718}.RaspberryPi|Any CPU.ActiveCfg = Release|Any CPU
		{B12AD19F-0E50-4D1D-99DE-30C63886E718}.RaspberryPi|Any CPU.Build.0 = Release|Any CPU
		{B12AD19F-0E50-4D1D-99DE-30C63886E718}.RaspberryPi|ARM.ActiveCfg = Release|Any CPU
		{B12AD19F-0E50-4D1D-99DE-30C63886E718}.RaspberryPi|ARM.Build.0 = Release|Any CPU
		{B12AD19F-0E50-4D1D-99DE-30C63886E718}.RaspberryPi|x64.ActiveCfg = Release|Any CPU
		{B12AD19F-0E50-4D1D-99DE-30C63886E718}.RaspberryPi|x64.Build.0 = Release|Any CPU
		{B12AD19F-0E50-4D1D-99DE-30C63886E718}.RaspberryPi|x86.ActiveCfg = Release|Any CPU
		{B12AD19F-0E50-4D1D-99DE-30C63886E718}.RaspberryPi|x86.Build.0 = Release|Any CPU
		{B12AD19F-0E50-4D1D-99DE-30C63886E718}.Release|Any CPU.ActiveCfg = Release|Any CPU
		{B12AD19F-0E50-4D1D-99DE-30C63886E718}.Release|Any CPU.Build.0 = Release|Any CPU
		{B12AD19F-0E50-4D1D-99DE-30C63886E718}.Release|ARM.ActiveCfg = Release|Any CPU
		{B12AD19F-0E50-4D1D-99DE-30C63886E718}.Release|ARM.Build.0 = Release|Any CPU
		{B12AD19F-0E50-4D1D-99DE-30C63886E718}.Release|x64.ActiveCfg = Release|Any CPU
		{B12AD19F-0E50-4D1D-99DE-30C63886E718}.Release|x64.Build.0 = Release|Any CPU
		{B12AD19F-0E50-4D1D-99DE-30C63886E718}.Release|x86.ActiveCfg = Release|Any CPU
		{B12AD19F-0E50-4D1D-99DE-30C63886E718}.Release|x86.Build.0 = Release|Any CPU
		{73D40F24-A492-4081-B58E-B2AF30762C78}.Debug|Any CPU.ActiveCfg = Debug|Any CPU
		{73D40F24-A492-4081-B58E-B2AF30762C78}.Debug|Any CPU.Build.0 = Debug|Any CPU
		{73D40F24-A492-4081-B58E-B2AF30762C78}.Debug|ARM.ActiveCfg = Debug|Any CPU
		{73D40F24-A492-4081-B58E-B2AF30762C78}.Debug|ARM.Build.0 = Debug|Any CPU
		{73D40F24-A492-4081-B58E-B2AF30762C78}.Debug|x64.ActiveCfg = Debug|Any CPU
		{73D40F24-A492-4081-B58E-B2AF30762C78}.Debug|x64.Build.0 = Debug|Any CPU
		{73D40F24-A492-4081-B58E-B2AF30762C78}.Debug|x86.ActiveCfg = Debug|Any CPU
		{73D40F24-A492-4081-B58E-B2AF30762C78}.Debug|x86.Build.0 = Debug|Any CPU
		{73D40F24-A492-4081-B58E-B2AF30762C78}.Publish|Any CPU.ActiveCfg = Publish|Any CPU
		{73D40F24-A492-4081-B58E-B2AF30762C78}.Publish|Any CPU.Build.0 = Publish|Any CPU
		{73D40F24-A492-4081-B58E-B2AF30762C78}.Publish|ARM.ActiveCfg = Publish|Any CPU
		{73D40F24-A492-4081-B58E-B2AF30762C78}.Publish|ARM.Build.0 = Publish|Any CPU
		{73D40F24-A492-4081-B58E-B2AF30762C78}.Publish|x64.ActiveCfg = Publish|Any CPU
		{73D40F24-A492-4081-B58E-B2AF30762C78}.Publish|x64.Build.0 = Publish|Any CPU
		{73D40F24-A492-4081-B58E-B2AF30762C78}.Publish|x86.ActiveCfg = Publish|Any CPU
		{73D40F24-A492-4081-B58E-B2AF30762C78}.Publish|x86.Build.0 = Publish|Any CPU
		{73D40F24-A492-4081-B58E-B2AF30762C78}.RaspberryPi|Any CPU.ActiveCfg = Release|Any CPU
		{73D40F24-A492-4081-B58E-B2AF30762C78}.RaspberryPi|Any CPU.Build.0 = Release|Any CPU
		{73D40F24-A492-4081-B58E-B2AF30762C78}.RaspberryPi|ARM.ActiveCfg = Release|Any CPU
		{73D40F24-A492-4081-B58E-B2AF30762C78}.RaspberryPi|ARM.Build.0 = Release|Any CPU
		{73D40F24-A492-4081-B58E-B2AF30762C78}.RaspberryPi|x64.ActiveCfg = Release|Any CPU
		{73D40F24-A492-4081-B58E-B2AF30762C78}.RaspberryPi|x64.Build.0 = Release|Any CPU
		{73D40F24-A492-4081-B58E-B2AF30762C78}.RaspberryPi|x86.ActiveCfg = Release|Any CPU
		{73D40F24-A492-4081-B58E-B2AF30762C78}.RaspberryPi|x86.Build.0 = Release|Any CPU
		{73D40F24-A492-4081-B58E-B2AF30762C78}.Release|Any CPU.ActiveCfg = Release|Any CPU
		{73D40F24-A492-4081-B58E-B2AF30762C78}.Release|Any CPU.Build.0 = Release|Any CPU
		{73D40F24-A492-4081-B58E-B2AF30762C78}.Release|ARM.ActiveCfg = Release|Any CPU
		{73D40F24-A492-4081-B58E-B2AF30762C78}.Release|ARM.Build.0 = Release|Any CPU
		{73D40F24-A492-4081-B58E-B2AF30762C78}.Release|x64.ActiveCfg = Release|Any CPU
		{73D40F24-A492-4081-B58E-B2AF30762C78}.Release|x64.Build.0 = Release|Any CPU
		{73D40F24-A492-4081-B58E-B2AF30762C78}.Release|x86.ActiveCfg = Release|Any CPU
		{73D40F24-A492-4081-B58E-B2AF30762C78}.Release|x86.Build.0 = Release|Any CPU
		{A9A97306-A35E-4BC9-91EF-F6880DD7456D}.Debug|Any CPU.ActiveCfg = Debug|Any CPU
		{A9A97306-A35E-4BC9-91EF-F6880DD7456D}.Debug|Any CPU.Build.0 = Debug|Any CPU
		{A9A97306-A35E-4BC9-91EF-F6880DD7456D}.Debug|ARM.ActiveCfg = Debug|Any CPU
		{A9A97306-A35E-4BC9-91EF-F6880DD7456D}.Debug|ARM.Build.0 = Debug|Any CPU
		{A9A97306-A35E-4BC9-91EF-F6880DD7456D}.Debug|x64.ActiveCfg = Debug|Any CPU
		{A9A97306-A35E-4BC9-91EF-F6880DD7456D}.Debug|x64.Build.0 = Debug|Any CPU
		{A9A97306-A35E-4BC9-91EF-F6880DD7456D}.Debug|x86.ActiveCfg = Debug|Any CPU
		{A9A97306-A35E-4BC9-91EF-F6880DD7456D}.Debug|x86.Build.0 = Debug|Any CPU
		{A9A97306-A35E-4BC9-91EF-F6880DD7456D}.Publish|Any CPU.ActiveCfg = Publish|Any CPU
		{A9A97306-A35E-4BC9-91EF-F6880DD7456D}.Publish|Any CPU.Build.0 = Publish|Any CPU
		{A9A97306-A35E-4BC9-91EF-F6880DD7456D}.Publish|ARM.ActiveCfg = Publish|Any CPU
		{A9A97306-A35E-4BC9-91EF-F6880DD7456D}.Publish|ARM.Build.0 = Publish|Any CPU
		{A9A97306-A35E-4BC9-91EF-F6880DD7456D}.Publish|x64.ActiveCfg = Publish|Any CPU
		{A9A97306-A35E-4BC9-91EF-F6880DD7456D}.Publish|x64.Build.0 = Publish|Any CPU
		{A9A97306-A35E-4BC9-91EF-F6880DD7456D}.Publish|x86.ActiveCfg = Publish|Any CPU
		{A9A97306-A35E-4BC9-91EF-F6880DD7456D}.Publish|x86.Build.0 = Publish|Any CPU
		{A9A97306-A35E-4BC9-91EF-F6880DD7456D}.RaspberryPi|Any CPU.ActiveCfg = Release|Any CPU
		{A9A97306-A35E-4BC9-91EF-F6880DD7456D}.RaspberryPi|Any CPU.Build.0 = Release|Any CPU
		{A9A97306-A35E-4BC9-91EF-F6880DD7456D}.RaspberryPi|ARM.ActiveCfg = Release|Any CPU
		{A9A97306-A35E-4BC9-91EF-F6880DD7456D}.RaspberryPi|ARM.Build.0 = Release|Any CPU
		{A9A97306-A35E-4BC9-91EF-F6880DD7456D}.RaspberryPi|x64.ActiveCfg = Release|Any CPU
		{A9A97306-A35E-4BC9-91EF-F6880DD7456D}.RaspberryPi|x64.Build.0 = Release|Any CPU
		{A9A97306-A35E-4BC9-91EF-F6880DD7456D}.RaspberryPi|x86.ActiveCfg = Release|Any CPU
		{A9A97306-A35E-4BC9-91EF-F6880DD7456D}.RaspberryPi|x86.Build.0 = Release|Any CPU
		{A9A97306-A35E-4BC9-91EF-F6880DD7456D}.Release|Any CPU.ActiveCfg = Release|Any CPU
		{A9A97306-A35E-4BC9-91EF-F6880DD7456D}.Release|Any CPU.Build.0 = Release|Any CPU
		{A9A97306-A35E-4BC9-91EF-F6880DD7456D}.Release|ARM.ActiveCfg = Release|Any CPU
		{A9A97306-A35E-4BC9-91EF-F6880DD7456D}.Release|ARM.Build.0 = Release|Any CPU
		{A9A97306-A35E-4BC9-91EF-F6880DD7456D}.Release|x64.ActiveCfg = Release|Any CPU
		{A9A97306-A35E-4BC9-91EF-F6880DD7456D}.Release|x64.Build.0 = Release|Any CPU
		{A9A97306-A35E-4BC9-91EF-F6880DD7456D}.Release|x86.ActiveCfg = Release|Any CPU
		{A9A97306-A35E-4BC9-91EF-F6880DD7456D}.Release|x86.Build.0 = Release|Any CPU
		{FE16891B-E611-4E77-845B-8BA8806C7332}.Debug|Any CPU.ActiveCfg = Debug|Any CPU
		{FE16891B-E611-4E77-845B-8BA8806C7332}.Debug|Any CPU.Build.0 = Debug|Any CPU
		{FE16891B-E611-4E77-845B-8BA8806C7332}.Debug|ARM.ActiveCfg = Debug|Any CPU
		{FE16891B-E611-4E77-845B-8BA8806C7332}.Debug|ARM.Build.0 = Debug|Any CPU
		{FE16891B-E611-4E77-845B-8BA8806C7332}.Debug|x64.ActiveCfg = Debug|Any CPU
		{FE16891B-E611-4E77-845B-8BA8806C7332}.Debug|x64.Build.0 = Debug|Any CPU
		{FE16891B-E611-4E77-845B-8BA8806C7332}.Debug|x86.ActiveCfg = Debug|Any CPU
		{FE16891B-E611-4E77-845B-8BA8806C7332}.Debug|x86.Build.0 = Debug|Any CPU
		{FE16891B-E611-4E77-845B-8BA8806C7332}.Publish|Any CPU.ActiveCfg = Publish|Any CPU
		{FE16891B-E611-4E77-845B-8BA8806C7332}.Publish|Any CPU.Build.0 = Publish|Any CPU
		{FE16891B-E611-4E77-845B-8BA8806C7332}.Publish|ARM.ActiveCfg = Publish|Any CPU
		{FE16891B-E611-4E77-845B-8BA8806C7332}.Publish|ARM.Build.0 = Publish|Any CPU
		{FE16891B-E611-4E77-845B-8BA8806C7332}.Publish|x64.ActiveCfg = Publish|Any CPU
		{FE16891B-E611-4E77-845B-8BA8806C7332}.Publish|x64.Build.0 = Publish|Any CPU
		{FE16891B-E611-4E77-845B-8BA8806C7332}.Publish|x86.ActiveCfg = Publish|Any CPU
		{FE16891B-E611-4E77-845B-8BA8806C7332}.Publish|x86.Build.0 = Publish|Any CPU
		{FE16891B-E611-4E77-845B-8BA8806C7332}.RaspberryPi|Any CPU.ActiveCfg = Release|Any CPU
		{FE16891B-E611-4E77-845B-8BA8806C7332}.RaspberryPi|Any CPU.Build.0 = Release|Any CPU
		{FE16891B-E611-4E77-845B-8BA8806C7332}.RaspberryPi|ARM.ActiveCfg = Release|Any CPU
		{FE16891B-E611-4E77-845B-8BA8806C7332}.RaspberryPi|ARM.Build.0 = Release|Any CPU
		{FE16891B-E611-4E77-845B-8BA8806C7332}.RaspberryPi|x64.ActiveCfg = Release|Any CPU
		{FE16891B-E611-4E77-845B-8BA8806C7332}.RaspberryPi|x64.Build.0 = Release|Any CPU
		{FE16891B-E611-4E77-845B-8BA8806C7332}.RaspberryPi|x86.ActiveCfg = Release|Any CPU
		{FE16891B-E611-4E77-845B-8BA8806C7332}.RaspberryPi|x86.Build.0 = Release|Any CPU
		{FE16891B-E611-4E77-845B-8BA8806C7332}.Release|Any CPU.ActiveCfg = Release|Any CPU
		{FE16891B-E611-4E77-845B-8BA8806C7332}.Release|Any CPU.Build.0 = Release|Any CPU
		{FE16891B-E611-4E77-845B-8BA8806C7332}.Release|ARM.ActiveCfg = Release|Any CPU
		{FE16891B-E611-4E77-845B-8BA8806C7332}.Release|ARM.Build.0 = Release|Any CPU
		{FE16891B-E611-4E77-845B-8BA8806C7332}.Release|x64.ActiveCfg = Release|Any CPU
		{FE16891B-E611-4E77-845B-8BA8806C7332}.Release|x64.Build.0 = Release|Any CPU
		{FE16891B-E611-4E77-845B-8BA8806C7332}.Release|x86.ActiveCfg = Release|Any CPU
		{FE16891B-E611-4E77-845B-8BA8806C7332}.Release|x86.Build.0 = Release|Any CPU
		{51F8045A-51C9-485E-A72D-96646ACB19B3}.Debug|Any CPU.ActiveCfg = Debug|Any CPU
		{51F8045A-51C9-485E-A72D-96646ACB19B3}.Debug|ARM.ActiveCfg = Debug|Any CPU
		{51F8045A-51C9-485E-A72D-96646ACB19B3}.Debug|ARM.Build.0 = Debug|Any CPU
		{51F8045A-51C9-485E-A72D-96646ACB19B3}.Debug|x64.ActiveCfg = Debug|Any CPU
		{51F8045A-51C9-485E-A72D-96646ACB19B3}.Debug|x64.Build.0 = Debug|Any CPU
		{51F8045A-51C9-485E-A72D-96646ACB19B3}.Debug|x86.ActiveCfg = Debug|Any CPU
		{51F8045A-51C9-485E-A72D-96646ACB19B3}.Debug|x86.Build.0 = Debug|Any CPU
		{51F8045A-51C9-485E-A72D-96646ACB19B3}.Publish|Any CPU.ActiveCfg = Publish|Any CPU
		{51F8045A-51C9-485E-A72D-96646ACB19B3}.Publish|Any CPU.Build.0 = Publish|Any CPU
		{51F8045A-51C9-485E-A72D-96646ACB19B3}.Publish|ARM.ActiveCfg = Publish|Any CPU
		{51F8045A-51C9-485E-A72D-96646ACB19B3}.Publish|ARM.Build.0 = Publish|Any CPU
		{51F8045A-51C9-485E-A72D-96646ACB19B3}.Publish|x64.ActiveCfg = Publish|Any CPU
		{51F8045A-51C9-485E-A72D-96646ACB19B3}.Publish|x64.Build.0 = Publish|Any CPU
		{51F8045A-51C9-485E-A72D-96646ACB19B3}.Publish|x86.ActiveCfg = Publish|Any CPU
		{51F8045A-51C9-485E-A72D-96646ACB19B3}.Publish|x86.Build.0 = Publish|Any CPU
		{51F8045A-51C9-485E-A72D-96646ACB19B3}.RaspberryPi|Any CPU.ActiveCfg = Release|Any CPU
		{51F8045A-51C9-485E-A72D-96646ACB19B3}.RaspberryPi|Any CPU.Build.0 = Release|Any CPU
		{51F8045A-51C9-485E-A72D-96646ACB19B3}.RaspberryPi|ARM.ActiveCfg = Release|Any CPU
		{51F8045A-51C9-485E-A72D-96646ACB19B3}.RaspberryPi|ARM.Build.0 = Release|Any CPU
		{51F8045A-51C9-485E-A72D-96646ACB19B3}.RaspberryPi|x64.ActiveCfg = Release|Any CPU
		{51F8045A-51C9-485E-A72D-96646ACB19B3}.RaspberryPi|x64.Build.0 = Release|Any CPU
		{51F8045A-51C9-485E-A72D-96646ACB19B3}.RaspberryPi|x86.ActiveCfg = Release|Any CPU
		{51F8045A-51C9-485E-A72D-96646ACB19B3}.RaspberryPi|x86.Build.0 = Release|Any CPU
		{51F8045A-51C9-485E-A72D-96646ACB19B3}.Release|Any CPU.ActiveCfg = Release|Any CPU
		{51F8045A-51C9-485E-A72D-96646ACB19B3}.Release|ARM.ActiveCfg = Release|Any CPU
		{51F8045A-51C9-485E-A72D-96646ACB19B3}.Release|ARM.Build.0 = Release|Any CPU
		{51F8045A-51C9-485E-A72D-96646ACB19B3}.Release|x64.ActiveCfg = Release|Any CPU
		{51F8045A-51C9-485E-A72D-96646ACB19B3}.Release|x64.Build.0 = Release|Any CPU
		{51F8045A-51C9-485E-A72D-96646ACB19B3}.Release|x86.ActiveCfg = Release|Any CPU
		{51F8045A-51C9-485E-A72D-96646ACB19B3}.Release|x86.Build.0 = Release|Any CPU
		{C1D2C847-EE62-430C-82DC-A4BD5AB38A44}.Debug|Any CPU.ActiveCfg = Debug|Any CPU
		{C1D2C847-EE62-430C-82DC-A4BD5AB38A44}.Debug|Any CPU.Build.0 = Debug|Any CPU
		{C1D2C847-EE62-430C-82DC-A4BD5AB38A44}.Debug|ARM.ActiveCfg = Debug|Any CPU
		{C1D2C847-EE62-430C-82DC-A4BD5AB38A44}.Debug|ARM.Build.0 = Debug|Any CPU
		{C1D2C847-EE62-430C-82DC-A4BD5AB38A44}.Debug|x64.ActiveCfg = Debug|Any CPU
		{C1D2C847-EE62-430C-82DC-A4BD5AB38A44}.Debug|x64.Build.0 = Debug|Any CPU
		{C1D2C847-EE62-430C-82DC-A4BD5AB38A44}.Debug|x86.ActiveCfg = Debug|Any CPU
		{C1D2C847-EE62-430C-82DC-A4BD5AB38A44}.Debug|x86.Build.0 = Debug|Any CPU
		{C1D2C847-EE62-430C-82DC-A4BD5AB38A44}.Publish|Any CPU.ActiveCfg = Publish|Any CPU
		{C1D2C847-EE62-430C-82DC-A4BD5AB38A44}.Publish|Any CPU.Build.0 = Publish|Any CPU
		{C1D2C847-EE62-430C-82DC-A4BD5AB38A44}.Publish|ARM.ActiveCfg = Publish|Any CPU
		{C1D2C847-EE62-430C-82DC-A4BD5AB38A44}.Publish|ARM.Build.0 = Publish|Any CPU
		{C1D2C847-EE62-430C-82DC-A4BD5AB38A44}.Publish|x64.ActiveCfg = Publish|Any CPU
		{C1D2C847-EE62-430C-82DC-A4BD5AB38A44}.Publish|x64.Build.0 = Publish|Any CPU
		{C1D2C847-EE62-430C-82DC-A4BD5AB38A44}.Publish|x86.ActiveCfg = Publish|Any CPU
		{C1D2C847-EE62-430C-82DC-A4BD5AB38A44}.Publish|x86.Build.0 = Publish|Any CPU
		{C1D2C847-EE62-430C-82DC-A4BD5AB38A44}.RaspberryPi|Any CPU.ActiveCfg = Release|Any CPU
		{C1D2C847-EE62-430C-82DC-A4BD5AB38A44}.RaspberryPi|Any CPU.Build.0 = Release|Any CPU
		{C1D2C847-EE62-430C-82DC-A4BD5AB38A44}.RaspberryPi|ARM.ActiveCfg = Release|Any CPU
		{C1D2C847-EE62-430C-82DC-A4BD5AB38A44}.RaspberryPi|ARM.Build.0 = Release|Any CPU
		{C1D2C847-EE62-430C-82DC-A4BD5AB38A44}.RaspberryPi|x64.ActiveCfg = Release|Any CPU
		{C1D2C847-EE62-430C-82DC-A4BD5AB38A44}.RaspberryPi|x64.Build.0 = Release|Any CPU
		{C1D2C847-EE62-430C-82DC-A4BD5AB38A44}.RaspberryPi|x86.ActiveCfg = Release|Any CPU
		{C1D2C847-EE62-430C-82DC-A4BD5AB38A44}.RaspberryPi|x86.Build.0 = Release|Any CPU
		{C1D2C847-EE62-430C-82DC-A4BD5AB38A44}.Release|Any CPU.ActiveCfg = Release|Any CPU
		{C1D2C847-EE62-430C-82DC-A4BD5AB38A44}.Release|Any CPU.Build.0 = Release|Any CPU
		{C1D2C847-EE62-430C-82DC-A4BD5AB38A44}.Release|ARM.ActiveCfg = Release|Any CPU
		{C1D2C847-EE62-430C-82DC-A4BD5AB38A44}.Release|ARM.Build.0 = Release|Any CPU
		{C1D2C847-EE62-430C-82DC-A4BD5AB38A44}.Release|x64.ActiveCfg = Release|Any CPU
		{C1D2C847-EE62-430C-82DC-A4BD5AB38A44}.Release|x64.Build.0 = Release|Any CPU
		{C1D2C847-EE62-430C-82DC-A4BD5AB38A44}.Release|x86.ActiveCfg = Release|Any CPU
		{C1D2C847-EE62-430C-82DC-A4BD5AB38A44}.Release|x86.Build.0 = Release|Any CPU
		{A1D67B8C-F9EE-4289-80FD-F6526C218C30}.Debug|Any CPU.ActiveCfg = Debug|Any CPU
		{A1D67B8C-F9EE-4289-80FD-F6526C218C30}.Debug|ARM.ActiveCfg = Debug|Any CPU
		{A1D67B8C-F9EE-4289-80FD-F6526C218C30}.Debug|ARM.Build.0 = Debug|Any CPU
		{A1D67B8C-F9EE-4289-80FD-F6526C218C30}.Debug|x64.ActiveCfg = Debug|Any CPU
		{A1D67B8C-F9EE-4289-80FD-F6526C218C30}.Debug|x64.Build.0 = Debug|Any CPU
		{A1D67B8C-F9EE-4289-80FD-F6526C218C30}.Debug|x86.ActiveCfg = Debug|Any CPU
		{A1D67B8C-F9EE-4289-80FD-F6526C218C30}.Debug|x86.Build.0 = Debug|Any CPU
		{A1D67B8C-F9EE-4289-80FD-F6526C218C30}.Publish|Any CPU.ActiveCfg = Release|Any CPU
		{A1D67B8C-F9EE-4289-80FD-F6526C218C30}.Publish|Any CPU.Build.0 = Release|Any CPU
		{A1D67B8C-F9EE-4289-80FD-F6526C218C30}.Publish|ARM.ActiveCfg = Release|Any CPU
		{A1D67B8C-F9EE-4289-80FD-F6526C218C30}.Publish|ARM.Build.0 = Release|Any CPU
		{A1D67B8C-F9EE-4289-80FD-F6526C218C30}.Publish|x64.ActiveCfg = Release|Any CPU
		{A1D67B8C-F9EE-4289-80FD-F6526C218C30}.Publish|x64.Build.0 = Release|Any CPU
		{A1D67B8C-F9EE-4289-80FD-F6526C218C30}.Publish|x86.ActiveCfg = Release|Any CPU
		{A1D67B8C-F9EE-4289-80FD-F6526C218C30}.Publish|x86.Build.0 = Release|Any CPU
		{A1D67B8C-F9EE-4289-80FD-F6526C218C30}.RaspberryPi|Any CPU.ActiveCfg = Release|Any CPU
		{A1D67B8C-F9EE-4289-80FD-F6526C218C30}.RaspberryPi|Any CPU.Build.0 = Release|Any CPU
		{A1D67B8C-F9EE-4289-80FD-F6526C218C30}.RaspberryPi|ARM.ActiveCfg = Release|Any CPU
		{A1D67B8C-F9EE-4289-80FD-F6526C218C30}.RaspberryPi|ARM.Build.0 = Release|Any CPU
		{A1D67B8C-F9EE-4289-80FD-F6526C218C30}.RaspberryPi|x64.ActiveCfg = Release|Any CPU
		{A1D67B8C-F9EE-4289-80FD-F6526C218C30}.RaspberryPi|x64.Build.0 = Release|Any CPU
		{A1D67B8C-F9EE-4289-80FD-F6526C218C30}.RaspberryPi|x86.ActiveCfg = Release|Any CPU
		{A1D67B8C-F9EE-4289-80FD-F6526C218C30}.RaspberryPi|x86.Build.0 = Release|Any CPU
		{A1D67B8C-F9EE-4289-80FD-F6526C218C30}.Release|Any CPU.ActiveCfg = Release|Any CPU
		{A1D67B8C-F9EE-4289-80FD-F6526C218C30}.Release|ARM.ActiveCfg = Release|Any CPU
		{A1D67B8C-F9EE-4289-80FD-F6526C218C30}.Release|ARM.Build.0 = Release|Any CPU
		{A1D67B8C-F9EE-4289-80FD-F6526C218C30}.Release|x64.ActiveCfg = Release|Any CPU
		{A1D67B8C-F9EE-4289-80FD-F6526C218C30}.Release|x64.Build.0 = Release|Any CPU
		{A1D67B8C-F9EE-4289-80FD-F6526C218C30}.Release|x86.ActiveCfg = Release|Any CPU
		{A1D67B8C-F9EE-4289-80FD-F6526C218C30}.Release|x86.Build.0 = Release|Any CPU
		{B3676939-95F8-462C-8FD8-EA5D3ECC34AA}.Debug|Any CPU.ActiveCfg = Debug|Any CPU
		{B3676939-95F8-462C-8FD8-EA5D3ECC34AA}.Debug|Any CPU.Build.0 = Debug|Any CPU
		{B3676939-95F8-462C-8FD8-EA5D3ECC34AA}.Debug|ARM.ActiveCfg = Debug|Any CPU
		{B3676939-95F8-462C-8FD8-EA5D3ECC34AA}.Debug|ARM.Build.0 = Debug|Any CPU
		{B3676939-95F8-462C-8FD8-EA5D3ECC34AA}.Debug|x64.ActiveCfg = Debug|Any CPU
		{B3676939-95F8-462C-8FD8-EA5D3ECC34AA}.Debug|x64.Build.0 = Debug|Any CPU
		{B3676939-95F8-462C-8FD8-EA5D3ECC34AA}.Debug|x86.ActiveCfg = Debug|Any CPU
		{B3676939-95F8-462C-8FD8-EA5D3ECC34AA}.Debug|x86.Build.0 = Debug|Any CPU
		{B3676939-95F8-462C-8FD8-EA5D3ECC34AA}.Publish|Any CPU.ActiveCfg = Release|Any CPU
		{B3676939-95F8-462C-8FD8-EA5D3ECC34AA}.Publish|ARM.ActiveCfg = Release|Any CPU
		{B3676939-95F8-462C-8FD8-EA5D3ECC34AA}.Publish|ARM.Build.0 = Release|Any CPU
		{B3676939-95F8-462C-8FD8-EA5D3ECC34AA}.Publish|x64.ActiveCfg = Release|Any CPU
		{B3676939-95F8-462C-8FD8-EA5D3ECC34AA}.Publish|x64.Build.0 = Release|Any CPU
		{B3676939-95F8-462C-8FD8-EA5D3ECC34AA}.Publish|x86.ActiveCfg = Release|Any CPU
		{B3676939-95F8-462C-8FD8-EA5D3ECC34AA}.Publish|x86.Build.0 = Release|Any CPU
		{B3676939-95F8-462C-8FD8-EA5D3ECC34AA}.RaspberryPi|Any CPU.ActiveCfg = Release|Any CPU
		{B3676939-95F8-462C-8FD8-EA5D3ECC34AA}.RaspberryPi|Any CPU.Build.0 = Release|Any CPU
		{B3676939-95F8-462C-8FD8-EA5D3ECC34AA}.RaspberryPi|ARM.ActiveCfg = Release|Any CPU
		{B3676939-95F8-462C-8FD8-EA5D3ECC34AA}.RaspberryPi|ARM.Build.0 = Release|Any CPU
		{B3676939-95F8-462C-8FD8-EA5D3ECC34AA}.RaspberryPi|x64.ActiveCfg = Release|Any CPU
		{B3676939-95F8-462C-8FD8-EA5D3ECC34AA}.RaspberryPi|x64.Build.0 = Release|Any CPU
		{B3676939-95F8-462C-8FD8-EA5D3ECC34AA}.RaspberryPi|x86.ActiveCfg = Release|Any CPU
		{B3676939-95F8-462C-8FD8-EA5D3ECC34AA}.RaspberryPi|x86.Build.0 = Release|Any CPU
		{B3676939-95F8-462C-8FD8-EA5D3ECC34AA}.Release|Any CPU.ActiveCfg = Release|Any CPU
		{B3676939-95F8-462C-8FD8-EA5D3ECC34AA}.Release|Any CPU.Build.0 = Release|Any CPU
		{B3676939-95F8-462C-8FD8-EA5D3ECC34AA}.Release|ARM.ActiveCfg = Release|Any CPU
		{B3676939-95F8-462C-8FD8-EA5D3ECC34AA}.Release|ARM.Build.0 = Release|Any CPU
		{B3676939-95F8-462C-8FD8-EA5D3ECC34AA}.Release|x64.ActiveCfg = Release|Any CPU
		{B3676939-95F8-462C-8FD8-EA5D3ECC34AA}.Release|x64.Build.0 = Release|Any CPU
		{B3676939-95F8-462C-8FD8-EA5D3ECC34AA}.Release|x86.ActiveCfg = Release|Any CPU
		{B3676939-95F8-462C-8FD8-EA5D3ECC34AA}.Release|x86.Build.0 = Release|Any CPU
		{DAA9E361-9F24-4F80-925F-C1DF176F8DD9}.Debug|Any CPU.ActiveCfg = Debug|Any CPU
		{DAA9E361-9F24-4F80-925F-C1DF176F8DD9}.Debug|Any CPU.Build.0 = Debug|Any CPU
		{DAA9E361-9F24-4F80-925F-C1DF176F8DD9}.Debug|ARM.ActiveCfg = Debug|Any CPU
		{DAA9E361-9F24-4F80-925F-C1DF176F8DD9}.Debug|ARM.Build.0 = Debug|Any CPU
		{DAA9E361-9F24-4F80-925F-C1DF176F8DD9}.Debug|x64.ActiveCfg = Debug|Any CPU
		{DAA9E361-9F24-4F80-925F-C1DF176F8DD9}.Debug|x64.Build.0 = Debug|Any CPU
		{DAA9E361-9F24-4F80-925F-C1DF176F8DD9}.Debug|x86.ActiveCfg = Debug|Any CPU
		{DAA9E361-9F24-4F80-925F-C1DF176F8DD9}.Debug|x86.Build.0 = Debug|Any CPU
		{DAA9E361-9F24-4F80-925F-C1DF176F8DD9}.Publish|Any CPU.ActiveCfg = Release|Any CPU
		{DAA9E361-9F24-4F80-925F-C1DF176F8DD9}.Publish|Any CPU.Build.0 = Release|Any CPU
		{DAA9E361-9F24-4F80-925F-C1DF176F8DD9}.Publish|ARM.ActiveCfg = Release|Any CPU
		{DAA9E361-9F24-4F80-925F-C1DF176F8DD9}.Publish|ARM.Build.0 = Release|Any CPU
		{DAA9E361-9F24-4F80-925F-C1DF176F8DD9}.Publish|x64.ActiveCfg = Release|Any CPU
		{DAA9E361-9F24-4F80-925F-C1DF176F8DD9}.Publish|x64.Build.0 = Release|Any CPU
		{DAA9E361-9F24-4F80-925F-C1DF176F8DD9}.Publish|x86.ActiveCfg = Release|Any CPU
		{DAA9E361-9F24-4F80-925F-C1DF176F8DD9}.Publish|x86.Build.0 = Release|Any CPU
		{DAA9E361-9F24-4F80-925F-C1DF176F8DD9}.RaspberryPi|Any CPU.ActiveCfg = Release|Any CPU
		{DAA9E361-9F24-4F80-925F-C1DF176F8DD9}.RaspberryPi|Any CPU.Build.0 = Release|Any CPU
		{DAA9E361-9F24-4F80-925F-C1DF176F8DD9}.RaspberryPi|ARM.ActiveCfg = Release|Any CPU
		{DAA9E361-9F24-4F80-925F-C1DF176F8DD9}.RaspberryPi|ARM.Build.0 = Release|Any CPU
		{DAA9E361-9F24-4F80-925F-C1DF176F8DD9}.RaspberryPi|x64.ActiveCfg = Release|Any CPU
		{DAA9E361-9F24-4F80-925F-C1DF176F8DD9}.RaspberryPi|x64.Build.0 = Release|Any CPU
		{DAA9E361-9F24-4F80-925F-C1DF176F8DD9}.RaspberryPi|x86.ActiveCfg = Release|Any CPU
		{DAA9E361-9F24-4F80-925F-C1DF176F8DD9}.RaspberryPi|x86.Build.0 = Release|Any CPU
		{DAA9E361-9F24-4F80-925F-C1DF176F8DD9}.Release|Any CPU.ActiveCfg = Release|Any CPU
		{DAA9E361-9F24-4F80-925F-C1DF176F8DD9}.Release|Any CPU.Build.0 = Release|Any CPU
		{DAA9E361-9F24-4F80-925F-C1DF176F8DD9}.Release|ARM.ActiveCfg = Release|Any CPU
		{DAA9E361-9F24-4F80-925F-C1DF176F8DD9}.Release|ARM.Build.0 = Release|Any CPU
		{DAA9E361-9F24-4F80-925F-C1DF176F8DD9}.Release|x64.ActiveCfg = Release|Any CPU
		{DAA9E361-9F24-4F80-925F-C1DF176F8DD9}.Release|x64.Build.0 = Release|Any CPU
		{DAA9E361-9F24-4F80-925F-C1DF176F8DD9}.Release|x86.ActiveCfg = Release|Any CPU
		{DAA9E361-9F24-4F80-925F-C1DF176F8DD9}.Release|x86.Build.0 = Release|Any CPU
		{4C66DD34-0797-4B67-A123-DF5AC078BE3A}.Debug|Any CPU.ActiveCfg = Debug|Any CPU
		{4C66DD34-0797-4B67-A123-DF5AC078BE3A}.Debug|Any CPU.Build.0 = Debug|Any CPU
		{4C66DD34-0797-4B67-A123-DF5AC078BE3A}.Debug|ARM.ActiveCfg = Debug|Any CPU
		{4C66DD34-0797-4B67-A123-DF5AC078BE3A}.Debug|ARM.Build.0 = Debug|Any CPU
		{4C66DD34-0797-4B67-A123-DF5AC078BE3A}.Debug|x64.ActiveCfg = Debug|Any CPU
		{4C66DD34-0797-4B67-A123-DF5AC078BE3A}.Debug|x64.Build.0 = Debug|Any CPU
		{4C66DD34-0797-4B67-A123-DF5AC078BE3A}.Debug|x86.ActiveCfg = Debug|Any CPU
		{4C66DD34-0797-4B67-A123-DF5AC078BE3A}.Debug|x86.Build.0 = Debug|Any CPU
		{4C66DD34-0797-4B67-A123-DF5AC078BE3A}.Publish|Any CPU.ActiveCfg = Release|Any CPU
		{4C66DD34-0797-4B67-A123-DF5AC078BE3A}.Publish|Any CPU.Build.0 = Release|Any CPU
		{4C66DD34-0797-4B67-A123-DF5AC078BE3A}.Publish|ARM.ActiveCfg = Release|Any CPU
		{4C66DD34-0797-4B67-A123-DF5AC078BE3A}.Publish|ARM.Build.0 = Release|Any CPU
		{4C66DD34-0797-4B67-A123-DF5AC078BE3A}.Publish|x64.ActiveCfg = Release|Any CPU
		{4C66DD34-0797-4B67-A123-DF5AC078BE3A}.Publish|x64.Build.0 = Release|Any CPU
		{4C66DD34-0797-4B67-A123-DF5AC078BE3A}.Publish|x86.ActiveCfg = Release|Any CPU
		{4C66DD34-0797-4B67-A123-DF5AC078BE3A}.Publish|x86.Build.0 = Release|Any CPU
		{4C66DD34-0797-4B67-A123-DF5AC078BE3A}.RaspberryPi|Any CPU.ActiveCfg = Release|Any CPU
		{4C66DD34-0797-4B67-A123-DF5AC078BE3A}.RaspberryPi|Any CPU.Build.0 = Release|Any CPU
		{4C66DD34-0797-4B67-A123-DF5AC078BE3A}.RaspberryPi|ARM.ActiveCfg = Release|Any CPU
		{4C66DD34-0797-4B67-A123-DF5AC078BE3A}.RaspberryPi|ARM.Build.0 = Release|Any CPU
		{4C66DD34-0797-4B67-A123-DF5AC078BE3A}.RaspberryPi|x64.ActiveCfg = Release|Any CPU
		{4C66DD34-0797-4B67-A123-DF5AC078BE3A}.RaspberryPi|x64.Build.0 = Release|Any CPU
		{4C66DD34-0797-4B67-A123-DF5AC078BE3A}.RaspberryPi|x86.ActiveCfg = Release|Any CPU
		{4C66DD34-0797-4B67-A123-DF5AC078BE3A}.RaspberryPi|x86.Build.0 = Release|Any CPU
		{4C66DD34-0797-4B67-A123-DF5AC078BE3A}.Release|Any CPU.ActiveCfg = Release|Any CPU
		{4C66DD34-0797-4B67-A123-DF5AC078BE3A}.Release|Any CPU.Build.0 = Release|Any CPU
		{4C66DD34-0797-4B67-A123-DF5AC078BE3A}.Release|ARM.ActiveCfg = Release|Any CPU
		{4C66DD34-0797-4B67-A123-DF5AC078BE3A}.Release|ARM.Build.0 = Release|Any CPU
		{4C66DD34-0797-4B67-A123-DF5AC078BE3A}.Release|x64.ActiveCfg = Release|Any CPU
		{4C66DD34-0797-4B67-A123-DF5AC078BE3A}.Release|x64.Build.0 = Release|Any CPU
		{4C66DD34-0797-4B67-A123-DF5AC078BE3A}.Release|x86.ActiveCfg = Release|Any CPU
		{4C66DD34-0797-4B67-A123-DF5AC078BE3A}.Release|x86.Build.0 = Release|Any CPU
		{FD579064-AA4B-41D9-945C-13664184B14C}.Debug|Any CPU.ActiveCfg = Debug|Any CPU
		{FD579064-AA4B-41D9-945C-13664184B14C}.Debug|Any CPU.Build.0 = Debug|Any CPU
		{FD579064-AA4B-41D9-945C-13664184B14C}.Debug|ARM.ActiveCfg = Debug|Any CPU
		{FD579064-AA4B-41D9-945C-13664184B14C}.Debug|ARM.Build.0 = Debug|Any CPU
		{FD579064-AA4B-41D9-945C-13664184B14C}.Debug|x64.ActiveCfg = Debug|Any CPU
		{FD579064-AA4B-41D9-945C-13664184B14C}.Debug|x64.Build.0 = Debug|Any CPU
		{FD579064-AA4B-41D9-945C-13664184B14C}.Debug|x86.ActiveCfg = Debug|Any CPU
		{FD579064-AA4B-41D9-945C-13664184B14C}.Debug|x86.Build.0 = Debug|Any CPU
		{FD579064-AA4B-41D9-945C-13664184B14C}.Publish|Any CPU.ActiveCfg = Release|Any CPU
		{FD579064-AA4B-41D9-945C-13664184B14C}.Publish|Any CPU.Build.0 = Release|Any CPU
		{FD579064-AA4B-41D9-945C-13664184B14C}.Publish|ARM.ActiveCfg = Release|Any CPU
		{FD579064-AA4B-41D9-945C-13664184B14C}.Publish|ARM.Build.0 = Release|Any CPU
		{FD579064-AA4B-41D9-945C-13664184B14C}.Publish|x64.ActiveCfg = Release|Any CPU
		{FD579064-AA4B-41D9-945C-13664184B14C}.Publish|x64.Build.0 = Release|Any CPU
		{FD579064-AA4B-41D9-945C-13664184B14C}.Publish|x86.ActiveCfg = Release|Any CPU
		{FD579064-AA4B-41D9-945C-13664184B14C}.Publish|x86.Build.0 = Release|Any CPU
		{FD579064-AA4B-41D9-945C-13664184B14C}.RaspberryPi|Any CPU.ActiveCfg = Release|Any CPU
		{FD579064-AA4B-41D9-945C-13664184B14C}.RaspberryPi|Any CPU.Build.0 = Release|Any CPU
		{FD579064-AA4B-41D9-945C-13664184B14C}.RaspberryPi|ARM.ActiveCfg = Release|Any CPU
		{FD579064-AA4B-41D9-945C-13664184B14C}.RaspberryPi|ARM.Build.0 = Release|Any CPU
		{FD579064-AA4B-41D9-945C-13664184B14C}.RaspberryPi|x64.ActiveCfg = Release|Any CPU
		{FD579064-AA4B-41D9-945C-13664184B14C}.RaspberryPi|x64.Build.0 = Release|Any CPU
		{FD579064-AA4B-41D9-945C-13664184B14C}.RaspberryPi|x86.ActiveCfg = Release|Any CPU
		{FD579064-AA4B-41D9-945C-13664184B14C}.RaspberryPi|x86.Build.0 = Release|Any CPU
		{FD579064-AA4B-41D9-945C-13664184B14C}.Release|Any CPU.ActiveCfg = Release|Any CPU
		{FD579064-AA4B-41D9-945C-13664184B14C}.Release|Any CPU.Build.0 = Release|Any CPU
		{FD579064-AA4B-41D9-945C-13664184B14C}.Release|ARM.ActiveCfg = Release|Any CPU
		{FD579064-AA4B-41D9-945C-13664184B14C}.Release|ARM.Build.0 = Release|Any CPU
		{FD579064-AA4B-41D9-945C-13664184B14C}.Release|x64.ActiveCfg = Release|Any CPU
		{FD579064-AA4B-41D9-945C-13664184B14C}.Release|x64.Build.0 = Release|Any CPU
		{FD579064-AA4B-41D9-945C-13664184B14C}.Release|x86.ActiveCfg = Release|Any CPU
		{FD579064-AA4B-41D9-945C-13664184B14C}.Release|x86.Build.0 = Release|Any CPU
		{1BAB7A1F-1568-4E66-99A4-D118576FA572}.Debug|Any CPU.ActiveCfg = Debug|Any CPU
		{1BAB7A1F-1568-4E66-99A4-D118576FA572}.Debug|Any CPU.Build.0 = Debug|Any CPU
		{1BAB7A1F-1568-4E66-99A4-D118576FA572}.Debug|ARM.ActiveCfg = Debug|ARM
		{1BAB7A1F-1568-4E66-99A4-D118576FA572}.Debug|ARM.Build.0 = Debug|ARM
		{1BAB7A1F-1568-4E66-99A4-D118576FA572}.Debug|x64.ActiveCfg = Debug|Any CPU
		{1BAB7A1F-1568-4E66-99A4-D118576FA572}.Debug|x64.Build.0 = Debug|Any CPU
		{1BAB7A1F-1568-4E66-99A4-D118576FA572}.Debug|x86.ActiveCfg = Debug|Any CPU
		{1BAB7A1F-1568-4E66-99A4-D118576FA572}.Debug|x86.Build.0 = Debug|Any CPU
		{1BAB7A1F-1568-4E66-99A4-D118576FA572}.Publish|Any CPU.ActiveCfg = Publish|Any CPU
		{1BAB7A1F-1568-4E66-99A4-D118576FA572}.Publish|Any CPU.Build.0 = Publish|Any CPU
		{1BAB7A1F-1568-4E66-99A4-D118576FA572}.Publish|ARM.ActiveCfg = Publish|ARM
		{1BAB7A1F-1568-4E66-99A4-D118576FA572}.Publish|ARM.Build.0 = Publish|ARM
		{1BAB7A1F-1568-4E66-99A4-D118576FA572}.Publish|x64.ActiveCfg = Publish|Any CPU
		{1BAB7A1F-1568-4E66-99A4-D118576FA572}.Publish|x64.Build.0 = Publish|Any CPU
		{1BAB7A1F-1568-4E66-99A4-D118576FA572}.Publish|x86.ActiveCfg = Publish|Any CPU
		{1BAB7A1F-1568-4E66-99A4-D118576FA572}.Publish|x86.Build.0 = Publish|Any CPU
		{1BAB7A1F-1568-4E66-99A4-D118576FA572}.RaspberryPi|Any CPU.ActiveCfg = Release|Any CPU
		{1BAB7A1F-1568-4E66-99A4-D118576FA572}.RaspberryPi|Any CPU.Build.0 = Release|Any CPU
		{1BAB7A1F-1568-4E66-99A4-D118576FA572}.RaspberryPi|ARM.ActiveCfg = Release|ARM
		{1BAB7A1F-1568-4E66-99A4-D118576FA572}.RaspberryPi|ARM.Build.0 = Release|ARM
		{1BAB7A1F-1568-4E66-99A4-D118576FA572}.RaspberryPi|x64.ActiveCfg = Release|Any CPU
		{1BAB7A1F-1568-4E66-99A4-D118576FA572}.RaspberryPi|x64.Build.0 = Release|Any CPU
		{1BAB7A1F-1568-4E66-99A4-D118576FA572}.RaspberryPi|x86.ActiveCfg = Release|Any CPU
		{1BAB7A1F-1568-4E66-99A4-D118576FA572}.RaspberryPi|x86.Build.0 = Release|Any CPU
		{1BAB7A1F-1568-4E66-99A4-D118576FA572}.Release|Any CPU.ActiveCfg = Release|Any CPU
		{1BAB7A1F-1568-4E66-99A4-D118576FA572}.Release|Any CPU.Build.0 = Release|Any CPU
		{1BAB7A1F-1568-4E66-99A4-D118576FA572}.Release|ARM.ActiveCfg = Release|ARM
		{1BAB7A1F-1568-4E66-99A4-D118576FA572}.Release|ARM.Build.0 = Release|ARM
		{1BAB7A1F-1568-4E66-99A4-D118576FA572}.Release|x64.ActiveCfg = Release|Any CPU
		{1BAB7A1F-1568-4E66-99A4-D118576FA572}.Release|x64.Build.0 = Release|Any CPU
		{1BAB7A1F-1568-4E66-99A4-D118576FA572}.Release|x86.ActiveCfg = Release|Any CPU
		{1BAB7A1F-1568-4E66-99A4-D118576FA572}.Release|x86.Build.0 = Release|Any CPU
		{5EECB489-80AC-4FD4-ACA1-729D2BB486C0}.Debug|Any CPU.ActiveCfg = Debug|Any CPU
		{5EECB489-80AC-4FD4-ACA1-729D2BB486C0}.Debug|Any CPU.Build.0 = Debug|Any CPU
		{5EECB489-80AC-4FD4-ACA1-729D2BB486C0}.Debug|ARM.ActiveCfg = Debug|Any CPU
		{5EECB489-80AC-4FD4-ACA1-729D2BB486C0}.Debug|ARM.Build.0 = Debug|Any CPU
		{5EECB489-80AC-4FD4-ACA1-729D2BB486C0}.Debug|x64.ActiveCfg = Debug|Any CPU
		{5EECB489-80AC-4FD4-ACA1-729D2BB486C0}.Debug|x64.Build.0 = Debug|Any CPU
		{5EECB489-80AC-4FD4-ACA1-729D2BB486C0}.Debug|x86.ActiveCfg = Debug|Any CPU
		{5EECB489-80AC-4FD4-ACA1-729D2BB486C0}.Debug|x86.Build.0 = Debug|Any CPU
		{5EECB489-80AC-4FD4-ACA1-729D2BB486C0}.Publish|Any CPU.ActiveCfg = Release|Any CPU
		{5EECB489-80AC-4FD4-ACA1-729D2BB486C0}.Publish|Any CPU.Build.0 = Release|Any CPU
		{5EECB489-80AC-4FD4-ACA1-729D2BB486C0}.Publish|ARM.ActiveCfg = Release|Any CPU
		{5EECB489-80AC-4FD4-ACA1-729D2BB486C0}.Publish|ARM.Build.0 = Release|Any CPU
		{5EECB489-80AC-4FD4-ACA1-729D2BB486C0}.Publish|x64.ActiveCfg = Release|Any CPU
		{5EECB489-80AC-4FD4-ACA1-729D2BB486C0}.Publish|x64.Build.0 = Release|Any CPU
		{5EECB489-80AC-4FD4-ACA1-729D2BB486C0}.Publish|x86.ActiveCfg = Release|Any CPU
		{5EECB489-80AC-4FD4-ACA1-729D2BB486C0}.Publish|x86.Build.0 = Release|Any CPU
		{5EECB489-80AC-4FD4-ACA1-729D2BB486C0}.RaspberryPi|Any CPU.ActiveCfg = Release|Any CPU
		{5EECB489-80AC-4FD4-ACA1-729D2BB486C0}.RaspberryPi|Any CPU.Build.0 = Release|Any CPU
		{5EECB489-80AC-4FD4-ACA1-729D2BB486C0}.RaspberryPi|ARM.ActiveCfg = Release|Any CPU
		{5EECB489-80AC-4FD4-ACA1-729D2BB486C0}.RaspberryPi|ARM.Build.0 = Release|Any CPU
		{5EECB489-80AC-4FD4-ACA1-729D2BB486C0}.RaspberryPi|x64.ActiveCfg = Release|Any CPU
		{5EECB489-80AC-4FD4-ACA1-729D2BB486C0}.RaspberryPi|x64.Build.0 = Release|Any CPU
		{5EECB489-80AC-4FD4-ACA1-729D2BB486C0}.RaspberryPi|x86.ActiveCfg = Release|Any CPU
		{5EECB489-80AC-4FD4-ACA1-729D2BB486C0}.RaspberryPi|x86.Build.0 = Release|Any CPU
		{5EECB489-80AC-4FD4-ACA1-729D2BB486C0}.Release|Any CPU.ActiveCfg = Release|Any CPU
		{5EECB489-80AC-4FD4-ACA1-729D2BB486C0}.Release|Any CPU.Build.0 = Release|Any CPU
		{5EECB489-80AC-4FD4-ACA1-729D2BB486C0}.Release|ARM.ActiveCfg = Release|Any CPU
		{5EECB489-80AC-4FD4-ACA1-729D2BB486C0}.Release|ARM.Build.0 = Release|Any CPU
		{5EECB489-80AC-4FD4-ACA1-729D2BB486C0}.Release|x64.ActiveCfg = Release|Any CPU
		{5EECB489-80AC-4FD4-ACA1-729D2BB486C0}.Release|x64.Build.0 = Release|Any CPU
		{5EECB489-80AC-4FD4-ACA1-729D2BB486C0}.Release|x86.ActiveCfg = Release|Any CPU
		{5EECB489-80AC-4FD4-ACA1-729D2BB486C0}.Release|x86.Build.0 = Release|Any CPU
		{987DB614-BCFA-45C1-94D9-BD2113312A2A}.Debug|Any CPU.ActiveCfg = Debug|Any CPU
		{987DB614-BCFA-45C1-94D9-BD2113312A2A}.Debug|Any CPU.Build.0 = Debug|Any CPU
		{987DB614-BCFA-45C1-94D9-BD2113312A2A}.Debug|ARM.ActiveCfg = Debug|Any CPU
		{987DB614-BCFA-45C1-94D9-BD2113312A2A}.Debug|ARM.Build.0 = Debug|Any CPU
		{987DB614-BCFA-45C1-94D9-BD2113312A2A}.Debug|x64.ActiveCfg = Debug|Any CPU
		{987DB614-BCFA-45C1-94D9-BD2113312A2A}.Debug|x64.Build.0 = Debug|Any CPU
		{987DB614-BCFA-45C1-94D9-BD2113312A2A}.Debug|x86.ActiveCfg = Debug|Any CPU
		{987DB614-BCFA-45C1-94D9-BD2113312A2A}.Debug|x86.Build.0 = Debug|Any CPU
		{987DB614-BCFA-45C1-94D9-BD2113312A2A}.Publish|Any CPU.ActiveCfg = Release|Any CPU
		{987DB614-BCFA-45C1-94D9-BD2113312A2A}.Publish|Any CPU.Build.0 = Release|Any CPU
		{987DB614-BCFA-45C1-94D9-BD2113312A2A}.Publish|ARM.ActiveCfg = Release|Any CPU
		{987DB614-BCFA-45C1-94D9-BD2113312A2A}.Publish|ARM.Build.0 = Release|Any CPU
		{987DB614-BCFA-45C1-94D9-BD2113312A2A}.Publish|x64.ActiveCfg = Release|Any CPU
		{987DB614-BCFA-45C1-94D9-BD2113312A2A}.Publish|x64.Build.0 = Release|Any CPU
		{987DB614-BCFA-45C1-94D9-BD2113312A2A}.Publish|x86.ActiveCfg = Release|Any CPU
		{987DB614-BCFA-45C1-94D9-BD2113312A2A}.Publish|x86.Build.0 = Release|Any CPU
		{987DB614-BCFA-45C1-94D9-BD2113312A2A}.RaspberryPi|Any CPU.ActiveCfg = Release|Any CPU
		{987DB614-BCFA-45C1-94D9-BD2113312A2A}.RaspberryPi|Any CPU.Build.0 = Release|Any CPU
		{987DB614-BCFA-45C1-94D9-BD2113312A2A}.RaspberryPi|ARM.ActiveCfg = Release|Any CPU
		{987DB614-BCFA-45C1-94D9-BD2113312A2A}.RaspberryPi|ARM.Build.0 = Release|Any CPU
		{987DB614-BCFA-45C1-94D9-BD2113312A2A}.RaspberryPi|x64.ActiveCfg = Release|Any CPU
		{987DB614-BCFA-45C1-94D9-BD2113312A2A}.RaspberryPi|x64.Build.0 = Release|Any CPU
		{987DB614-BCFA-45C1-94D9-BD2113312A2A}.RaspberryPi|x86.ActiveCfg = Release|Any CPU
		{987DB614-BCFA-45C1-94D9-BD2113312A2A}.RaspberryPi|x86.Build.0 = Release|Any CPU
		{987DB614-BCFA-45C1-94D9-BD2113312A2A}.Release|Any CPU.ActiveCfg = Release|Any CPU
		{987DB614-BCFA-45C1-94D9-BD2113312A2A}.Release|Any CPU.Build.0 = Release|Any CPU
		{987DB614-BCFA-45C1-94D9-BD2113312A2A}.Release|ARM.ActiveCfg = Release|Any CPU
		{987DB614-BCFA-45C1-94D9-BD2113312A2A}.Release|ARM.Build.0 = Release|Any CPU
		{987DB614-BCFA-45C1-94D9-BD2113312A2A}.Release|x64.ActiveCfg = Release|Any CPU
		{987DB614-BCFA-45C1-94D9-BD2113312A2A}.Release|x64.Build.0 = Release|Any CPU
		{987DB614-BCFA-45C1-94D9-BD2113312A2A}.Release|x86.ActiveCfg = Release|Any CPU
		{987DB614-BCFA-45C1-94D9-BD2113312A2A}.Release|x86.Build.0 = Release|Any CPU
		{E640FF6C-3D7B-41E3-B9AB-D7053E32AB2D}.Debug|Any CPU.ActiveCfg = Debug|Any CPU
		{E640FF6C-3D7B-41E3-B9AB-D7053E32AB2D}.Debug|Any CPU.Build.0 = Debug|Any CPU
		{E640FF6C-3D7B-41E3-B9AB-D7053E32AB2D}.Debug|ARM.ActiveCfg = Debug|Any CPU
		{E640FF6C-3D7B-41E3-B9AB-D7053E32AB2D}.Debug|ARM.Build.0 = Debug|Any CPU
		{E640FF6C-3D7B-41E3-B9AB-D7053E32AB2D}.Debug|x64.ActiveCfg = Debug|Any CPU
		{E640FF6C-3D7B-41E3-B9AB-D7053E32AB2D}.Debug|x64.Build.0 = Debug|Any CPU
		{E640FF6C-3D7B-41E3-B9AB-D7053E32AB2D}.Debug|x86.ActiveCfg = Debug|Any CPU
		{E640FF6C-3D7B-41E3-B9AB-D7053E32AB2D}.Debug|x86.Build.0 = Debug|Any CPU
		{E640FF6C-3D7B-41E3-B9AB-D7053E32AB2D}.Publish|Any CPU.ActiveCfg = Release|Any CPU
		{E640FF6C-3D7B-41E3-B9AB-D7053E32AB2D}.Publish|Any CPU.Build.0 = Release|Any CPU
		{E640FF6C-3D7B-41E3-B9AB-D7053E32AB2D}.Publish|ARM.ActiveCfg = Release|Any CPU
		{E640FF6C-3D7B-41E3-B9AB-D7053E32AB2D}.Publish|ARM.Build.0 = Release|Any CPU
		{E640FF6C-3D7B-41E3-B9AB-D7053E32AB2D}.Publish|x64.ActiveCfg = Release|Any CPU
		{E640FF6C-3D7B-41E3-B9AB-D7053E32AB2D}.Publish|x64.Build.0 = Release|Any CPU
		{E640FF6C-3D7B-41E3-B9AB-D7053E32AB2D}.Publish|x86.ActiveCfg = Release|Any CPU
		{E640FF6C-3D7B-41E3-B9AB-D7053E32AB2D}.Publish|x86.Build.0 = Release|Any CPU
		{E640FF6C-3D7B-41E3-B9AB-D7053E32AB2D}.RaspberryPi|Any CPU.ActiveCfg = Release|Any CPU
		{E640FF6C-3D7B-41E3-B9AB-D7053E32AB2D}.RaspberryPi|Any CPU.Build.0 = Release|Any CPU
		{E640FF6C-3D7B-41E3-B9AB-D7053E32AB2D}.RaspberryPi|ARM.ActiveCfg = Release|Any CPU
		{E640FF6C-3D7B-41E3-B9AB-D7053E32AB2D}.RaspberryPi|ARM.Build.0 = Release|Any CPU
		{E640FF6C-3D7B-41E3-B9AB-D7053E32AB2D}.RaspberryPi|x64.ActiveCfg = Release|Any CPU
		{E640FF6C-3D7B-41E3-B9AB-D7053E32AB2D}.RaspberryPi|x64.Build.0 = Release|Any CPU
		{E640FF6C-3D7B-41E3-B9AB-D7053E32AB2D}.RaspberryPi|x86.ActiveCfg = Release|Any CPU
		{E640FF6C-3D7B-41E3-B9AB-D7053E32AB2D}.RaspberryPi|x86.Build.0 = Release|Any CPU
		{E640FF6C-3D7B-41E3-B9AB-D7053E32AB2D}.Release|Any CPU.ActiveCfg = Release|Any CPU
		{E640FF6C-3D7B-41E3-B9AB-D7053E32AB2D}.Release|Any CPU.Build.0 = Release|Any CPU
		{E640FF6C-3D7B-41E3-B9AB-D7053E32AB2D}.Release|ARM.ActiveCfg = Release|Any CPU
		{E640FF6C-3D7B-41E3-B9AB-D7053E32AB2D}.Release|ARM.Build.0 = Release|Any CPU
		{E640FF6C-3D7B-41E3-B9AB-D7053E32AB2D}.Release|x64.ActiveCfg = Release|Any CPU
		{E640FF6C-3D7B-41E3-B9AB-D7053E32AB2D}.Release|x64.Build.0 = Release|Any CPU
		{E640FF6C-3D7B-41E3-B9AB-D7053E32AB2D}.Release|x86.ActiveCfg = Release|Any CPU
		{E640FF6C-3D7B-41E3-B9AB-D7053E32AB2D}.Release|x86.Build.0 = Release|Any CPU
	EndGlobalSection
	GlobalSection(SolutionProperties) = preSolution
		HideSolutionNode = FALSE
	EndGlobalSection
	GlobalSection(NestedProjects) = preSolution
		{CCC286F1-6A5B-4946-A382-8A48797192B4} = {C9F3105C-F5D8-490E-AC54-2A571CBB0492}
		{E891BC7F-D7BD-4931-931B-42C83CCA68E2} = {C9F3105C-F5D8-490E-AC54-2A571CBB0492}
		{44E8B35D-0394-4F37-B52C-246F8610F031} = {C9F3105C-F5D8-490E-AC54-2A571CBB0492}
		{02D75812-6892-45F7-8497-82266B6F0328} = {C9F3105C-F5D8-490E-AC54-2A571CBB0492}
		{EBDA947E-D7A9-4A93-AEF1-AEA9D56B9225} = {CE4B9DB7-EE29-41F0-BAC8-236BFEE2F1F3}
		{0F477772-43D9-4E3A-9F6A-C14E76F58ACF} = {8317BEA1-7ADA-4594-B5C6-E671209507AC}
		{168A9984-6DBC-4683-9E43-C3E077066933} = {CE4B9DB7-EE29-41F0-BAC8-236BFEE2F1F3}
		{BD2729CA-402F-4E52-9682-3FC6BB8E9C49} = {C9F3105C-F5D8-490E-AC54-2A571CBB0492}
		{598EF0F1-28C9-435C-B03C-4E2804F0AA44} = {5F99C415-BB3A-417A-9861-BA09C6E31492}
		{C4824513-F416-4EAD-BE82-F2DF23641F6A} = {CE4B9DB7-EE29-41F0-BAC8-236BFEE2F1F3}
		{0586B4C1-814C-4D98-B6F1-180CD4E2FAAB} = {CE4B9DB7-EE29-41F0-BAC8-236BFEE2F1F3}
		{BC1E98E7-F516-41A3-9653-056E20560A22} = {C9F3105C-F5D8-490E-AC54-2A571CBB0492}
		{B12AD19F-0E50-4D1D-99DE-30C63886E718} = {CE4B9DB7-EE29-41F0-BAC8-236BFEE2F1F3}
		{73D40F24-A492-4081-B58E-B2AF30762C78} = {CE4B9DB7-EE29-41F0-BAC8-236BFEE2F1F3}
		{A9A97306-A35E-4BC9-91EF-F6880DD7456D} = {C9F3105C-F5D8-490E-AC54-2A571CBB0492}
		{FE16891B-E611-4E77-845B-8BA8806C7332} = {C9F3105C-F5D8-490E-AC54-2A571CBB0492}
		{51F8045A-51C9-485E-A72D-96646ACB19B3} = {B6F39068-5D72-4847-B44E-BB20DDCCDFA7}
		{C1D2C847-EE62-430C-82DC-A4BD5AB38A44} = {CE4B9DB7-EE29-41F0-BAC8-236BFEE2F1F3}
		{A1D67B8C-F9EE-4289-80FD-F6526C218C30} = {B6F39068-5D72-4847-B44E-BB20DDCCDFA7}
		{B3676939-95F8-462C-8FD8-EA5D3ECC34AA} = {8317BEA1-7ADA-4594-B5C6-E671209507AC}
		{DAA9E361-9F24-4F80-925F-C1DF176F8DD9} = {82B3DA61-1F7B-44FA-BD11-346A63BF9F65}
		{4C66DD34-0797-4B67-A123-DF5AC078BE3A} = {82B3DA61-1F7B-44FA-BD11-346A63BF9F65}
		{FD579064-AA4B-41D9-945C-13664184B14C} = {82B3DA61-1F7B-44FA-BD11-346A63BF9F65}
		{1BAB7A1F-1568-4E66-99A4-D118576FA572} = {82B3DA61-1F7B-44FA-BD11-346A63BF9F65}
		{5EECB489-80AC-4FD4-ACA1-729D2BB486C0} = {CE4B9DB7-EE29-41F0-BAC8-236BFEE2F1F3}
	EndGlobalSection
EndGlobal
