
Microsoft Visual Studio Solution File, Format Version 12.00
# Visual Studio 15
VisualStudioVersion = 15.0.27004.2010
MinimumVisualStudioVersion = 10.0.40219.1
Project("{2150E333-8FDC-42A3-9474-1A3956D46DE8}") = "Tool ASN", "Tool ASN", "{7640A833-1086-4041-90FB-3E3D76F967D4}"
EndProject
Project("{9A19103F-16F7-4668-BE54-9A1E7A4F7556}") = "asn2", "ASN\asn2\asn2.csproj", "{54D70C8D-707D-4456-BBD0-3210F42CA97C}"
EndProject
Project("{2150E333-8FDC-42A3-9474-1A3956D46DE8}") = "Libraries", "Libraries", "{510C00FB-FB4F-4C9E-A2F6-86D2FA171CD1}"
EndProject
Project("{2150E333-8FDC-42A3-9474-1A3956D46DE8}") = "Tools", "Tools", "{32781FAB-7F7F-4267-9599-479F14195A4B}"
EndProject
Project("{2150E333-8FDC-42A3-9474-1A3956D46DE8}") = "Tool Command", "Tool Command", "{AA1B30C1-0014-4A78-B08C-370EDD56C608}"
EndProject
Project("{2150E333-8FDC-42A3-9474-1A3956D46DE8}") = "Tool Domainer", "Tool Domainer", "{93F2FFDB-9A2F-442A-B865-5455E87D7B6E}"
EndProject
Project("{2150E333-8FDC-42A3-9474-1A3956D46DE8}") = "Tool Exceptional", "Tool Exceptional", "{45476490-421C-458B-8BBF-0175A4A145B9}"
EndProject
Project("{2150E333-8FDC-42A3-9474-1A3956D46DE8}") = "Tool FSRGen", "Tool FSRGen", "{EB62FFCF-F19A-4F79-A66F-3C3F4B032F24}"
EndProject
Project("{2150E333-8FDC-42A3-9474-1A3956D46DE8}") = "Tool Goedel3", "Tool Goedel3", "{84B23EF8-142B-41AF-97D0-ED50D74448F6}"
EndProject
Project("{2150E333-8FDC-42A3-9474-1A3956D46DE8}") = "Tool GScript", "Tool GScript", "{1CD0C3D8-70A0-452C-AB64-C1E258FB7DD8}"
EndProject
Project("{2150E333-8FDC-42A3-9474-1A3956D46DE8}") = "Tool MakeyMakey", "Tool MakeyMakey", "{420F632D-B323-42B4-954C-DA875083DCC6}"
EndProject
Project("{2150E333-8FDC-42A3-9474-1A3956D46DE8}") = "Tool Protogen", "Tool Protogen", "{BB541FF3-D68B-4935-B8AD-5E92A74591E1}"
EndProject
Project("{2150E333-8FDC-42A3-9474-1A3956D46DE8}") = "Tool RegistryConfig", "Tool RegistryConfig", "{5BE90DE6-A9E9-4CA9-A009-BC339274E829}"
EndProject
Project("{2150E333-8FDC-42A3-9474-1A3956D46DE8}") = "Tool VSIXBuild", "Tool VSIXBuild", "{9D6EBBBD-F3E1-432A-BD9D-56BDEE86C029}"
EndProject
Project("{2150E333-8FDC-42A3-9474-1A3956D46DE8}") = "Tool Document", "Tool Document", "{9E6E38F6-13C4-49A0-A278-018742486965}"
	ProjectSection(SolutionItems) = preProject
		DocTools\TestWeb\TagDefinitions.mdsd = DocTools\TestWeb\TagDefinitions.mdsd
	EndProjectSection
EndProject
Project("{9A19103F-16F7-4668-BE54-9A1E7A4F7556}") = "CommandEcho", "Command\CommandEcho\CommandEcho.csproj", "{85063EFC-7090-42AD-B562-006087DE9AA6}"
EndProject
Project("{9A19103F-16F7-4668-BE54-9A1E7A4F7556}") = "commandparse", "Command\commandparse\commandparse.csproj", "{4256F87B-9BA6-4996-A4DD-DC1E36136054}"
EndProject
Project("{9A19103F-16F7-4668-BE54-9A1E7A4F7556}") = "domainer", "Domainer\domainer\domainer.csproj", "{D320C73F-F09A-4ED2-8FBF-3975220FD869}"
EndProject
Project("{2150E333-8FDC-42A3-9474-1A3956D46DE8}") = "Documentation", "Documentation", "{0774B7F8-6C0C-4389-A8C5-37D955FF9E46}"
	ProjectSection(SolutionItems) = preProject
		Assets\PHBLogo180.png = Assets\PHBLogo180.png
		Assets\PHBLogo256.png = Assets\PHBLogo256.png
	EndProjectSection
EndProject
Project("{9A19103F-16F7-4668-BE54-9A1E7A4F7556}") = "Exceptional", "Exceptional\Exceptional\Exceptional.csproj", "{41A32FD3-3814-4370-A2C7-AE6E29F4AB01}"
EndProject
Project("{9A19103F-16F7-4668-BE54-9A1E7A4F7556}") = "fsrgen", "FSRGen\fsrgen\fsrgen.csproj", "{C0C2037E-ECF1-4FBF-82F8-7C2E6FEB0D3F}"
EndProject
Project("{9A19103F-16F7-4668-BE54-9A1E7A4F7556}") = "goedel3", "Goedel3\goedel3\goedel3.csproj", "{D435A116-81A3-4FA0-AD8F-11B0F49831F9}"
EndProject
Project("{2150E333-8FDC-42A3-9474-1A3956D46DE8}") = "Release", "Release", "{998DD3DD-D468-4863-8832-AE02EF60B564}"
EndProject
Project("{9A19103F-16F7-4668-BE54-9A1E7A4F7556}") = "gscript", "GScript\gscript\gscript.csproj", "{F9BA54CA-95E0-4709-8705-AD52673DFBFE}"
EndProject
Project("{9A19103F-16F7-4668-BE54-9A1E7A4F7556}") = "makey", "MakeyMakey\makey\makey.csproj", "{C22AA4A5-F0A0-4CFF-AB4D-7A02F5DFB59E}"
EndProject
Project("{9A19103F-16F7-4668-BE54-9A1E7A4F7556}") = "protogen", "Protogen\protogen\protogen.csproj", "{C604A477-72C2-42ED-9A77-2D6673337F7A}"
EndProject
Project("{9A19103F-16F7-4668-BE54-9A1E7A4F7556}") = "registryconfig", "RegistryConfig\registryconfig\registryconfig.csproj", "{35BC3550-4ADD-4BB8-A3EE-0F75253CC63A}"
EndProject
Project("{9A19103F-16F7-4668-BE54-9A1E7A4F7556}") = "vsixbuild", "vsixbuild\vsixbuild\vsixbuild.csproj", "{EF9A072D-D974-400F-B118-7BA299F81484}"
EndProject
Project("{9A19103F-16F7-4668-BE54-9A1E7A4F7556}") = "rfctool", "DocTools\rfctool\rfctool.csproj", "{01BE8CF8-8989-4E94-ADF0-97340821A660}"
EndProject
Project("{FAE04EC0-301F-11D3-BF4B-00C04F79EFBC}") = "GoedelScriptClassifier", "GScript\GoedelScriptClassifier\GoedelScriptClassifier.csproj", "{C0807498-46ED-4818-8ECE-A1E966395226}"
EndProject
Project("{9A19103F-16F7-4668-BE54-9A1E7A4F7556}") = "bootmaker", "DocTools\bootmaker\bootmaker.csproj", "{D52143DD-04DC-4FA9-8C77-6ADFF4B00275}"
EndProject
Project("{7CF6DF6D-3B04-46F8-A40B-537D21BCA0B4}") = "Reference", "Documentation\Reference\Reference.shfbproj", "{CD5C23DD-8EEF-4848-992F-B04088630CC1}"
EndProject
Project("{2150E333-8FDC-42A3-9474-1A3956D46DE8}") = "Scripts", "Scripts", "{B8875584-8190-40D6-8F72-AB192191B28C}"
	ProjectSection(SolutionItems) = preProject
		Scripts\MoveToLibrary.bat = Scripts\MoveToLibrary.bat
		Scripts\MoveToTools.bat = Scripts\MoveToTools.bat
		Scripts\publishtarget.ps1 = Scripts\publishtarget.ps1
	EndProjectSection
EndProject
Project("{930C7802-8A8C-48F9-8165-68863BCCD9DD}") = "Installer", "Release\Installer\Installer.wixproj", "{AF1A5C5E-4FD1-4BCC-9C96-7D145E5A4EB3}"
EndProject
Project("{2150E333-8FDC-42A3-9474-1A3956D46DE8}") = "Testing", "Testing", "{C6BE0DF9-7483-4F51-B070-285F71E0D3FC}"
EndProject
Project("{D954291E-2A0B-460D-934E-DC6B0785DB48}") = "Goedel.Tool.ASN", "ASN\Goedel.Tool.ASN\Goedel.Tool.ASN.shproj", "{C4BE31BE-8172-455D-A94F-275410348065}"
EndProject
Project("{FAE04EC0-301F-11D3-BF4B-00C04F79EFBC}") = "Framework.ToolLib", "..\mmm\Libraries\Framework\Goedel.Tool.Library\Framework.ToolLib.csproj", "{E81275EA-69BD-4FEB-974E-C2F8A4F613F6}"
EndProject
Project("{D954291E-2A0B-460D-934E-DC6B0785DB48}") = "Goedel.Tool.Domainer", "Domainer\Goedel.Tool.Domainer\Goedel.Tool.Domainer.shproj", "{608732B4-132C-41A3-B785-164FF4239B20}"
EndProject
Project("{D954291E-2A0B-460D-934E-DC6B0785DB48}") = "Goedel.Tool.Exceptional", "Exceptional\Goedel.Tool.Exceptional\Goedel.Tool.Exceptional.shproj", "{64815D6D-201E-4039-B1BD-FE85C44B8126}"
EndProject
Project("{FAE04EC0-301F-11D3-BF4B-00C04F79EFBC}") = "Goedel.Tool.ASN-Framework", "ASN\Goedel.Tool.ASN-Framework\Goedel.Tool.ASN-Framework.csproj", "{D09D4813-55B9-41ED-BC8A-9BC7B79DC51B}"
EndProject
Project("{D954291E-2A0B-460D-934E-DC6B0785DB48}") = "Goedel.Tool.FSRGen", "FSRGen\Goedel.Tool.FSRGen\Goedel.Tool.FSRGen.shproj", "{3622EFBF-83DE-4AF2-AE1A-76FB2368CCF8}"
EndProject
Project("{D954291E-2A0B-460D-934E-DC6B0785DB48}") = "Goedel.Tool.Schema", "Goedel3\Goedel.Tool.Schema\Goedel.Tool.Schema.shproj", "{D276DD3C-B102-49C8-9DF5-C22A45D1D05D}"
EndProject
Project("{D954291E-2A0B-460D-934E-DC6B0785DB48}") = "Goedel.Tool.Script", "GScript\Goedel.Tool.Script\Goedel.Tool.Script.shproj", "{7D3B1B22-F249-4389-AB94-790757144AA2}"
EndProject
Project("{D954291E-2A0B-460D-934E-DC6B0785DB48}") = "Goedel.Tool.Makey", "MakeyMakey\Goedel.Tool.Makey\Goedel.Tool.Makey.shproj", "{5288BB4F-3685-4F5F-AFD0-596DBDF843B5}"
EndProject
Project("{D954291E-2A0B-460D-934E-DC6B0785DB48}") = "Goedel.Tool.Protogen", "Protogen\Goedel.Tool.Protogen\Goedel.Tool.Protogen.shproj", "{04206448-FF4B-430D-8270-A4CBFA9D2FA3}"
EndProject
Project("{D954291E-2A0B-460D-934E-DC6B0785DB48}") = "Goedel.Tool.RegistryConfig", "RegistryConfig\Goedel.Tool.RegistryConfig\Goedel.Tool.RegistryConfig.shproj", "{CF7AD1DB-76C4-46FD-BE2C-A972CDF22059}"
EndProject
Project("{D954291E-2A0B-460D-934E-DC6B0785DB48}") = "Goedel.Tool.VSIXBuild", "VSIXBuild\Goedel.Tool.VSIXBuild\Goedel.Tool.VSIXBuild.shproj", "{145387D3-292E-4E16-B16B-E2E0B0755A5B}"
EndProject
Project("{D954291E-2A0B-460D-934E-DC6B0785DB48}") = "Goedel.Tool.Command", "Command\Goedel.Tool.Command\Goedel.Tool.Command.shproj", "{5A910D73-F8EA-48A5-A325-1F7EBDCE92F7}"
EndProject
Project("{FAE04EC0-301F-11D3-BF4B-00C04F79EFBC}") = "Goedel.Tool.Exceptional-Framework", "Exceptional\Goedel.Tool.Exceptional-Framework\Goedel.Tool.Exceptional-Framework.csproj", "{5AF7D364-3DB0-4DA2-A8C1-ECC80E1924DA}"
EndProject
Project("{FAE04EC0-301F-11D3-BF4B-00C04F79EFBC}") = "Goedel.Tool.FSRGen-Framework", "FSRGen\Goedel.Tool.FSRGen-Framework\Goedel.Tool.FSRGen-Framework.csproj", "{E3BF5CFE-E5B3-4317-B78C-B3CEEFE9F889}"
EndProject
Project("{FAE04EC0-301F-11D3-BF4B-00C04F79EFBC}") = "Goedel.Tool.Schema-Framework", "Goedel3\Goedel.Tool.Schema-Framework\Goedel.Tool.Schema-Framework.csproj", "{061ACD71-2FF0-48C8-96D5-616CED65FA8F}"
EndProject
Project("{FAE04EC0-301F-11D3-BF4B-00C04F79EFBC}") = "Goedel.Tool.Script-Framework", "GScript\Goedel.Tool.Script-Framework\Goedel.Tool.Script-Framework.csproj", "{8D243206-A118-4BA4-8BD6-45593818D35D}"
EndProject
Project("{FAE04EC0-301F-11D3-BF4B-00C04F79EFBC}") = "Goedel.Tool.Makey-Framework", "MakeyMakey\Goedel.Tool.Makey-Framework\Goedel.Tool.Makey-Framework.csproj", "{CA76E3F9-6732-4064-9CF5-FFE87C6015BC}"
	ProjectSection(ProjectDependencies) = postProject
		{C22AA4A5-F0A0-4CFF-AB4D-7A02F5DFB59E} = {C22AA4A5-F0A0-4CFF-AB4D-7A02F5DFB59E}
	EndProjectSection
EndProject
Project("{FAE04EC0-301F-11D3-BF4B-00C04F79EFBC}") = "Goedel.Tool.Protogen-Framework", "Protogen\Goedel.Tool.Protogen-Framework\Goedel.Tool.Protogen-Framework.csproj", "{529F25C0-4803-4259-8CFC-F666F0978A1A}"
EndProject
Project("{FAE04EC0-301F-11D3-BF4B-00C04F79EFBC}") = "Goedel.Tool.RegistryConfig-Framework", "RegistryConfig\Goedel.Tool.RegistryConfig-Framework\Goedel.Tool.RegistryConfig-Framework.csproj", "{39F8B245-C848-4B76-935F-837D8DD7FA46}"
EndProject
Project("{FAE04EC0-301F-11D3-BF4B-00C04F79EFBC}") = "Goedel.Tool.VSIXBuild-Framework", "VSIXBuild\Goedel.Tool.VSIXBuild-Framework\Goedel.Tool.VSIXBuild-Framework.csproj", "{07808B38-BCC9-442D-BEF7-D0B165127607}"
EndProject
Project("{D954291E-2A0B-460D-934E-DC6B0785DB48}") = "Goedel.Document.Markdown", "DocTools\Goedel.Document.Markdown\Goedel.Document.Markdown.shproj", "{1326416B-712A-44D0-AE00-AD0DDF7F9258}"
EndProject
Project("{FAE04EC0-301F-11D3-BF4B-00C04F79EFBC}") = "RFCTools-Framework", "DocTools\RFCTools-Framework\RFCTools-Framework.csproj", "{64E3BA39-E3DA-4B2A-A694-7C77E463C249}"
EndProject
Project("{FAE04EC0-301F-11D3-BF4B-00C04F79EFBC}") = "Goedel.Tool.Command-Framework", "Command\Goedel.Tool.Command-Framework\Goedel.Tool.Command-Framework.csproj", "{384CA8F5-9255-483A-83E9-547F526CF278}"
EndProject
Project("{D954291E-2A0B-460D-934E-DC6B0785DB48}") = "Goedel.Document.OpenXML", "DocTools\Goedel.Document.OpenXML\Goedel.Document.OpenXML.shproj", "{A25A14DA-8AC5-445E-9562-46C11C54EA15}"
EndProject
Project("{D954291E-2A0B-460D-934E-DC6B0785DB48}") = "Goedel.Document.RFC", "DocTools\Goedel.Document.RFC\Goedel.Document.RFC.shproj", "{7C30FBE5-8E08-4687-AD68-8028819D5E57}"
EndProject
Project("{D954291E-2A0B-460D-934E-DC6B0785DB48}") = "Goedel.Document.RFCConvert", "DocTools\Goedel.Document.RFCConvert\Goedel.Document.RFCConvert.shproj", "{03C081D6-FE5A-4A20-B387-8A960A45E77F}"
EndProject
Project("{FAE04EC0-301F-11D3-BF4B-00C04F79EFBC}") = "VSIX", "Release\VSIX\VSIX.csproj", "{136EFD1D-9D36-441E-994F-85E0356DFFD9}"
EndProject
Project("{FAE04EC0-301F-11D3-BF4B-00C04F79EFBC}") = "Goedel.Tool.Domainer-Framework", "Domainer\Goedel.Tool.Domainer-Framework\Goedel.Tool.Domainer-Framework.csproj", "{AA499CEB-DA59-4035-B869-29522712B4F0}"
EndProject
Project("{D954291E-2A0B-460D-934E-DC6B0785DB48}") = "Goedel.ASN-Shared", "..\mmm\Libraries\Goedel.ASN\Goedel.ASN-Shared.shproj", "{F1D1EE3E-82B7-4410-902A-C334D1D2AC47}"
EndProject
Project("{D954291E-2A0B-460D-934E-DC6B0785DB48}") = "Goedel.Command-Shared", "..\mmm\Libraries\Goedel.Command\Goedel.Command-Shared.shproj", "{10573A9C-5F44-4B7A-AF12-5D7EC971F783}"
EndProject
Project("{D954291E-2A0B-460D-934E-DC6B0785DB48}") = "Goedel.FSR-Shared", "..\mmm\Libraries\Goedel.FSR\Goedel.FSR-Shared.shproj", "{8774E85C-F054-4235-A02C-D180BA05E316}"
EndProject
Project("{D954291E-2A0B-460D-934E-DC6B0785DB48}") = "Goedel.IO-Shared", "..\mmm\Libraries\Goedel.IO\Goedel.IO-Shared.shproj", "{9FA5A13A-56EC-4DEC-A3EE-5963F76C44E5}"
EndProject
Project("{D954291E-2A0B-460D-934E-DC6B0785DB48}") = "Goedel.Registry-Shared", "..\mmm\Libraries\Goedel.Registry\Goedel.Registry-Shared.shproj", "{9E9408AD-AA85-4365-A553-062F9DC98822}"
EndProject
Project("{D954291E-2A0B-460D-934E-DC6B0785DB48}") = "Goedel.Utilities-Shared", "..\mmm\Libraries\Goedel.Utilities\Goedel.Utilities-Shared.shproj", "{415214FC-4792-4519-A93F-315F2EA97CFF}"
EndProject
Project("{FAE04EC0-301F-11D3-BF4B-00C04F79EFBC}") = "ToolLib", "..\mmm\Libraries\Core\Goedel.Tool.Shell\ToolLib.csproj", "{573F1F3C-C0A9-4272-B054-068CAA8EF8AA}"
EndProject
Project("{9A19103F-16F7-4668-BE54-9A1E7A4F7556}") = "Goedel.IO", "..\mmm\Libraries\Core\Goedel.IO\Goedel.IO.csproj", "{8BECC8C8-00BC-4972-919E-283D96953B41}"
EndProject
Project("{2150E333-8FDC-42A3-9474-1A3956D46DE8}") = "Tool DNSConfig", "Tool DNSConfig", "{8D9AC879-C123-4356-B9B6-BE5393FCBFF8}"
EndProject
Project("{D954291E-2A0B-460D-934E-DC6B0785DB48}") = "Goedel.Tool.DNSConfig", "DNSConfig\Goedel.Tool.DNSConfig\Goedel.Tool.DNSConfig.shproj", "{9C81E246-38A7-4567-B2DB-F1DBDE2A0B65}"
EndProject
Project("{FAE04EC0-301F-11D3-BF4B-00C04F79EFBC}") = "Goedel.Tool.Domainer-DNSConfig", "DNSConfig\Goedel.Tool.DNSConfig-Framework\Goedel.Tool.Domainer-DNSConfig.csproj", "{65A9786E-96BB-4D81-BD41-E9C81E15DA05}"
EndProject
Project("{9A19103F-16F7-4668-BE54-9A1E7A4F7556}") = "srvconf", "DNSConfig\srvconf\srvconf.csproj", "{627A80A7-F304-444E-B1DF-0F5A9515716F}"
EndProject
Project("{D954291E-2A0B-460D-934E-DC6B0785DB48}") = "Goedel.Discovery-Shared", "..\mmm\Libraries\Goedel.Discovery\Goedel.Discovery-Shared.shproj", "{E0560A9E-5A6C-464D-8114-10E9889882B3}"
EndProject
Project("{E24C65DC-7377-472B-9ABA-BC803B73C61A}") = "Source", "DocTools\TestWeb\Source\", "{88239AFF-1B8E-4B6C-92C1-DE0357B260B5}"
	ProjectSection(WebsiteProperties) = preProject
		TargetFrameworkMoniker = ".NETFramework,Version%3Dv4.0"
		Debug.AspNetCompiler.VirtualPath = "/localhost_56758"
		Debug.AspNetCompiler.PhysicalPath = "DocTools\TestWeb\Source\"
		Debug.AspNetCompiler.TargetPath = "PrecompiledWeb\localhost_56758\"
		Debug.AspNetCompiler.Updateable = "true"
		Debug.AspNetCompiler.ForceOverwrite = "true"
		Debug.AspNetCompiler.FixedNames = "false"
		Debug.AspNetCompiler.Debug = "True"
		Release.AspNetCompiler.VirtualPath = "/localhost_56758"
		Release.AspNetCompiler.PhysicalPath = "DocTools\TestWeb\Source\"
		Release.AspNetCompiler.TargetPath = "PrecompiledWeb\localhost_56758\"
		Release.AspNetCompiler.Updateable = "true"
		Release.AspNetCompiler.ForceOverwrite = "true"
		Release.AspNetCompiler.FixedNames = "false"
		Release.AspNetCompiler.Debug = "False"
		VWDPort = "56758"
		SlnRelativePath = "DocTools\TestWeb\Source\"
	EndProjectSection
EndProject
Project("{E24C65DC-7377-472B-9ABA-BC803B73C61A}") = "Target", "DocTools\TestWeb\Target\", "{90889A06-1694-4B38-9592-49CF069E4E20}"
	ProjectSection(WebsiteProperties) = preProject
		TargetFrameworkMoniker = ".NETFramework,Version%3Dv4.0"
		Debug.AspNetCompiler.VirtualPath = "/localhost_56759"
		Debug.AspNetCompiler.PhysicalPath = "DocTools\TestWeb\Target\"
		Debug.AspNetCompiler.TargetPath = "PrecompiledWeb\localhost_56759\"
		Debug.AspNetCompiler.Updateable = "true"
		Debug.AspNetCompiler.ForceOverwrite = "true"
		Debug.AspNetCompiler.FixedNames = "false"
		Debug.AspNetCompiler.Debug = "True"
		Release.AspNetCompiler.VirtualPath = "/localhost_56759"
		Release.AspNetCompiler.PhysicalPath = "DocTools\TestWeb\Target\"
		Release.AspNetCompiler.TargetPath = "PrecompiledWeb\localhost_56759\"
		Release.AspNetCompiler.Updateable = "true"
		Release.AspNetCompiler.ForceOverwrite = "true"
		Release.AspNetCompiler.FixedNames = "false"
		Release.AspNetCompiler.Debug = "False"
		VWDPort = "56759"
		SlnRelativePath = "DocTools\TestWeb\Target\"
	EndProjectSection
EndProject
Global
	GlobalSection(SharedMSBuildProjectFiles) = preSolution
		DocTools\Goedel.Document.RFCConvert\Goedel.Document.RFCConvert.projitems*{03c081d6-fe5a-4a20-b387-8a960a45e77f}*SharedItemsImports = 13
		Protogen\Goedel.Tool.Protogen\Goedel.Tool.Protogen.projitems*{04206448-ff4b-430d-8270-a4cbfa9d2fa3}*SharedItemsImports = 13
		Goedel3\Goedel.Tool.Schema\Goedel.Tool.Schema.projitems*{061acd71-2ff0-48c8-96d5-616ced65fa8f}*SharedItemsImports = 4
		VSIXBuild\Goedel.Tool.VSIXBuild\Goedel.Tool.VSIXBuild.projitems*{07808b38-bcc9-442d-bef7-d0b165127607}*SharedItemsImports = 4
		..\mmm\Libraries\Goedel.Command\Goedel.Command.projitems*{10573a9c-5f44-4b7a-af12-5d7ec971f783}*SharedItemsImports = 13
		DocTools\Goedel.Document.Markdown\Goedel.Document.Markdown.projitems*{1326416b-712a-44d0-ae00-ad0ddf7f9258}*SharedItemsImports = 13
		VSIXBuild\Goedel.Tool.VSIXBuild\Goedel.Tool.VSIXBuild.projitems*{145387d3-292e-4e16-b16b-e2e0b0755a5b}*SharedItemsImports = 13
		FSRGen\Goedel.Tool.FSRGen\Goedel.Tool.FSRGen.projitems*{3622efbf-83de-4af2-ae1a-76fb2368ccf8}*SharedItemsImports = 13
		Command\Goedel.Tool.Command\Goedel.Tool.Command.projitems*{384ca8f5-9255-483a-83e9-547f526cf278}*SharedItemsImports = 4
		RegistryConfig\Goedel.Tool.RegistryConfig\Goedel.Tool.RegistryConfig.projitems*{39f8b245-c848-4b76-935f-837d8dd7fa46}*SharedItemsImports = 4
		..\mmm\Libraries\Goedel.Utilities\Goedel.Utilities.projitems*{415214fc-4792-4519-a93f-315f2ea97cff}*SharedItemsImports = 13
		MakeyMakey\Goedel.Tool.Makey\Goedel.Tool.Makey.projitems*{5288bb4f-3685-4f5f-afd0-596dbdf843b5}*SharedItemsImports = 13
		Protogen\Goedel.Tool.Protogen\Goedel.Tool.Protogen.projitems*{529f25c0-4803-4259-8cfc-f666f0978a1a}*SharedItemsImports = 4
		..\mmm\Libraries\Goedel.Command\Goedel.Command.projitems*{573f1f3c-c0a9-4272-b054-068caa8ef8aa}*SharedItemsImports = 4
		..\mmm\Libraries\Goedel.Discovery\Goedel.Discovery.projitems*{573f1f3c-c0a9-4272-b054-068caa8ef8aa}*SharedItemsImports = 4
		..\mmm\Libraries\Goedel.FSR\Goedel.FSR.projitems*{573f1f3c-c0a9-4272-b054-068caa8ef8aa}*SharedItemsImports = 4
		..\mmm\Libraries\Goedel.Registry\Goedel.Registry.projitems*{573f1f3c-c0a9-4272-b054-068caa8ef8aa}*SharedItemsImports = 4
		..\mmm\Libraries\Goedel.Utilities\Goedel.Utilities.projitems*{573f1f3c-c0a9-4272-b054-068caa8ef8aa}*SharedItemsImports = 4
		Command\Goedel.Tool.Command\Goedel.Tool.Command.projitems*{5a910d73-f8ea-48a5-a325-1f7ebdce92f7}*SharedItemsImports = 13
		Exceptional\Goedel.Tool.Exceptional\Goedel.Tool.Exceptional.projitems*{5af7d364-3db0-4da2-a8c1-ecc80e1924da}*SharedItemsImports = 4
		Domainer\Goedel.Tool.Domainer\Goedel.Tool.Domainer.projitems*{608732b4-132c-41a3-b785-164ff4239b20}*SharedItemsImports = 13
		Exceptional\Goedel.Tool.Exceptional\Goedel.Tool.Exceptional.projitems*{64815d6d-201e-4039-b1bd-fe85c44b8126}*SharedItemsImports = 13
		DocTools\Goedel.Document.Markdown\Goedel.Document.Markdown.projitems*{64e3ba39-e3da-4b2a-a694-7c77e463c249}*SharedItemsImports = 4
		DocTools\Goedel.Document.RFCConvert\Goedel.Document.RFCConvert.projitems*{64e3ba39-e3da-4b2a-a694-7c77e463c249}*SharedItemsImports = 4
		DocTools\Goedel.Document.RFC\Goedel.Document.RFC.projitems*{64e3ba39-e3da-4b2a-a694-7c77e463c249}*SharedItemsImports = 4
		..\mmm\Libraries\Goedel.IO\Goedel.IO.projitems*{64e3ba39-e3da-4b2a-a694-7c77e463c249}*SharedItemsImports = 4
		DocTools\Goedel.Document.RFC\Goedel.Document.RFC.projitems*{7c30fbe5-8e08-4687-ad68-8028819d5e57}*SharedItemsImports = 13
		GScript\Goedel.Tool.Script\Goedel.Tool.Script.projitems*{7d3b1b22-f249-4389-ab94-790757144aa2}*SharedItemsImports = 13
		..\mmm\Libraries\Goedel.FSR\Goedel.FSR.projitems*{8774e85c-f054-4235-a02c-d180ba05e316}*SharedItemsImports = 13
		GScript\Goedel.Tool.Script\Goedel.Tool.Script.projitems*{8d243206-a118-4ba4-8bd6-45593818d35d}*SharedItemsImports = 4
		DNSConfig\Goedel.Tool.DNSConfig\Goedel.Tool.DNSConfig.projitems*{9c81e246-38a7-4567-b2db-f1dbde2a0b65}*SharedItemsImports = 13
		..\mmm\Libraries\Goedel.Registry\Goedel.Registry.projitems*{9e9408ad-aa85-4365-a553-062f9dc98822}*SharedItemsImports = 13
		..\mmm\Libraries\Goedel.IO\Goedel.IO.projitems*{9fa5a13a-56ec-4dec-a3ee-5963f76c44e5}*SharedItemsImports = 13
		DocTools\Goedel.Document.OpenXML\Goedel.Document.OpenXML.projitems*{a25a14da-8ac5-445e-9562-46c11c54ea15}*SharedItemsImports = 13
		Domainer\Goedel.Tool.Domainer\Goedel.Tool.Domainer.projitems*{aa499ceb-da59-4035-b869-29522712b4f0}*SharedItemsImports = 4
		ASN\Goedel.Tool.ASN\Goedel.Tool.ASN.projitems*{c4be31be-8172-455d-a94f-275410348065}*SharedItemsImports = 13
		MakeyMakey\Goedel.Tool.Makey\Goedel.Tool.Makey.projitems*{ca76e3f9-6732-4064-9cf5-ffe87c6015bc}*SharedItemsImports = 4
		RegistryConfig\Goedel.Tool.RegistryConfig\Goedel.Tool.RegistryConfig.projitems*{cf7ad1db-76c4-46fd-be2c-a972cdf22059}*SharedItemsImports = 13
		ASN\Goedel.Tool.ASN\Goedel.Tool.ASN.projitems*{d09d4813-55b9-41ed-bc8a-9bc7b79dc51b}*SharedItemsImports = 4
		..\mmm\Libraries\Goedel.ASN\Goedel.ASN.projitems*{d09d4813-55b9-41ed-bc8a-9bc7b79dc51b}*SharedItemsImports = 4
		Goedel3\Goedel.Tool.Schema\Goedel.Tool.Schema.projitems*{d276dd3c-b102-49c8-9df5-c22a45d1d05d}*SharedItemsImports = 13
		..\mmm\Libraries\Goedel.Discovery\Goedel.Discovery.projitems*{e0560a9e-5a6c-464d-8114-10e9889882b3}*SharedItemsImports = 13
		FSRGen\Goedel.Tool.FSRGen\Goedel.Tool.FSRGen.projitems*{e3bf5cfe-e5b3-4317-b78c-b3ceefe9f889}*SharedItemsImports = 4
		..\mmm\Libraries\Goedel.Discovery\Goedel.Discovery.projitems*{e81275ea-69bd-4feb-974e-c2f8a4f613f6}*SharedItemsImports = 4
		..\mmm\Libraries\Goedel.FSR\Goedel.FSR.projitems*{e81275ea-69bd-4feb-974e-c2f8a4f613f6}*SharedItemsImports = 4
		..\mmm\Libraries\Goedel.Registry\Goedel.Registry.projitems*{e81275ea-69bd-4feb-974e-c2f8a4f613f6}*SharedItemsImports = 4
		..\mmm\Libraries\Goedel.Utilities\Goedel.Utilities.projitems*{e81275ea-69bd-4feb-974e-c2f8a4f613f6}*SharedItemsImports = 4
		..\mmm\Libraries\Goedel.ASN\Goedel.ASN.projitems*{f1d1ee3e-82b7-4410-902a-c334d1d2ac47}*SharedItemsImports = 13
	EndGlobalSection
	GlobalSection(SolutionConfigurationPlatforms) = preSolution
		Debug|Any CPU = Debug|Any CPU
		Debug|x86 = Debug|x86
		DotNet|Any CPU = DotNet|Any CPU
		DotNet|x86 = DotNet|x86
		Publish|Any CPU = Publish|Any CPU
		Publish|x86 = Publish|x86
		Release|Any CPU = Release|Any CPU
		Release|x86 = Release|x86
	EndGlobalSection
	GlobalSection(ProjectConfigurationPlatforms) = postSolution
		{54D70C8D-707D-4456-BBD0-3210F42CA97C}.Debug|Any CPU.ActiveCfg = Debug|Any CPU
		{54D70C8D-707D-4456-BBD0-3210F42CA97C}.Debug|Any CPU.Build.0 = Debug|Any CPU
		{54D70C8D-707D-4456-BBD0-3210F42CA97C}.Debug|x86.ActiveCfg = Debug|Any CPU
		{54D70C8D-707D-4456-BBD0-3210F42CA97C}.Debug|x86.Build.0 = Debug|Any CPU
		{54D70C8D-707D-4456-BBD0-3210F42CA97C}.DotNet|Any CPU.ActiveCfg = Debug|Any CPU
		{54D70C8D-707D-4456-BBD0-3210F42CA97C}.DotNet|Any CPU.Build.0 = Debug|Any CPU
		{54D70C8D-707D-4456-BBD0-3210F42CA97C}.DotNet|x86.ActiveCfg = Debug|Any CPU
		{54D70C8D-707D-4456-BBD0-3210F42CA97C}.DotNet|x86.Build.0 = Debug|Any CPU
		{54D70C8D-707D-4456-BBD0-3210F42CA97C}.Publish|Any CPU.ActiveCfg = Debug|Any CPU
		{54D70C8D-707D-4456-BBD0-3210F42CA97C}.Publish|Any CPU.Build.0 = Debug|Any CPU
		{54D70C8D-707D-4456-BBD0-3210F42CA97C}.Publish|x86.ActiveCfg = Debug|Any CPU
		{54D70C8D-707D-4456-BBD0-3210F42CA97C}.Publish|x86.Build.0 = Debug|Any CPU
		{54D70C8D-707D-4456-BBD0-3210F42CA97C}.Release|Any CPU.ActiveCfg = Release|Any CPU
		{54D70C8D-707D-4456-BBD0-3210F42CA97C}.Release|Any CPU.Build.0 = Release|Any CPU
		{54D70C8D-707D-4456-BBD0-3210F42CA97C}.Release|x86.ActiveCfg = Release|Any CPU
		{54D70C8D-707D-4456-BBD0-3210F42CA97C}.Release|x86.Build.0 = Release|Any CPU
		{85063EFC-7090-42AD-B562-006087DE9AA6}.Debug|Any CPU.ActiveCfg = Debug|Any CPU
		{85063EFC-7090-42AD-B562-006087DE9AA6}.Debug|Any CPU.Build.0 = Debug|Any CPU
		{85063EFC-7090-42AD-B562-006087DE9AA6}.Debug|x86.ActiveCfg = Debug|Any CPU
		{85063EFC-7090-42AD-B562-006087DE9AA6}.Debug|x86.Build.0 = Debug|Any CPU
		{85063EFC-7090-42AD-B562-006087DE9AA6}.DotNet|Any CPU.ActiveCfg = Debug|Any CPU
		{85063EFC-7090-42AD-B562-006087DE9AA6}.DotNet|Any CPU.Build.0 = Debug|Any CPU
		{85063EFC-7090-42AD-B562-006087DE9AA6}.DotNet|x86.ActiveCfg = Debug|Any CPU
		{85063EFC-7090-42AD-B562-006087DE9AA6}.DotNet|x86.Build.0 = Debug|Any CPU
		{85063EFC-7090-42AD-B562-006087DE9AA6}.Publish|Any CPU.ActiveCfg = Debug|Any CPU
		{85063EFC-7090-42AD-B562-006087DE9AA6}.Publish|Any CPU.Build.0 = Debug|Any CPU
		{85063EFC-7090-42AD-B562-006087DE9AA6}.Publish|x86.ActiveCfg = Debug|Any CPU
		{85063EFC-7090-42AD-B562-006087DE9AA6}.Publish|x86.Build.0 = Debug|Any CPU
		{85063EFC-7090-42AD-B562-006087DE9AA6}.Release|Any CPU.ActiveCfg = Release|Any CPU
		{85063EFC-7090-42AD-B562-006087DE9AA6}.Release|Any CPU.Build.0 = Release|Any CPU
		{85063EFC-7090-42AD-B562-006087DE9AA6}.Release|x86.ActiveCfg = Release|Any CPU
		{85063EFC-7090-42AD-B562-006087DE9AA6}.Release|x86.Build.0 = Release|Any CPU
		{4256F87B-9BA6-4996-A4DD-DC1E36136054}.Debug|Any CPU.ActiveCfg = Debug|Any CPU
		{4256F87B-9BA6-4996-A4DD-DC1E36136054}.Debug|Any CPU.Build.0 = Debug|Any CPU
		{4256F87B-9BA6-4996-A4DD-DC1E36136054}.Debug|x86.ActiveCfg = Debug|Any CPU
		{4256F87B-9BA6-4996-A4DD-DC1E36136054}.Debug|x86.Build.0 = Debug|Any CPU
		{4256F87B-9BA6-4996-A4DD-DC1E36136054}.DotNet|Any CPU.ActiveCfg = Debug|Any CPU
		{4256F87B-9BA6-4996-A4DD-DC1E36136054}.DotNet|Any CPU.Build.0 = Debug|Any CPU
		{4256F87B-9BA6-4996-A4DD-DC1E36136054}.DotNet|x86.ActiveCfg = Debug|Any CPU
		{4256F87B-9BA6-4996-A4DD-DC1E36136054}.DotNet|x86.Build.0 = Debug|Any CPU
		{4256F87B-9BA6-4996-A4DD-DC1E36136054}.Publish|Any CPU.ActiveCfg = Debug|Any CPU
		{4256F87B-9BA6-4996-A4DD-DC1E36136054}.Publish|Any CPU.Build.0 = Debug|Any CPU
		{4256F87B-9BA6-4996-A4DD-DC1E36136054}.Publish|x86.ActiveCfg = Debug|Any CPU
		{4256F87B-9BA6-4996-A4DD-DC1E36136054}.Publish|x86.Build.0 = Debug|Any CPU
		{4256F87B-9BA6-4996-A4DD-DC1E36136054}.Release|Any CPU.ActiveCfg = Release|Any CPU
		{4256F87B-9BA6-4996-A4DD-DC1E36136054}.Release|Any CPU.Build.0 = Release|Any CPU
		{4256F87B-9BA6-4996-A4DD-DC1E36136054}.Release|x86.ActiveCfg = Release|Any CPU
		{4256F87B-9BA6-4996-A4DD-DC1E36136054}.Release|x86.Build.0 = Release|Any CPU
		{D320C73F-F09A-4ED2-8FBF-3975220FD869}.Debug|Any CPU.ActiveCfg = Debug|Any CPU
		{D320C73F-F09A-4ED2-8FBF-3975220FD869}.Debug|Any CPU.Build.0 = Debug|Any CPU
		{D320C73F-F09A-4ED2-8FBF-3975220FD869}.Debug|x86.ActiveCfg = Debug|Any CPU
		{D320C73F-F09A-4ED2-8FBF-3975220FD869}.Debug|x86.Build.0 = Debug|Any CPU
		{D320C73F-F09A-4ED2-8FBF-3975220FD869}.DotNet|Any CPU.ActiveCfg = Debug|Any CPU
		{D320C73F-F09A-4ED2-8FBF-3975220FD869}.DotNet|Any CPU.Build.0 = Debug|Any CPU
		{D320C73F-F09A-4ED2-8FBF-3975220FD869}.DotNet|x86.ActiveCfg = Debug|Any CPU
		{D320C73F-F09A-4ED2-8FBF-3975220FD869}.DotNet|x86.Build.0 = Debug|Any CPU
		{D320C73F-F09A-4ED2-8FBF-3975220FD869}.Publish|Any CPU.ActiveCfg = Debug|Any CPU
		{D320C73F-F09A-4ED2-8FBF-3975220FD869}.Publish|Any CPU.Build.0 = Debug|Any CPU
		{D320C73F-F09A-4ED2-8FBF-3975220FD869}.Publish|x86.ActiveCfg = Debug|Any CPU
		{D320C73F-F09A-4ED2-8FBF-3975220FD869}.Publish|x86.Build.0 = Debug|Any CPU
		{D320C73F-F09A-4ED2-8FBF-3975220FD869}.Release|Any CPU.ActiveCfg = Release|Any CPU
		{D320C73F-F09A-4ED2-8FBF-3975220FD869}.Release|Any CPU.Build.0 = Release|Any CPU
		{D320C73F-F09A-4ED2-8FBF-3975220FD869}.Release|x86.ActiveCfg = Release|Any CPU
		{D320C73F-F09A-4ED2-8FBF-3975220FD869}.Release|x86.Build.0 = Release|Any CPU
		{41A32FD3-3814-4370-A2C7-AE6E29F4AB01}.Debug|Any CPU.ActiveCfg = Debug|Any CPU
		{41A32FD3-3814-4370-A2C7-AE6E29F4AB01}.Debug|Any CPU.Build.0 = Debug|Any CPU
		{41A32FD3-3814-4370-A2C7-AE6E29F4AB01}.Debug|x86.ActiveCfg = Debug|Any CPU
		{41A32FD3-3814-4370-A2C7-AE6E29F4AB01}.Debug|x86.Build.0 = Debug|Any CPU
		{41A32FD3-3814-4370-A2C7-AE6E29F4AB01}.DotNet|Any CPU.ActiveCfg = Debug|Any CPU
		{41A32FD3-3814-4370-A2C7-AE6E29F4AB01}.DotNet|Any CPU.Build.0 = Debug|Any CPU
		{41A32FD3-3814-4370-A2C7-AE6E29F4AB01}.DotNet|x86.ActiveCfg = Debug|Any CPU
		{41A32FD3-3814-4370-A2C7-AE6E29F4AB01}.DotNet|x86.Build.0 = Debug|Any CPU
		{41A32FD3-3814-4370-A2C7-AE6E29F4AB01}.Publish|Any CPU.ActiveCfg = Debug|Any CPU
		{41A32FD3-3814-4370-A2C7-AE6E29F4AB01}.Publish|Any CPU.Build.0 = Debug|Any CPU
		{41A32FD3-3814-4370-A2C7-AE6E29F4AB01}.Publish|x86.ActiveCfg = Debug|Any CPU
		{41A32FD3-3814-4370-A2C7-AE6E29F4AB01}.Publish|x86.Build.0 = Debug|Any CPU
		{41A32FD3-3814-4370-A2C7-AE6E29F4AB01}.Release|Any CPU.ActiveCfg = Release|Any CPU
		{41A32FD3-3814-4370-A2C7-AE6E29F4AB01}.Release|Any CPU.Build.0 = Release|Any CPU
		{41A32FD3-3814-4370-A2C7-AE6E29F4AB01}.Release|x86.ActiveCfg = Release|Any CPU
		{41A32FD3-3814-4370-A2C7-AE6E29F4AB01}.Release|x86.Build.0 = Release|Any CPU
		{C0C2037E-ECF1-4FBF-82F8-7C2E6FEB0D3F}.Debug|Any CPU.ActiveCfg = Debug|Any CPU
		{C0C2037E-ECF1-4FBF-82F8-7C2E6FEB0D3F}.Debug|Any CPU.Build.0 = Debug|Any CPU
		{C0C2037E-ECF1-4FBF-82F8-7C2E6FEB0D3F}.Debug|x86.ActiveCfg = Debug|Any CPU
		{C0C2037E-ECF1-4FBF-82F8-7C2E6FEB0D3F}.Debug|x86.Build.0 = Debug|Any CPU
		{C0C2037E-ECF1-4FBF-82F8-7C2E6FEB0D3F}.DotNet|Any CPU.ActiveCfg = Debug|Any CPU
		{C0C2037E-ECF1-4FBF-82F8-7C2E6FEB0D3F}.DotNet|Any CPU.Build.0 = Debug|Any CPU
		{C0C2037E-ECF1-4FBF-82F8-7C2E6FEB0D3F}.DotNet|x86.ActiveCfg = Debug|Any CPU
		{C0C2037E-ECF1-4FBF-82F8-7C2E6FEB0D3F}.DotNet|x86.Build.0 = Debug|Any CPU
		{C0C2037E-ECF1-4FBF-82F8-7C2E6FEB0D3F}.Publish|Any CPU.ActiveCfg = Debug|Any CPU
		{C0C2037E-ECF1-4FBF-82F8-7C2E6FEB0D3F}.Publish|Any CPU.Build.0 = Debug|Any CPU
		{C0C2037E-ECF1-4FBF-82F8-7C2E6FEB0D3F}.Publish|x86.ActiveCfg = Debug|Any CPU
		{C0C2037E-ECF1-4FBF-82F8-7C2E6FEB0D3F}.Publish|x86.Build.0 = Debug|Any CPU
		{C0C2037E-ECF1-4FBF-82F8-7C2E6FEB0D3F}.Release|Any CPU.ActiveCfg = Release|Any CPU
		{C0C2037E-ECF1-4FBF-82F8-7C2E6FEB0D3F}.Release|Any CPU.Build.0 = Release|Any CPU
		{C0C2037E-ECF1-4FBF-82F8-7C2E6FEB0D3F}.Release|x86.ActiveCfg = Release|Any CPU
		{C0C2037E-ECF1-4FBF-82F8-7C2E6FEB0D3F}.Release|x86.Build.0 = Release|Any CPU
		{D435A116-81A3-4FA0-AD8F-11B0F49831F9}.Debug|Any CPU.ActiveCfg = Debug|Any CPU
		{D435A116-81A3-4FA0-AD8F-11B0F49831F9}.Debug|Any CPU.Build.0 = Debug|Any CPU
		{D435A116-81A3-4FA0-AD8F-11B0F49831F9}.Debug|x86.ActiveCfg = Debug|Any CPU
		{D435A116-81A3-4FA0-AD8F-11B0F49831F9}.Debug|x86.Build.0 = Debug|Any CPU
		{D435A116-81A3-4FA0-AD8F-11B0F49831F9}.DotNet|Any CPU.ActiveCfg = Debug|Any CPU
		{D435A116-81A3-4FA0-AD8F-11B0F49831F9}.DotNet|Any CPU.Build.0 = Debug|Any CPU
		{D435A116-81A3-4FA0-AD8F-11B0F49831F9}.DotNet|x86.ActiveCfg = Debug|Any CPU
		{D435A116-81A3-4FA0-AD8F-11B0F49831F9}.DotNet|x86.Build.0 = Debug|Any CPU
		{D435A116-81A3-4FA0-AD8F-11B0F49831F9}.Publish|Any CPU.ActiveCfg = Debug|Any CPU
		{D435A116-81A3-4FA0-AD8F-11B0F49831F9}.Publish|Any CPU.Build.0 = Debug|Any CPU
		{D435A116-81A3-4FA0-AD8F-11B0F49831F9}.Publish|x86.ActiveCfg = Debug|Any CPU
		{D435A116-81A3-4FA0-AD8F-11B0F49831F9}.Publish|x86.Build.0 = Debug|Any CPU
		{D435A116-81A3-4FA0-AD8F-11B0F49831F9}.Release|Any CPU.ActiveCfg = Release|Any CPU
		{D435A116-81A3-4FA0-AD8F-11B0F49831F9}.Release|Any CPU.Build.0 = Release|Any CPU
		{D435A116-81A3-4FA0-AD8F-11B0F49831F9}.Release|x86.ActiveCfg = Release|Any CPU
		{D435A116-81A3-4FA0-AD8F-11B0F49831F9}.Release|x86.Build.0 = Release|Any CPU
		{F9BA54CA-95E0-4709-8705-AD52673DFBFE}.Debug|Any CPU.ActiveCfg = Debug|Any CPU
		{F9BA54CA-95E0-4709-8705-AD52673DFBFE}.Debug|Any CPU.Build.0 = Debug|Any CPU
		{F9BA54CA-95E0-4709-8705-AD52673DFBFE}.Debug|x86.ActiveCfg = Debug|Any CPU
		{F9BA54CA-95E0-4709-8705-AD52673DFBFE}.Debug|x86.Build.0 = Debug|Any CPU
		{F9BA54CA-95E0-4709-8705-AD52673DFBFE}.DotNet|Any CPU.ActiveCfg = Debug|Any CPU
		{F9BA54CA-95E0-4709-8705-AD52673DFBFE}.DotNet|Any CPU.Build.0 = Debug|Any CPU
		{F9BA54CA-95E0-4709-8705-AD52673DFBFE}.DotNet|x86.ActiveCfg = Debug|Any CPU
		{F9BA54CA-95E0-4709-8705-AD52673DFBFE}.DotNet|x86.Build.0 = Debug|Any CPU
		{F9BA54CA-95E0-4709-8705-AD52673DFBFE}.Publish|Any CPU.ActiveCfg = Debug|Any CPU
		{F9BA54CA-95E0-4709-8705-AD52673DFBFE}.Publish|Any CPU.Build.0 = Debug|Any CPU
		{F9BA54CA-95E0-4709-8705-AD52673DFBFE}.Publish|x86.ActiveCfg = Debug|Any CPU
		{F9BA54CA-95E0-4709-8705-AD52673DFBFE}.Publish|x86.Build.0 = Debug|Any CPU
		{F9BA54CA-95E0-4709-8705-AD52673DFBFE}.Release|Any CPU.ActiveCfg = Release|Any CPU
		{F9BA54CA-95E0-4709-8705-AD52673DFBFE}.Release|Any CPU.Build.0 = Release|Any CPU
		{F9BA54CA-95E0-4709-8705-AD52673DFBFE}.Release|x86.ActiveCfg = Release|Any CPU
		{F9BA54CA-95E0-4709-8705-AD52673DFBFE}.Release|x86.Build.0 = Release|Any CPU
		{C22AA4A5-F0A0-4CFF-AB4D-7A02F5DFB59E}.Debug|Any CPU.ActiveCfg = Debug|Any CPU
		{C22AA4A5-F0A0-4CFF-AB4D-7A02F5DFB59E}.Debug|Any CPU.Build.0 = Debug|Any CPU
		{C22AA4A5-F0A0-4CFF-AB4D-7A02F5DFB59E}.Debug|x86.ActiveCfg = Debug|Any CPU
		{C22AA4A5-F0A0-4CFF-AB4D-7A02F5DFB59E}.Debug|x86.Build.0 = Debug|Any CPU
		{C22AA4A5-F0A0-4CFF-AB4D-7A02F5DFB59E}.DotNet|Any CPU.ActiveCfg = Debug|Any CPU
		{C22AA4A5-F0A0-4CFF-AB4D-7A02F5DFB59E}.DotNet|Any CPU.Build.0 = Debug|Any CPU
		{C22AA4A5-F0A0-4CFF-AB4D-7A02F5DFB59E}.DotNet|x86.ActiveCfg = Debug|Any CPU
		{C22AA4A5-F0A0-4CFF-AB4D-7A02F5DFB59E}.DotNet|x86.Build.0 = Debug|Any CPU
		{C22AA4A5-F0A0-4CFF-AB4D-7A02F5DFB59E}.Publish|Any CPU.ActiveCfg = Debug|Any CPU
		{C22AA4A5-F0A0-4CFF-AB4D-7A02F5DFB59E}.Publish|Any CPU.Build.0 = Debug|Any CPU
		{C22AA4A5-F0A0-4CFF-AB4D-7A02F5DFB59E}.Publish|x86.ActiveCfg = Debug|Any CPU
		{C22AA4A5-F0A0-4CFF-AB4D-7A02F5DFB59E}.Publish|x86.Build.0 = Debug|Any CPU
		{C22AA4A5-F0A0-4CFF-AB4D-7A02F5DFB59E}.Release|Any CPU.ActiveCfg = Release|Any CPU
		{C22AA4A5-F0A0-4CFF-AB4D-7A02F5DFB59E}.Release|Any CPU.Build.0 = Release|Any CPU
		{C22AA4A5-F0A0-4CFF-AB4D-7A02F5DFB59E}.Release|x86.ActiveCfg = Release|Any CPU
		{C22AA4A5-F0A0-4CFF-AB4D-7A02F5DFB59E}.Release|x86.Build.0 = Release|Any CPU
		{C604A477-72C2-42ED-9A77-2D6673337F7A}.Debug|Any CPU.ActiveCfg = Debug|Any CPU
		{C604A477-72C2-42ED-9A77-2D6673337F7A}.Debug|Any CPU.Build.0 = Debug|Any CPU
		{C604A477-72C2-42ED-9A77-2D6673337F7A}.Debug|x86.ActiveCfg = Debug|Any CPU
		{C604A477-72C2-42ED-9A77-2D6673337F7A}.Debug|x86.Build.0 = Debug|Any CPU
		{C604A477-72C2-42ED-9A77-2D6673337F7A}.DotNet|Any CPU.ActiveCfg = Debug|Any CPU
		{C604A477-72C2-42ED-9A77-2D6673337F7A}.DotNet|Any CPU.Build.0 = Debug|Any CPU
		{C604A477-72C2-42ED-9A77-2D6673337F7A}.DotNet|x86.ActiveCfg = Debug|Any CPU
		{C604A477-72C2-42ED-9A77-2D6673337F7A}.DotNet|x86.Build.0 = Debug|Any CPU
		{C604A477-72C2-42ED-9A77-2D6673337F7A}.Publish|Any CPU.ActiveCfg = Debug|Any CPU
		{C604A477-72C2-42ED-9A77-2D6673337F7A}.Publish|Any CPU.Build.0 = Debug|Any CPU
		{C604A477-72C2-42ED-9A77-2D6673337F7A}.Publish|x86.ActiveCfg = Debug|Any CPU
		{C604A477-72C2-42ED-9A77-2D6673337F7A}.Publish|x86.Build.0 = Debug|Any CPU
		{C604A477-72C2-42ED-9A77-2D6673337F7A}.Release|Any CPU.ActiveCfg = Release|Any CPU
		{C604A477-72C2-42ED-9A77-2D6673337F7A}.Release|Any CPU.Build.0 = Release|Any CPU
		{C604A477-72C2-42ED-9A77-2D6673337F7A}.Release|x86.ActiveCfg = Release|Any CPU
		{C604A477-72C2-42ED-9A77-2D6673337F7A}.Release|x86.Build.0 = Release|Any CPU
		{35BC3550-4ADD-4BB8-A3EE-0F75253CC63A}.Debug|Any CPU.ActiveCfg = Debug|Any CPU
		{35BC3550-4ADD-4BB8-A3EE-0F75253CC63A}.Debug|Any CPU.Build.0 = Debug|Any CPU
		{35BC3550-4ADD-4BB8-A3EE-0F75253CC63A}.Debug|x86.ActiveCfg = Debug|Any CPU
		{35BC3550-4ADD-4BB8-A3EE-0F75253CC63A}.Debug|x86.Build.0 = Debug|Any CPU
		{35BC3550-4ADD-4BB8-A3EE-0F75253CC63A}.DotNet|Any CPU.ActiveCfg = Debug|Any CPU
		{35BC3550-4ADD-4BB8-A3EE-0F75253CC63A}.DotNet|Any CPU.Build.0 = Debug|Any CPU
		{35BC3550-4ADD-4BB8-A3EE-0F75253CC63A}.DotNet|x86.ActiveCfg = Debug|Any CPU
		{35BC3550-4ADD-4BB8-A3EE-0F75253CC63A}.DotNet|x86.Build.0 = Debug|Any CPU
		{35BC3550-4ADD-4BB8-A3EE-0F75253CC63A}.Publish|Any CPU.ActiveCfg = Debug|Any CPU
		{35BC3550-4ADD-4BB8-A3EE-0F75253CC63A}.Publish|Any CPU.Build.0 = Debug|Any CPU
		{35BC3550-4ADD-4BB8-A3EE-0F75253CC63A}.Publish|x86.ActiveCfg = Debug|Any CPU
		{35BC3550-4ADD-4BB8-A3EE-0F75253CC63A}.Publish|x86.Build.0 = Debug|Any CPU
		{35BC3550-4ADD-4BB8-A3EE-0F75253CC63A}.Release|Any CPU.ActiveCfg = Release|Any CPU
		{35BC3550-4ADD-4BB8-A3EE-0F75253CC63A}.Release|Any CPU.Build.0 = Release|Any CPU
		{35BC3550-4ADD-4BB8-A3EE-0F75253CC63A}.Release|x86.ActiveCfg = Release|Any CPU
		{35BC3550-4ADD-4BB8-A3EE-0F75253CC63A}.Release|x86.Build.0 = Release|Any CPU
		{EF9A072D-D974-400F-B118-7BA299F81484}.Debug|Any CPU.ActiveCfg = Debug|Any CPU
		{EF9A072D-D974-400F-B118-7BA299F81484}.Debug|Any CPU.Build.0 = Debug|Any CPU
		{EF9A072D-D974-400F-B118-7BA299F81484}.Debug|x86.ActiveCfg = Debug|Any CPU
		{EF9A072D-D974-400F-B118-7BA299F81484}.Debug|x86.Build.0 = Debug|Any CPU
		{EF9A072D-D974-400F-B118-7BA299F81484}.DotNet|Any CPU.ActiveCfg = Debug|Any CPU
		{EF9A072D-D974-400F-B118-7BA299F81484}.DotNet|Any CPU.Build.0 = Debug|Any CPU
		{EF9A072D-D974-400F-B118-7BA299F81484}.DotNet|x86.ActiveCfg = Debug|Any CPU
		{EF9A072D-D974-400F-B118-7BA299F81484}.DotNet|x86.Build.0 = Debug|Any CPU
		{EF9A072D-D974-400F-B118-7BA299F81484}.Publish|Any CPU.ActiveCfg = Debug|Any CPU
		{EF9A072D-D974-400F-B118-7BA299F81484}.Publish|Any CPU.Build.0 = Debug|Any CPU
		{EF9A072D-D974-400F-B118-7BA299F81484}.Publish|x86.ActiveCfg = Debug|Any CPU
		{EF9A072D-D974-400F-B118-7BA299F81484}.Publish|x86.Build.0 = Debug|Any CPU
		{EF9A072D-D974-400F-B118-7BA299F81484}.Release|Any CPU.ActiveCfg = Release|Any CPU
		{EF9A072D-D974-400F-B118-7BA299F81484}.Release|Any CPU.Build.0 = Release|Any CPU
		{EF9A072D-D974-400F-B118-7BA299F81484}.Release|x86.ActiveCfg = Release|Any CPU
		{EF9A072D-D974-400F-B118-7BA299F81484}.Release|x86.Build.0 = Release|Any CPU
		{01BE8CF8-8989-4E94-ADF0-97340821A660}.Debug|Any CPU.ActiveCfg = Debug|Any CPU
		{01BE8CF8-8989-4E94-ADF0-97340821A660}.Debug|Any CPU.Build.0 = Debug|Any CPU
		{01BE8CF8-8989-4E94-ADF0-97340821A660}.Debug|x86.ActiveCfg = Debug|Any CPU
		{01BE8CF8-8989-4E94-ADF0-97340821A660}.Debug|x86.Build.0 = Debug|Any CPU
		{01BE8CF8-8989-4E94-ADF0-97340821A660}.DotNet|Any CPU.ActiveCfg = Debug|Any CPU
		{01BE8CF8-8989-4E94-ADF0-97340821A660}.DotNet|Any CPU.Build.0 = Debug|Any CPU
		{01BE8CF8-8989-4E94-ADF0-97340821A660}.DotNet|x86.ActiveCfg = Debug|Any CPU
		{01BE8CF8-8989-4E94-ADF0-97340821A660}.DotNet|x86.Build.0 = Debug|Any CPU
		{01BE8CF8-8989-4E94-ADF0-97340821A660}.Publish|Any CPU.ActiveCfg = Debug|Any CPU
		{01BE8CF8-8989-4E94-ADF0-97340821A660}.Publish|Any CPU.Build.0 = Debug|Any CPU
		{01BE8CF8-8989-4E94-ADF0-97340821A660}.Publish|x86.ActiveCfg = Debug|Any CPU
		{01BE8CF8-8989-4E94-ADF0-97340821A660}.Publish|x86.Build.0 = Debug|Any CPU
		{01BE8CF8-8989-4E94-ADF0-97340821A660}.Release|Any CPU.ActiveCfg = Release|Any CPU
		{01BE8CF8-8989-4E94-ADF0-97340821A660}.Release|Any CPU.Build.0 = Release|Any CPU
		{01BE8CF8-8989-4E94-ADF0-97340821A660}.Release|x86.ActiveCfg = Release|Any CPU
		{01BE8CF8-8989-4E94-ADF0-97340821A660}.Release|x86.Build.0 = Release|Any CPU
		{C0807498-46ED-4818-8ECE-A1E966395226}.Debug|Any CPU.ActiveCfg = Debug|Any CPU
		{C0807498-46ED-4818-8ECE-A1E966395226}.Debug|Any CPU.Build.0 = Debug|Any CPU
		{C0807498-46ED-4818-8ECE-A1E966395226}.Debug|x86.ActiveCfg = Debug|Any CPU
		{C0807498-46ED-4818-8ECE-A1E966395226}.Debug|x86.Build.0 = Debug|Any CPU
		{C0807498-46ED-4818-8ECE-A1E966395226}.DotNet|Any CPU.ActiveCfg = Debug|Any CPU
		{C0807498-46ED-4818-8ECE-A1E966395226}.DotNet|Any CPU.Build.0 = Debug|Any CPU
		{C0807498-46ED-4818-8ECE-A1E966395226}.DotNet|x86.ActiveCfg = Debug|Any CPU
		{C0807498-46ED-4818-8ECE-A1E966395226}.DotNet|x86.Build.0 = Debug|Any CPU
		{C0807498-46ED-4818-8ECE-A1E966395226}.Publish|Any CPU.ActiveCfg = Release|Any CPU
		{C0807498-46ED-4818-8ECE-A1E966395226}.Publish|Any CPU.Build.0 = Release|Any CPU
		{C0807498-46ED-4818-8ECE-A1E966395226}.Publish|x86.ActiveCfg = Release|Any CPU
		{C0807498-46ED-4818-8ECE-A1E966395226}.Publish|x86.Build.0 = Release|Any CPU
		{C0807498-46ED-4818-8ECE-A1E966395226}.Release|Any CPU.ActiveCfg = Release|Any CPU
		{C0807498-46ED-4818-8ECE-A1E966395226}.Release|Any CPU.Build.0 = Release|Any CPU
		{C0807498-46ED-4818-8ECE-A1E966395226}.Release|x86.ActiveCfg = Release|Any CPU
		{C0807498-46ED-4818-8ECE-A1E966395226}.Release|x86.Build.0 = Release|Any CPU
		{D52143DD-04DC-4FA9-8C77-6ADFF4B00275}.Debug|Any CPU.ActiveCfg = Debug|Any CPU
		{D52143DD-04DC-4FA9-8C77-6ADFF4B00275}.Debug|Any CPU.Build.0 = Debug|Any CPU
		{D52143DD-04DC-4FA9-8C77-6ADFF4B00275}.Debug|x86.ActiveCfg = Debug|Any CPU
		{D52143DD-04DC-4FA9-8C77-6ADFF4B00275}.Debug|x86.Build.0 = Debug|Any CPU
		{D52143DD-04DC-4FA9-8C77-6ADFF4B00275}.DotNet|Any CPU.ActiveCfg = Debug|Any CPU
		{D52143DD-04DC-4FA9-8C77-6ADFF4B00275}.DotNet|Any CPU.Build.0 = Debug|Any CPU
		{D52143DD-04DC-4FA9-8C77-6ADFF4B00275}.DotNet|x86.ActiveCfg = Debug|Any CPU
		{D52143DD-04DC-4FA9-8C77-6ADFF4B00275}.DotNet|x86.Build.0 = Debug|Any CPU
		{D52143DD-04DC-4FA9-8C77-6ADFF4B00275}.Publish|Any CPU.ActiveCfg = Debug|Any CPU
		{D52143DD-04DC-4FA9-8C77-6ADFF4B00275}.Publish|Any CPU.Build.0 = Debug|Any CPU
		{D52143DD-04DC-4FA9-8C77-6ADFF4B00275}.Publish|x86.ActiveCfg = Debug|Any CPU
		{D52143DD-04DC-4FA9-8C77-6ADFF4B00275}.Publish|x86.Build.0 = Debug|Any CPU
		{D52143DD-04DC-4FA9-8C77-6ADFF4B00275}.Release|Any CPU.ActiveCfg = Release|Any CPU
		{D52143DD-04DC-4FA9-8C77-6ADFF4B00275}.Release|Any CPU.Build.0 = Release|Any CPU
		{D52143DD-04DC-4FA9-8C77-6ADFF4B00275}.Release|x86.ActiveCfg = Release|Any CPU
		{D52143DD-04DC-4FA9-8C77-6ADFF4B00275}.Release|x86.Build.0 = Release|Any CPU
		{CD5C23DD-8EEF-4848-992F-B04088630CC1}.Debug|Any CPU.ActiveCfg = Debug|Any CPU
		{CD5C23DD-8EEF-4848-992F-B04088630CC1}.Debug|x86.ActiveCfg = Debug|Any CPU
		{CD5C23DD-8EEF-4848-992F-B04088630CC1}.Debug|x86.Build.0 = Debug|Any CPU
		{CD5C23DD-8EEF-4848-992F-B04088630CC1}.DotNet|Any CPU.ActiveCfg = Debug|Any CPU
		{CD5C23DD-8EEF-4848-992F-B04088630CC1}.DotNet|Any CPU.Build.0 = Debug|Any CPU
		{CD5C23DD-8EEF-4848-992F-B04088630CC1}.DotNet|x86.ActiveCfg = Debug|Any CPU
		{CD5C23DD-8EEF-4848-992F-B04088630CC1}.DotNet|x86.Build.0 = Debug|Any CPU
		{CD5C23DD-8EEF-4848-992F-B04088630CC1}.Publish|Any CPU.ActiveCfg = Release|Any CPU
		{CD5C23DD-8EEF-4848-992F-B04088630CC1}.Publish|x86.ActiveCfg = Release|Any CPU
		{CD5C23DD-8EEF-4848-992F-B04088630CC1}.Publish|x86.Build.0 = Release|Any CPU
		{CD5C23DD-8EEF-4848-992F-B04088630CC1}.Release|Any CPU.ActiveCfg = Release|Any CPU
		{CD5C23DD-8EEF-4848-992F-B04088630CC1}.Release|x86.ActiveCfg = Release|Any CPU
		{CD5C23DD-8EEF-4848-992F-B04088630CC1}.Release|x86.Build.0 = Release|Any CPU
		{AF1A5C5E-4FD1-4BCC-9C96-7D145E5A4EB3}.Debug|Any CPU.ActiveCfg = Debug|x86
		{AF1A5C5E-4FD1-4BCC-9C96-7D145E5A4EB3}.Debug|x86.ActiveCfg = Debug|x86
		{AF1A5C5E-4FD1-4BCC-9C96-7D145E5A4EB3}.Debug|x86.Build.0 = Debug|x86
		{AF1A5C5E-4FD1-4BCC-9C96-7D145E5A4EB3}.DotNet|Any CPU.ActiveCfg = Publish|x86
		{AF1A5C5E-4FD1-4BCC-9C96-7D145E5A4EB3}.DotNet|Any CPU.Build.0 = Publish|x86
		{AF1A5C5E-4FD1-4BCC-9C96-7D145E5A4EB3}.DotNet|x86.ActiveCfg = Debug|x86
		{AF1A5C5E-4FD1-4BCC-9C96-7D145E5A4EB3}.DotNet|x86.Build.0 = Debug|x86
		{AF1A5C5E-4FD1-4BCC-9C96-7D145E5A4EB3}.Publish|Any CPU.ActiveCfg = Publish|x86
		{AF1A5C5E-4FD1-4BCC-9C96-7D145E5A4EB3}.Publish|x86.ActiveCfg = Publish|x86
		{AF1A5C5E-4FD1-4BCC-9C96-7D145E5A4EB3}.Publish|x86.Build.0 = Publish|x86
		{AF1A5C5E-4FD1-4BCC-9C96-7D145E5A4EB3}.Release|Any CPU.ActiveCfg = Release|x86
		{AF1A5C5E-4FD1-4BCC-9C96-7D145E5A4EB3}.Release|x86.ActiveCfg = Release|x86
		{AF1A5C5E-4FD1-4BCC-9C96-7D145E5A4EB3}.Release|x86.Build.0 = Release|x86
		{E81275EA-69BD-4FEB-974E-C2F8A4F613F6}.Debug|Any CPU.ActiveCfg = Debug|Any CPU
		{E81275EA-69BD-4FEB-974E-C2F8A4F613F6}.Debug|Any CPU.Build.0 = Debug|Any CPU
		{E81275EA-69BD-4FEB-974E-C2F8A4F613F6}.Debug|x86.ActiveCfg = Debug|Any CPU
		{E81275EA-69BD-4FEB-974E-C2F8A4F613F6}.Debug|x86.Build.0 = Debug|Any CPU
		{E81275EA-69BD-4FEB-974E-C2F8A4F613F6}.DotNet|Any CPU.ActiveCfg = Debug|Any CPU
		{E81275EA-69BD-4FEB-974E-C2F8A4F613F6}.DotNet|Any CPU.Build.0 = Debug|Any CPU
		{E81275EA-69BD-4FEB-974E-C2F8A4F613F6}.DotNet|x86.ActiveCfg = Debug|Any CPU
		{E81275EA-69BD-4FEB-974E-C2F8A4F613F6}.DotNet|x86.Build.0 = Debug|Any CPU
		{E81275EA-69BD-4FEB-974E-C2F8A4F613F6}.Publish|Any CPU.ActiveCfg = Release|Any CPU
		{E81275EA-69BD-4FEB-974E-C2F8A4F613F6}.Publish|Any CPU.Build.0 = Release|Any CPU
		{E81275EA-69BD-4FEB-974E-C2F8A4F613F6}.Publish|x86.ActiveCfg = Release|Any CPU
		{E81275EA-69BD-4FEB-974E-C2F8A4F613F6}.Publish|x86.Build.0 = Release|Any CPU
		{E81275EA-69BD-4FEB-974E-C2F8A4F613F6}.Release|Any CPU.ActiveCfg = Release|Any CPU
		{E81275EA-69BD-4FEB-974E-C2F8A4F613F6}.Release|Any CPU.Build.0 = Release|Any CPU
		{E81275EA-69BD-4FEB-974E-C2F8A4F613F6}.Release|x86.ActiveCfg = Release|Any CPU
		{E81275EA-69BD-4FEB-974E-C2F8A4F613F6}.Release|x86.Build.0 = Release|Any CPU
		{D09D4813-55B9-41ED-BC8A-9BC7B79DC51B}.Debug|Any CPU.ActiveCfg = Debug|Any CPU
		{D09D4813-55B9-41ED-BC8A-9BC7B79DC51B}.Debug|Any CPU.Build.0 = Debug|Any CPU
		{D09D4813-55B9-41ED-BC8A-9BC7B79DC51B}.Debug|x86.ActiveCfg = Debug|Any CPU
		{D09D4813-55B9-41ED-BC8A-9BC7B79DC51B}.Debug|x86.Build.0 = Debug|Any CPU
		{D09D4813-55B9-41ED-BC8A-9BC7B79DC51B}.DotNet|Any CPU.ActiveCfg = Debug|Any CPU
		{D09D4813-55B9-41ED-BC8A-9BC7B79DC51B}.DotNet|Any CPU.Build.0 = Debug|Any CPU
		{D09D4813-55B9-41ED-BC8A-9BC7B79DC51B}.DotNet|x86.ActiveCfg = Debug|Any CPU
		{D09D4813-55B9-41ED-BC8A-9BC7B79DC51B}.DotNet|x86.Build.0 = Debug|Any CPU
		{D09D4813-55B9-41ED-BC8A-9BC7B79DC51B}.Publish|Any CPU.ActiveCfg = Release|Any CPU
		{D09D4813-55B9-41ED-BC8A-9BC7B79DC51B}.Publish|Any CPU.Build.0 = Release|Any CPU
		{D09D4813-55B9-41ED-BC8A-9BC7B79DC51B}.Publish|x86.ActiveCfg = Release|Any CPU
		{D09D4813-55B9-41ED-BC8A-9BC7B79DC51B}.Publish|x86.Build.0 = Release|Any CPU
		{D09D4813-55B9-41ED-BC8A-9BC7B79DC51B}.Release|Any CPU.ActiveCfg = Release|Any CPU
		{D09D4813-55B9-41ED-BC8A-9BC7B79DC51B}.Release|Any CPU.Build.0 = Release|Any CPU
		{D09D4813-55B9-41ED-BC8A-9BC7B79DC51B}.Release|x86.ActiveCfg = Release|Any CPU
		{D09D4813-55B9-41ED-BC8A-9BC7B79DC51B}.Release|x86.Build.0 = Release|Any CPU
		{5AF7D364-3DB0-4DA2-A8C1-ECC80E1924DA}.Debug|Any CPU.ActiveCfg = Debug|Any CPU
		{5AF7D364-3DB0-4DA2-A8C1-ECC80E1924DA}.Debug|Any CPU.Build.0 = Debug|Any CPU
		{5AF7D364-3DB0-4DA2-A8C1-ECC80E1924DA}.Debug|x86.ActiveCfg = Debug|Any CPU
		{5AF7D364-3DB0-4DA2-A8C1-ECC80E1924DA}.Debug|x86.Build.0 = Debug|Any CPU
		{5AF7D364-3DB0-4DA2-A8C1-ECC80E1924DA}.DotNet|Any CPU.ActiveCfg = Debug|Any CPU
		{5AF7D364-3DB0-4DA2-A8C1-ECC80E1924DA}.DotNet|Any CPU.Build.0 = Debug|Any CPU
		{5AF7D364-3DB0-4DA2-A8C1-ECC80E1924DA}.DotNet|x86.ActiveCfg = Debug|Any CPU
		{5AF7D364-3DB0-4DA2-A8C1-ECC80E1924DA}.DotNet|x86.Build.0 = Debug|Any CPU
		{5AF7D364-3DB0-4DA2-A8C1-ECC80E1924DA}.Publish|Any CPU.ActiveCfg = Release|Any CPU
		{5AF7D364-3DB0-4DA2-A8C1-ECC80E1924DA}.Publish|Any CPU.Build.0 = Release|Any CPU
		{5AF7D364-3DB0-4DA2-A8C1-ECC80E1924DA}.Publish|x86.ActiveCfg = Release|Any CPU
		{5AF7D364-3DB0-4DA2-A8C1-ECC80E1924DA}.Publish|x86.Build.0 = Release|Any CPU
		{5AF7D364-3DB0-4DA2-A8C1-ECC80E1924DA}.Release|Any CPU.ActiveCfg = Release|Any CPU
		{5AF7D364-3DB0-4DA2-A8C1-ECC80E1924DA}.Release|Any CPU.Build.0 = Release|Any CPU
		{5AF7D364-3DB0-4DA2-A8C1-ECC80E1924DA}.Release|x86.ActiveCfg = Release|Any CPU
		{5AF7D364-3DB0-4DA2-A8C1-ECC80E1924DA}.Release|x86.Build.0 = Release|Any CPU
		{E3BF5CFE-E5B3-4317-B78C-B3CEEFE9F889}.Debug|Any CPU.ActiveCfg = Debug|Any CPU
		{E3BF5CFE-E5B3-4317-B78C-B3CEEFE9F889}.Debug|Any CPU.Build.0 = Debug|Any CPU
		{E3BF5CFE-E5B3-4317-B78C-B3CEEFE9F889}.Debug|x86.ActiveCfg = Debug|Any CPU
		{E3BF5CFE-E5B3-4317-B78C-B3CEEFE9F889}.Debug|x86.Build.0 = Debug|Any CPU
		{E3BF5CFE-E5B3-4317-B78C-B3CEEFE9F889}.DotNet|Any CPU.ActiveCfg = Debug|Any CPU
		{E3BF5CFE-E5B3-4317-B78C-B3CEEFE9F889}.DotNet|Any CPU.Build.0 = Debug|Any CPU
		{E3BF5CFE-E5B3-4317-B78C-B3CEEFE9F889}.DotNet|x86.ActiveCfg = Debug|Any CPU
		{E3BF5CFE-E5B3-4317-B78C-B3CEEFE9F889}.DotNet|x86.Build.0 = Debug|Any CPU
		{E3BF5CFE-E5B3-4317-B78C-B3CEEFE9F889}.Publish|Any CPU.ActiveCfg = Release|Any CPU
		{E3BF5CFE-E5B3-4317-B78C-B3CEEFE9F889}.Publish|Any CPU.Build.0 = Release|Any CPU
		{E3BF5CFE-E5B3-4317-B78C-B3CEEFE9F889}.Publish|x86.ActiveCfg = Release|Any CPU
		{E3BF5CFE-E5B3-4317-B78C-B3CEEFE9F889}.Publish|x86.Build.0 = Release|Any CPU
		{E3BF5CFE-E5B3-4317-B78C-B3CEEFE9F889}.Release|Any CPU.ActiveCfg = Release|Any CPU
		{E3BF5CFE-E5B3-4317-B78C-B3CEEFE9F889}.Release|Any CPU.Build.0 = Release|Any CPU
		{E3BF5CFE-E5B3-4317-B78C-B3CEEFE9F889}.Release|x86.ActiveCfg = Release|Any CPU
		{E3BF5CFE-E5B3-4317-B78C-B3CEEFE9F889}.Release|x86.Build.0 = Release|Any CPU
		{061ACD71-2FF0-48C8-96D5-616CED65FA8F}.Debug|Any CPU.ActiveCfg = Debug|Any CPU
		{061ACD71-2FF0-48C8-96D5-616CED65FA8F}.Debug|Any CPU.Build.0 = Debug|Any CPU
		{061ACD71-2FF0-48C8-96D5-616CED65FA8F}.Debug|x86.ActiveCfg = Debug|Any CPU
		{061ACD71-2FF0-48C8-96D5-616CED65FA8F}.Debug|x86.Build.0 = Debug|Any CPU
		{061ACD71-2FF0-48C8-96D5-616CED65FA8F}.DotNet|Any CPU.ActiveCfg = Debug|Any CPU
		{061ACD71-2FF0-48C8-96D5-616CED65FA8F}.DotNet|Any CPU.Build.0 = Debug|Any CPU
		{061ACD71-2FF0-48C8-96D5-616CED65FA8F}.DotNet|x86.ActiveCfg = Debug|Any CPU
		{061ACD71-2FF0-48C8-96D5-616CED65FA8F}.DotNet|x86.Build.0 = Debug|Any CPU
		{061ACD71-2FF0-48C8-96D5-616CED65FA8F}.Publish|Any CPU.ActiveCfg = Release|Any CPU
		{061ACD71-2FF0-48C8-96D5-616CED65FA8F}.Publish|Any CPU.Build.0 = Release|Any CPU
		{061ACD71-2FF0-48C8-96D5-616CED65FA8F}.Publish|x86.ActiveCfg = Release|Any CPU
		{061ACD71-2FF0-48C8-96D5-616CED65FA8F}.Publish|x86.Build.0 = Release|Any CPU
		{061ACD71-2FF0-48C8-96D5-616CED65FA8F}.Release|Any CPU.ActiveCfg = Release|Any CPU
		{061ACD71-2FF0-48C8-96D5-616CED65FA8F}.Release|Any CPU.Build.0 = Release|Any CPU
		{061ACD71-2FF0-48C8-96D5-616CED65FA8F}.Release|x86.ActiveCfg = Release|Any CPU
		{061ACD71-2FF0-48C8-96D5-616CED65FA8F}.Release|x86.Build.0 = Release|Any CPU
		{8D243206-A118-4BA4-8BD6-45593818D35D}.Debug|Any CPU.ActiveCfg = Debug|Any CPU
		{8D243206-A118-4BA4-8BD6-45593818D35D}.Debug|Any CPU.Build.0 = Debug|Any CPU
		{8D243206-A118-4BA4-8BD6-45593818D35D}.Debug|x86.ActiveCfg = Debug|Any CPU
		{8D243206-A118-4BA4-8BD6-45593818D35D}.Debug|x86.Build.0 = Debug|Any CPU
		{8D243206-A118-4BA4-8BD6-45593818D35D}.DotNet|Any CPU.ActiveCfg = Debug|Any CPU
		{8D243206-A118-4BA4-8BD6-45593818D35D}.DotNet|Any CPU.Build.0 = Debug|Any CPU
		{8D243206-A118-4BA4-8BD6-45593818D35D}.DotNet|x86.ActiveCfg = Debug|Any CPU
		{8D243206-A118-4BA4-8BD6-45593818D35D}.DotNet|x86.Build.0 = Debug|Any CPU
		{8D243206-A118-4BA4-8BD6-45593818D35D}.Publish|Any CPU.ActiveCfg = Release|Any CPU
		{8D243206-A118-4BA4-8BD6-45593818D35D}.Publish|Any CPU.Build.0 = Release|Any CPU
		{8D243206-A118-4BA4-8BD6-45593818D35D}.Publish|x86.ActiveCfg = Release|Any CPU
		{8D243206-A118-4BA4-8BD6-45593818D35D}.Publish|x86.Build.0 = Release|Any CPU
		{8D243206-A118-4BA4-8BD6-45593818D35D}.Release|Any CPU.ActiveCfg = Release|Any CPU
		{8D243206-A118-4BA4-8BD6-45593818D35D}.Release|Any CPU.Build.0 = Release|Any CPU
		{8D243206-A118-4BA4-8BD6-45593818D35D}.Release|x86.ActiveCfg = Release|Any CPU
		{8D243206-A118-4BA4-8BD6-45593818D35D}.Release|x86.Build.0 = Release|Any CPU
		{CA76E3F9-6732-4064-9CF5-FFE87C6015BC}.Debug|Any CPU.ActiveCfg = Debug|Any CPU
		{CA76E3F9-6732-4064-9CF5-FFE87C6015BC}.Debug|Any CPU.Build.0 = Debug|Any CPU
		{CA76E3F9-6732-4064-9CF5-FFE87C6015BC}.Debug|x86.ActiveCfg = Debug|Any CPU
		{CA76E3F9-6732-4064-9CF5-FFE87C6015BC}.Debug|x86.Build.0 = Debug|Any CPU
		{CA76E3F9-6732-4064-9CF5-FFE87C6015BC}.DotNet|Any CPU.ActiveCfg = Debug|Any CPU
		{CA76E3F9-6732-4064-9CF5-FFE87C6015BC}.DotNet|Any CPU.Build.0 = Debug|Any CPU
		{CA76E3F9-6732-4064-9CF5-FFE87C6015BC}.DotNet|x86.ActiveCfg = Debug|Any CPU
		{CA76E3F9-6732-4064-9CF5-FFE87C6015BC}.DotNet|x86.Build.0 = Debug|Any CPU
		{CA76E3F9-6732-4064-9CF5-FFE87C6015BC}.Publish|Any CPU.ActiveCfg = Release|Any CPU
		{CA76E3F9-6732-4064-9CF5-FFE87C6015BC}.Publish|Any CPU.Build.0 = Release|Any CPU
		{CA76E3F9-6732-4064-9CF5-FFE87C6015BC}.Publish|x86.ActiveCfg = Release|Any CPU
		{CA76E3F9-6732-4064-9CF5-FFE87C6015BC}.Publish|x86.Build.0 = Release|Any CPU
		{CA76E3F9-6732-4064-9CF5-FFE87C6015BC}.Release|Any CPU.ActiveCfg = Release|Any CPU
		{CA76E3F9-6732-4064-9CF5-FFE87C6015BC}.Release|Any CPU.Build.0 = Release|Any CPU
		{CA76E3F9-6732-4064-9CF5-FFE87C6015BC}.Release|x86.ActiveCfg = Release|Any CPU
		{CA76E3F9-6732-4064-9CF5-FFE87C6015BC}.Release|x86.Build.0 = Release|Any CPU
		{529F25C0-4803-4259-8CFC-F666F0978A1A}.Debug|Any CPU.ActiveCfg = Debug|Any CPU
		{529F25C0-4803-4259-8CFC-F666F0978A1A}.Debug|Any CPU.Build.0 = Debug|Any CPU
		{529F25C0-4803-4259-8CFC-F666F0978A1A}.Debug|x86.ActiveCfg = Debug|Any CPU
		{529F25C0-4803-4259-8CFC-F666F0978A1A}.Debug|x86.Build.0 = Debug|Any CPU
		{529F25C0-4803-4259-8CFC-F666F0978A1A}.DotNet|Any CPU.ActiveCfg = Debug|Any CPU
		{529F25C0-4803-4259-8CFC-F666F0978A1A}.DotNet|Any CPU.Build.0 = Debug|Any CPU
		{529F25C0-4803-4259-8CFC-F666F0978A1A}.DotNet|x86.ActiveCfg = Debug|Any CPU
		{529F25C0-4803-4259-8CFC-F666F0978A1A}.DotNet|x86.Build.0 = Debug|Any CPU
		{529F25C0-4803-4259-8CFC-F666F0978A1A}.Publish|Any CPU.ActiveCfg = Release|Any CPU
		{529F25C0-4803-4259-8CFC-F666F0978A1A}.Publish|Any CPU.Build.0 = Release|Any CPU
		{529F25C0-4803-4259-8CFC-F666F0978A1A}.Publish|x86.ActiveCfg = Release|Any CPU
		{529F25C0-4803-4259-8CFC-F666F0978A1A}.Publish|x86.Build.0 = Release|Any CPU
		{529F25C0-4803-4259-8CFC-F666F0978A1A}.Release|Any CPU.ActiveCfg = Release|Any CPU
		{529F25C0-4803-4259-8CFC-F666F0978A1A}.Release|Any CPU.Build.0 = Release|Any CPU
		{529F25C0-4803-4259-8CFC-F666F0978A1A}.Release|x86.ActiveCfg = Release|Any CPU
		{529F25C0-4803-4259-8CFC-F666F0978A1A}.Release|x86.Build.0 = Release|Any CPU
		{39F8B245-C848-4B76-935F-837D8DD7FA46}.Debug|Any CPU.ActiveCfg = Debug|Any CPU
		{39F8B245-C848-4B76-935F-837D8DD7FA46}.Debug|Any CPU.Build.0 = Debug|Any CPU
		{39F8B245-C848-4B76-935F-837D8DD7FA46}.Debug|x86.ActiveCfg = Debug|Any CPU
		{39F8B245-C848-4B76-935F-837D8DD7FA46}.Debug|x86.Build.0 = Debug|Any CPU
		{39F8B245-C848-4B76-935F-837D8DD7FA46}.DotNet|Any CPU.ActiveCfg = Debug|Any CPU
		{39F8B245-C848-4B76-935F-837D8DD7FA46}.DotNet|Any CPU.Build.0 = Debug|Any CPU
		{39F8B245-C848-4B76-935F-837D8DD7FA46}.DotNet|x86.ActiveCfg = Debug|Any CPU
		{39F8B245-C848-4B76-935F-837D8DD7FA46}.DotNet|x86.Build.0 = Debug|Any CPU
		{39F8B245-C848-4B76-935F-837D8DD7FA46}.Publish|Any CPU.ActiveCfg = Release|Any CPU
		{39F8B245-C848-4B76-935F-837D8DD7FA46}.Publish|Any CPU.Build.0 = Release|Any CPU
		{39F8B245-C848-4B76-935F-837D8DD7FA46}.Publish|x86.ActiveCfg = Release|Any CPU
		{39F8B245-C848-4B76-935F-837D8DD7FA46}.Publish|x86.Build.0 = Release|Any CPU
		{39F8B245-C848-4B76-935F-837D8DD7FA46}.Release|Any CPU.ActiveCfg = Release|Any CPU
		{39F8B245-C848-4B76-935F-837D8DD7FA46}.Release|Any CPU.Build.0 = Release|Any CPU
		{39F8B245-C848-4B76-935F-837D8DD7FA46}.Release|x86.ActiveCfg = Release|Any CPU
		{39F8B245-C848-4B76-935F-837D8DD7FA46}.Release|x86.Build.0 = Release|Any CPU
		{07808B38-BCC9-442D-BEF7-D0B165127607}.Debug|Any CPU.ActiveCfg = Debug|Any CPU
		{07808B38-BCC9-442D-BEF7-D0B165127607}.Debug|Any CPU.Build.0 = Debug|Any CPU
		{07808B38-BCC9-442D-BEF7-D0B165127607}.Debug|x86.ActiveCfg = Debug|Any CPU
		{07808B38-BCC9-442D-BEF7-D0B165127607}.Debug|x86.Build.0 = Debug|Any CPU
		{07808B38-BCC9-442D-BEF7-D0B165127607}.DotNet|Any CPU.ActiveCfg = Debug|Any CPU
		{07808B38-BCC9-442D-BEF7-D0B165127607}.DotNet|Any CPU.Build.0 = Debug|Any CPU
		{07808B38-BCC9-442D-BEF7-D0B165127607}.DotNet|x86.ActiveCfg = Debug|Any CPU
		{07808B38-BCC9-442D-BEF7-D0B165127607}.DotNet|x86.Build.0 = Debug|Any CPU
		{07808B38-BCC9-442D-BEF7-D0B165127607}.Publish|Any CPU.ActiveCfg = Release|Any CPU
		{07808B38-BCC9-442D-BEF7-D0B165127607}.Publish|Any CPU.Build.0 = Release|Any CPU
		{07808B38-BCC9-442D-BEF7-D0B165127607}.Publish|x86.ActiveCfg = Release|Any CPU
		{07808B38-BCC9-442D-BEF7-D0B165127607}.Publish|x86.Build.0 = Release|Any CPU
		{07808B38-BCC9-442D-BEF7-D0B165127607}.Release|Any CPU.ActiveCfg = Release|Any CPU
		{07808B38-BCC9-442D-BEF7-D0B165127607}.Release|Any CPU.Build.0 = Release|Any CPU
		{07808B38-BCC9-442D-BEF7-D0B165127607}.Release|x86.ActiveCfg = Release|Any CPU
		{07808B38-BCC9-442D-BEF7-D0B165127607}.Release|x86.Build.0 = Release|Any CPU
		{64E3BA39-E3DA-4B2A-A694-7C77E463C249}.Debug|Any CPU.ActiveCfg = Debug|Any CPU
		{64E3BA39-E3DA-4B2A-A694-7C77E463C249}.Debug|Any CPU.Build.0 = Debug|Any CPU
		{64E3BA39-E3DA-4B2A-A694-7C77E463C249}.Debug|x86.ActiveCfg = Debug|Any CPU
		{64E3BA39-E3DA-4B2A-A694-7C77E463C249}.Debug|x86.Build.0 = Debug|Any CPU
		{64E3BA39-E3DA-4B2A-A694-7C77E463C249}.DotNet|Any CPU.ActiveCfg = Debug|Any CPU
		{64E3BA39-E3DA-4B2A-A694-7C77E463C249}.DotNet|Any CPU.Build.0 = Debug|Any CPU
		{64E3BA39-E3DA-4B2A-A694-7C77E463C249}.DotNet|x86.ActiveCfg = Debug|Any CPU
		{64E3BA39-E3DA-4B2A-A694-7C77E463C249}.DotNet|x86.Build.0 = Debug|Any CPU
		{64E3BA39-E3DA-4B2A-A694-7C77E463C249}.Publish|Any CPU.ActiveCfg = Release|Any CPU
		{64E3BA39-E3DA-4B2A-A694-7C77E463C249}.Publish|Any CPU.Build.0 = Release|Any CPU
		{64E3BA39-E3DA-4B2A-A694-7C77E463C249}.Publish|x86.ActiveCfg = Release|Any CPU
		{64E3BA39-E3DA-4B2A-A694-7C77E463C249}.Publish|x86.Build.0 = Release|Any CPU
		{64E3BA39-E3DA-4B2A-A694-7C77E463C249}.Release|Any CPU.ActiveCfg = Release|Any CPU
		{64E3BA39-E3DA-4B2A-A694-7C77E463C249}.Release|Any CPU.Build.0 = Release|Any CPU
		{64E3BA39-E3DA-4B2A-A694-7C77E463C249}.Release|x86.ActiveCfg = Release|Any CPU
		{64E3BA39-E3DA-4B2A-A694-7C77E463C249}.Release|x86.Build.0 = Release|Any CPU
		{384CA8F5-9255-483A-83E9-547F526CF278}.Debug|Any CPU.ActiveCfg = Debug|Any CPU
		{384CA8F5-9255-483A-83E9-547F526CF278}.Debug|Any CPU.Build.0 = Debug|Any CPU
		{384CA8F5-9255-483A-83E9-547F526CF278}.Debug|x86.ActiveCfg = Debug|Any CPU
		{384CA8F5-9255-483A-83E9-547F526CF278}.Debug|x86.Build.0 = Debug|Any CPU
		{384CA8F5-9255-483A-83E9-547F526CF278}.DotNet|Any CPU.ActiveCfg = Debug|Any CPU
		{384CA8F5-9255-483A-83E9-547F526CF278}.DotNet|Any CPU.Build.0 = Debug|Any CPU
		{384CA8F5-9255-483A-83E9-547F526CF278}.DotNet|x86.ActiveCfg = Debug|Any CPU
		{384CA8F5-9255-483A-83E9-547F526CF278}.DotNet|x86.Build.0 = Debug|Any CPU
		{384CA8F5-9255-483A-83E9-547F526CF278}.Publish|Any CPU.ActiveCfg = Release|Any CPU
		{384CA8F5-9255-483A-83E9-547F526CF278}.Publish|Any CPU.Build.0 = Release|Any CPU
		{384CA8F5-9255-483A-83E9-547F526CF278}.Publish|x86.ActiveCfg = Release|Any CPU
		{384CA8F5-9255-483A-83E9-547F526CF278}.Publish|x86.Build.0 = Release|Any CPU
		{384CA8F5-9255-483A-83E9-547F526CF278}.Release|Any CPU.ActiveCfg = Release|Any CPU
		{384CA8F5-9255-483A-83E9-547F526CF278}.Release|Any CPU.Build.0 = Release|Any CPU
		{384CA8F5-9255-483A-83E9-547F526CF278}.Release|x86.ActiveCfg = Release|Any CPU
		{384CA8F5-9255-483A-83E9-547F526CF278}.Release|x86.Build.0 = Release|Any CPU
		{136EFD1D-9D36-441E-994F-85E0356DFFD9}.Debug|Any CPU.ActiveCfg = Debug|Any CPU
		{136EFD1D-9D36-441E-994F-85E0356DFFD9}.Debug|Any CPU.Build.0 = Debug|Any CPU
		{136EFD1D-9D36-441E-994F-85E0356DFFD9}.Debug|x86.ActiveCfg = Debug|Any CPU
		{136EFD1D-9D36-441E-994F-85E0356DFFD9}.Debug|x86.Build.0 = Debug|Any CPU
		{136EFD1D-9D36-441E-994F-85E0356DFFD9}.DotNet|Any CPU.ActiveCfg = Debug|Any CPU
		{136EFD1D-9D36-441E-994F-85E0356DFFD9}.DotNet|Any CPU.Build.0 = Debug|Any CPU
		{136EFD1D-9D36-441E-994F-85E0356DFFD9}.DotNet|x86.ActiveCfg = Debug|Any CPU
		{136EFD1D-9D36-441E-994F-85E0356DFFD9}.DotNet|x86.Build.0 = Debug|Any CPU
		{136EFD1D-9D36-441E-994F-85E0356DFFD9}.Publish|Any CPU.ActiveCfg = Release|Any CPU
		{136EFD1D-9D36-441E-994F-85E0356DFFD9}.Publish|Any CPU.Build.0 = Release|Any CPU
		{136EFD1D-9D36-441E-994F-85E0356DFFD9}.Publish|x86.ActiveCfg = Release|Any CPU
		{136EFD1D-9D36-441E-994F-85E0356DFFD9}.Publish|x86.Build.0 = Release|Any CPU
		{136EFD1D-9D36-441E-994F-85E0356DFFD9}.Release|Any CPU.ActiveCfg = Release|Any CPU
		{136EFD1D-9D36-441E-994F-85E0356DFFD9}.Release|Any CPU.Build.0 = Release|Any CPU
		{136EFD1D-9D36-441E-994F-85E0356DFFD9}.Release|x86.ActiveCfg = Release|Any CPU
		{136EFD1D-9D36-441E-994F-85E0356DFFD9}.Release|x86.Build.0 = Release|Any CPU
		{AA499CEB-DA59-4035-B869-29522712B4F0}.Debug|Any CPU.ActiveCfg = Debug|Any CPU
		{AA499CEB-DA59-4035-B869-29522712B4F0}.Debug|Any CPU.Build.0 = Debug|Any CPU
		{AA499CEB-DA59-4035-B869-29522712B4F0}.Debug|x86.ActiveCfg = Debug|Any CPU
		{AA499CEB-DA59-4035-B869-29522712B4F0}.Debug|x86.Build.0 = Debug|Any CPU
		{AA499CEB-DA59-4035-B869-29522712B4F0}.DotNet|Any CPU.ActiveCfg = Debug|Any CPU
		{AA499CEB-DA59-4035-B869-29522712B4F0}.DotNet|Any CPU.Build.0 = Debug|Any CPU
		{AA499CEB-DA59-4035-B869-29522712B4F0}.DotNet|x86.ActiveCfg = Debug|Any CPU
		{AA499CEB-DA59-4035-B869-29522712B4F0}.DotNet|x86.Build.0 = Debug|Any CPU
		{AA499CEB-DA59-4035-B869-29522712B4F0}.Publish|Any CPU.ActiveCfg = Release|Any CPU
		{AA499CEB-DA59-4035-B869-29522712B4F0}.Publish|Any CPU.Build.0 = Release|Any CPU
		{AA499CEB-DA59-4035-B869-29522712B4F0}.Publish|x86.ActiveCfg = Release|Any CPU
		{AA499CEB-DA59-4035-B869-29522712B4F0}.Publish|x86.Build.0 = Release|Any CPU
		{AA499CEB-DA59-4035-B869-29522712B4F0}.Release|Any CPU.ActiveCfg = Release|Any CPU
		{AA499CEB-DA59-4035-B869-29522712B4F0}.Release|Any CPU.Build.0 = Release|Any CPU
		{AA499CEB-DA59-4035-B869-29522712B4F0}.Release|x86.ActiveCfg = Release|Any CPU
		{AA499CEB-DA59-4035-B869-29522712B4F0}.Release|x86.Build.0 = Release|Any CPU
		{573F1F3C-C0A9-4272-B054-068CAA8EF8AA}.Debug|Any CPU.ActiveCfg = Debug|Any CPU
		{573F1F3C-C0A9-4272-B054-068CAA8EF8AA}.Debug|Any CPU.Build.0 = Debug|Any CPU
		{573F1F3C-C0A9-4272-B054-068CAA8EF8AA}.Debug|x86.ActiveCfg = Debug|Any CPU
		{573F1F3C-C0A9-4272-B054-068CAA8EF8AA}.Debug|x86.Build.0 = Debug|Any CPU
		{573F1F3C-C0A9-4272-B054-068CAA8EF8AA}.DotNet|Any CPU.ActiveCfg = Debug|Any CPU
		{573F1F3C-C0A9-4272-B054-068CAA8EF8AA}.DotNet|Any CPU.Build.0 = Debug|Any CPU
		{573F1F3C-C0A9-4272-B054-068CAA8EF8AA}.DotNet|x86.ActiveCfg = Debug|Any CPU
		{573F1F3C-C0A9-4272-B054-068CAA8EF8AA}.DotNet|x86.Build.0 = Debug|Any CPU
		{573F1F3C-C0A9-4272-B054-068CAA8EF8AA}.Publish|Any CPU.ActiveCfg = Release|Any CPU
		{573F1F3C-C0A9-4272-B054-068CAA8EF8AA}.Publish|Any CPU.Build.0 = Release|Any CPU
		{573F1F3C-C0A9-4272-B054-068CAA8EF8AA}.Publish|x86.ActiveCfg = Release|Any CPU
		{573F1F3C-C0A9-4272-B054-068CAA8EF8AA}.Publish|x86.Build.0 = Release|Any CPU
		{573F1F3C-C0A9-4272-B054-068CAA8EF8AA}.Release|Any CPU.ActiveCfg = Release|Any CPU
		{573F1F3C-C0A9-4272-B054-068CAA8EF8AA}.Release|Any CPU.Build.0 = Release|Any CPU
		{573F1F3C-C0A9-4272-B054-068CAA8EF8AA}.Release|x86.ActiveCfg = Release|Any CPU
		{573F1F3C-C0A9-4272-B054-068CAA8EF8AA}.Release|x86.Build.0 = Release|Any CPU
		{8BECC8C8-00BC-4972-919E-283D96953B41}.Debug|Any CPU.ActiveCfg = Debug|Any CPU
		{8BECC8C8-00BC-4972-919E-283D96953B41}.Debug|Any CPU.Build.0 = Debug|Any CPU
		{8BECC8C8-00BC-4972-919E-283D96953B41}.Debug|x86.ActiveCfg = Debug|Any CPU
		{8BECC8C8-00BC-4972-919E-283D96953B41}.Debug|x86.Build.0 = Debug|Any CPU
		{8BECC8C8-00BC-4972-919E-283D96953B41}.DotNet|Any CPU.ActiveCfg = Debug|Any CPU
		{8BECC8C8-00BC-4972-919E-283D96953B41}.DotNet|Any CPU.Build.0 = Debug|Any CPU
		{8BECC8C8-00BC-4972-919E-283D96953B41}.DotNet|x86.ActiveCfg = Debug|Any CPU
		{8BECC8C8-00BC-4972-919E-283D96953B41}.DotNet|x86.Build.0 = Debug|Any CPU
		{8BECC8C8-00BC-4972-919E-283D96953B41}.Publish|Any CPU.ActiveCfg = Debug|Any CPU
		{8BECC8C8-00BC-4972-919E-283D96953B41}.Publish|Any CPU.Build.0 = Debug|Any CPU
		{8BECC8C8-00BC-4972-919E-283D96953B41}.Publish|x86.ActiveCfg = Debug|Any CPU
		{8BECC8C8-00BC-4972-919E-283D96953B41}.Publish|x86.Build.0 = Debug|Any CPU
		{8BECC8C8-00BC-4972-919E-283D96953B41}.Release|Any CPU.ActiveCfg = Release|Any CPU
		{8BECC8C8-00BC-4972-919E-283D96953B41}.Release|Any CPU.Build.0 = Release|Any CPU
		{8BECC8C8-00BC-4972-919E-283D96953B41}.Release|x86.ActiveCfg = Release|Any CPU
		{8BECC8C8-00BC-4972-919E-283D96953B41}.Release|x86.Build.0 = Release|Any CPU
		{65A9786E-96BB-4D81-BD41-E9C81E15DA05}.Debug|Any CPU.ActiveCfg = Debug|Any CPU
		{65A9786E-96BB-4D81-BD41-E9C81E15DA05}.Debug|Any CPU.Build.0 = Debug|Any CPU
		{65A9786E-96BB-4D81-BD41-E9C81E15DA05}.Debug|x86.ActiveCfg = Debug|Any CPU
		{65A9786E-96BB-4D81-BD41-E9C81E15DA05}.Debug|x86.Build.0 = Debug|Any CPU
		{65A9786E-96BB-4D81-BD41-E9C81E15DA05}.DotNet|Any CPU.ActiveCfg = Debug|Any CPU
		{65A9786E-96BB-4D81-BD41-E9C81E15DA05}.DotNet|Any CPU.Build.0 = Debug|Any CPU
		{65A9786E-96BB-4D81-BD41-E9C81E15DA05}.DotNet|x86.ActiveCfg = Debug|Any CPU
		{65A9786E-96BB-4D81-BD41-E9C81E15DA05}.DotNet|x86.Build.0 = Debug|Any CPU
		{65A9786E-96BB-4D81-BD41-E9C81E15DA05}.Publish|Any CPU.ActiveCfg = Release|Any CPU
		{65A9786E-96BB-4D81-BD41-E9C81E15DA05}.Publish|Any CPU.Build.0 = Release|Any CPU
		{65A9786E-96BB-4D81-BD41-E9C81E15DA05}.Publish|x86.ActiveCfg = Release|Any CPU
		{65A9786E-96BB-4D81-BD41-E9C81E15DA05}.Publish|x86.Build.0 = Release|Any CPU
		{65A9786E-96BB-4D81-BD41-E9C81E15DA05}.Release|Any CPU.ActiveCfg = Release|Any CPU
		{65A9786E-96BB-4D81-BD41-E9C81E15DA05}.Release|Any CPU.Build.0 = Release|Any CPU
		{65A9786E-96BB-4D81-BD41-E9C81E15DA05}.Release|x86.ActiveCfg = Release|Any CPU
		{65A9786E-96BB-4D81-BD41-E9C81E15DA05}.Release|x86.Build.0 = Release|Any CPU
		{627A80A7-F304-444E-B1DF-0F5A9515716F}.Debug|Any CPU.ActiveCfg = Debug|Any CPU
		{627A80A7-F304-444E-B1DF-0F5A9515716F}.Debug|Any CPU.Build.0 = Debug|Any CPU
		{627A80A7-F304-444E-B1DF-0F5A9515716F}.Debug|x86.ActiveCfg = Debug|Any CPU
		{627A80A7-F304-444E-B1DF-0F5A9515716F}.Debug|x86.Build.0 = Debug|Any CPU
		{627A80A7-F304-444E-B1DF-0F5A9515716F}.DotNet|Any CPU.ActiveCfg = Debug|Any CPU
		{627A80A7-F304-444E-B1DF-0F5A9515716F}.DotNet|Any CPU.Build.0 = Debug|Any CPU
		{627A80A7-F304-444E-B1DF-0F5A9515716F}.DotNet|x86.ActiveCfg = Debug|Any CPU
		{627A80A7-F304-444E-B1DF-0F5A9515716F}.DotNet|x86.Build.0 = Debug|Any CPU
		{627A80A7-F304-444E-B1DF-0F5A9515716F}.Publish|Any CPU.ActiveCfg = Debug|Any CPU
		{627A80A7-F304-444E-B1DF-0F5A9515716F}.Publish|Any CPU.Build.0 = Debug|Any CPU
		{627A80A7-F304-444E-B1DF-0F5A9515716F}.Publish|x86.ActiveCfg = Debug|Any CPU
		{627A80A7-F304-444E-B1DF-0F5A9515716F}.Publish|x86.Build.0 = Debug|Any CPU
		{627A80A7-F304-444E-B1DF-0F5A9515716F}.Release|Any CPU.ActiveCfg = Release|Any CPU
		{627A80A7-F304-444E-B1DF-0F5A9515716F}.Release|Any CPU.Build.0 = Release|Any CPU
		{627A80A7-F304-444E-B1DF-0F5A9515716F}.Release|x86.ActiveCfg = Release|Any CPU
		{627A80A7-F304-444E-B1DF-0F5A9515716F}.Release|x86.Build.0 = Release|Any CPU
		{88239AFF-1B8E-4B6C-92C1-DE0357B260B5}.Debug|Any CPU.ActiveCfg = Debug|Any CPU
		{88239AFF-1B8E-4B6C-92C1-DE0357B260B5}.Debug|Any CPU.Build.0 = Debug|Any CPU
		{88239AFF-1B8E-4B6C-92C1-DE0357B260B5}.Debug|x86.ActiveCfg = Debug|Any CPU
		{88239AFF-1B8E-4B6C-92C1-DE0357B260B5}.Debug|x86.Build.0 = Debug|Any CPU
		{88239AFF-1B8E-4B6C-92C1-DE0357B260B5}.DotNet|Any CPU.ActiveCfg = Debug|Any CPU
		{88239AFF-1B8E-4B6C-92C1-DE0357B260B5}.DotNet|Any CPU.Build.0 = Debug|Any CPU
		{88239AFF-1B8E-4B6C-92C1-DE0357B260B5}.DotNet|x86.ActiveCfg = Debug|Any CPU
		{88239AFF-1B8E-4B6C-92C1-DE0357B260B5}.DotNet|x86.Build.0 = Debug|Any CPU
		{88239AFF-1B8E-4B6C-92C1-DE0357B260B5}.Publish|Any CPU.ActiveCfg = Debug|Any CPU
		{88239AFF-1B8E-4B6C-92C1-DE0357B260B5}.Publish|Any CPU.Build.0 = Debug|Any CPU
		{88239AFF-1B8E-4B6C-92C1-DE0357B260B5}.Publish|x86.ActiveCfg = Debug|Any CPU
		{88239AFF-1B8E-4B6C-92C1-DE0357B260B5}.Publish|x86.Build.0 = Debug|Any CPU
		{88239AFF-1B8E-4B6C-92C1-DE0357B260B5}.Release|Any CPU.ActiveCfg = Debug|Any CPU
		{88239AFF-1B8E-4B6C-92C1-DE0357B260B5}.Release|Any CPU.Build.0 = Debug|Any CPU
		{88239AFF-1B8E-4B6C-92C1-DE0357B260B5}.Release|x86.ActiveCfg = Debug|Any CPU
		{88239AFF-1B8E-4B6C-92C1-DE0357B260B5}.Release|x86.Build.0 = Debug|Any CPU
		{90889A06-1694-4B38-9592-49CF069E4E20}.Debug|Any CPU.ActiveCfg = Debug|Any CPU
		{90889A06-1694-4B38-9592-49CF069E4E20}.Debug|Any CPU.Build.0 = Debug|Any CPU
		{90889A06-1694-4B38-9592-49CF069E4E20}.Debug|x86.ActiveCfg = Debug|Any CPU
		{90889A06-1694-4B38-9592-49CF069E4E20}.Debug|x86.Build.0 = Debug|Any CPU
		{90889A06-1694-4B38-9592-49CF069E4E20}.DotNet|Any CPU.ActiveCfg = Debug|Any CPU
		{90889A06-1694-4B38-9592-49CF069E4E20}.DotNet|Any CPU.Build.0 = Debug|Any CPU
		{90889A06-1694-4B38-9592-49CF069E4E20}.DotNet|x86.ActiveCfg = Debug|Any CPU
		{90889A06-1694-4B38-9592-49CF069E4E20}.DotNet|x86.Build.0 = Debug|Any CPU
		{90889A06-1694-4B38-9592-49CF069E4E20}.Publish|Any CPU.ActiveCfg = Debug|Any CPU
		{90889A06-1694-4B38-9592-49CF069E4E20}.Publish|Any CPU.Build.0 = Debug|Any CPU
		{90889A06-1694-4B38-9592-49CF069E4E20}.Publish|x86.ActiveCfg = Debug|Any CPU
		{90889A06-1694-4B38-9592-49CF069E4E20}.Publish|x86.Build.0 = Debug|Any CPU
		{90889A06-1694-4B38-9592-49CF069E4E20}.Release|Any CPU.ActiveCfg = Debug|Any CPU
		{90889A06-1694-4B38-9592-49CF069E4E20}.Release|Any CPU.Build.0 = Debug|Any CPU
		{90889A06-1694-4B38-9592-49CF069E4E20}.Release|x86.ActiveCfg = Debug|Any CPU
		{90889A06-1694-4B38-9592-49CF069E4E20}.Release|x86.Build.0 = Debug|Any CPU
	EndGlobalSection
	GlobalSection(SolutionProperties) = preSolution
		HideSolutionNode = FALSE
	EndGlobalSection
	GlobalSection(NestedProjects) = preSolution
		{7640A833-1086-4041-90FB-3E3D76F967D4} = {32781FAB-7F7F-4267-9599-479F14195A4B}
		{54D70C8D-707D-4456-BBD0-3210F42CA97C} = {7640A833-1086-4041-90FB-3E3D76F967D4}
		{AA1B30C1-0014-4A78-B08C-370EDD56C608} = {32781FAB-7F7F-4267-9599-479F14195A4B}
		{93F2FFDB-9A2F-442A-B865-5455E87D7B6E} = {32781FAB-7F7F-4267-9599-479F14195A4B}
		{45476490-421C-458B-8BBF-0175A4A145B9} = {32781FAB-7F7F-4267-9599-479F14195A4B}
		{EB62FFCF-F19A-4F79-A66F-3C3F4B032F24} = {32781FAB-7F7F-4267-9599-479F14195A4B}
		{84B23EF8-142B-41AF-97D0-ED50D74448F6} = {32781FAB-7F7F-4267-9599-479F14195A4B}
		{1CD0C3D8-70A0-452C-AB64-C1E258FB7DD8} = {32781FAB-7F7F-4267-9599-479F14195A4B}
		{420F632D-B323-42B4-954C-DA875083DCC6} = {32781FAB-7F7F-4267-9599-479F14195A4B}
		{BB541FF3-D68B-4935-B8AD-5E92A74591E1} = {32781FAB-7F7F-4267-9599-479F14195A4B}
		{5BE90DE6-A9E9-4CA9-A009-BC339274E829} = {32781FAB-7F7F-4267-9599-479F14195A4B}
		{9D6EBBBD-F3E1-432A-BD9D-56BDEE86C029} = {32781FAB-7F7F-4267-9599-479F14195A4B}
		{9E6E38F6-13C4-49A0-A278-018742486965} = {32781FAB-7F7F-4267-9599-479F14195A4B}
		{85063EFC-7090-42AD-B562-006087DE9AA6} = {AA1B30C1-0014-4A78-B08C-370EDD56C608}
		{4256F87B-9BA6-4996-A4DD-DC1E36136054} = {AA1B30C1-0014-4A78-B08C-370EDD56C608}
		{D320C73F-F09A-4ED2-8FBF-3975220FD869} = {93F2FFDB-9A2F-442A-B865-5455E87D7B6E}
		{41A32FD3-3814-4370-A2C7-AE6E29F4AB01} = {45476490-421C-458B-8BBF-0175A4A145B9}
		{C0C2037E-ECF1-4FBF-82F8-7C2E6FEB0D3F} = {EB62FFCF-F19A-4F79-A66F-3C3F4B032F24}
		{D435A116-81A3-4FA0-AD8F-11B0F49831F9} = {84B23EF8-142B-41AF-97D0-ED50D74448F6}
		{F9BA54CA-95E0-4709-8705-AD52673DFBFE} = {1CD0C3D8-70A0-452C-AB64-C1E258FB7DD8}
		{C22AA4A5-F0A0-4CFF-AB4D-7A02F5DFB59E} = {420F632D-B323-42B4-954C-DA875083DCC6}
		{C604A477-72C2-42ED-9A77-2D6673337F7A} = {BB541FF3-D68B-4935-B8AD-5E92A74591E1}
		{35BC3550-4ADD-4BB8-A3EE-0F75253CC63A} = {5BE90DE6-A9E9-4CA9-A009-BC339274E829}
		{EF9A072D-D974-400F-B118-7BA299F81484} = {9D6EBBBD-F3E1-432A-BD9D-56BDEE86C029}
		{01BE8CF8-8989-4E94-ADF0-97340821A660} = {9E6E38F6-13C4-49A0-A278-018742486965}
		{C0807498-46ED-4818-8ECE-A1E966395226} = {1CD0C3D8-70A0-452C-AB64-C1E258FB7DD8}
		{D52143DD-04DC-4FA9-8C77-6ADFF4B00275} = {9E6E38F6-13C4-49A0-A278-018742486965}
		{CD5C23DD-8EEF-4848-992F-B04088630CC1} = {0774B7F8-6C0C-4389-A8C5-37D955FF9E46}
		{AF1A5C5E-4FD1-4BCC-9C96-7D145E5A4EB3} = {998DD3DD-D468-4863-8832-AE02EF60B564}
		{C4BE31BE-8172-455D-A94F-275410348065} = {7640A833-1086-4041-90FB-3E3D76F967D4}
		{E81275EA-69BD-4FEB-974E-C2F8A4F613F6} = {510C00FB-FB4F-4C9E-A2F6-86D2FA171CD1}
		{608732B4-132C-41A3-B785-164FF4239B20} = {93F2FFDB-9A2F-442A-B865-5455E87D7B6E}
		{64815D6D-201E-4039-B1BD-FE85C44B8126} = {45476490-421C-458B-8BBF-0175A4A145B9}
		{D09D4813-55B9-41ED-BC8A-9BC7B79DC51B} = {7640A833-1086-4041-90FB-3E3D76F967D4}
		{3622EFBF-83DE-4AF2-AE1A-76FB2368CCF8} = {EB62FFCF-F19A-4F79-A66F-3C3F4B032F24}
		{D276DD3C-B102-49C8-9DF5-C22A45D1D05D} = {84B23EF8-142B-41AF-97D0-ED50D74448F6}
		{7D3B1B22-F249-4389-AB94-790757144AA2} = {1CD0C3D8-70A0-452C-AB64-C1E258FB7DD8}
		{5288BB4F-3685-4F5F-AFD0-596DBDF843B5} = {420F632D-B323-42B4-954C-DA875083DCC6}
		{04206448-FF4B-430D-8270-A4CBFA9D2FA3} = {BB541FF3-D68B-4935-B8AD-5E92A74591E1}
		{CF7AD1DB-76C4-46FD-BE2C-A972CDF22059} = {5BE90DE6-A9E9-4CA9-A009-BC339274E829}
		{145387D3-292E-4E16-B16B-E2E0B0755A5B} = {9D6EBBBD-F3E1-432A-BD9D-56BDEE86C029}
		{5A910D73-F8EA-48A5-A325-1F7EBDCE92F7} = {AA1B30C1-0014-4A78-B08C-370EDD56C608}
		{5AF7D364-3DB0-4DA2-A8C1-ECC80E1924DA} = {45476490-421C-458B-8BBF-0175A4A145B9}
		{E3BF5CFE-E5B3-4317-B78C-B3CEEFE9F889} = {EB62FFCF-F19A-4F79-A66F-3C3F4B032F24}
		{061ACD71-2FF0-48C8-96D5-616CED65FA8F} = {84B23EF8-142B-41AF-97D0-ED50D74448F6}
		{8D243206-A118-4BA4-8BD6-45593818D35D} = {1CD0C3D8-70A0-452C-AB64-C1E258FB7DD8}
		{CA76E3F9-6732-4064-9CF5-FFE87C6015BC} = {420F632D-B323-42B4-954C-DA875083DCC6}
		{529F25C0-4803-4259-8CFC-F666F0978A1A} = {BB541FF3-D68B-4935-B8AD-5E92A74591E1}
		{39F8B245-C848-4B76-935F-837D8DD7FA46} = {5BE90DE6-A9E9-4CA9-A009-BC339274E829}
		{07808B38-BCC9-442D-BEF7-D0B165127607} = {9D6EBBBD-F3E1-432A-BD9D-56BDEE86C029}
		{1326416B-712A-44D0-AE00-AD0DDF7F9258} = {9E6E38F6-13C4-49A0-A278-018742486965}
		{64E3BA39-E3DA-4B2A-A694-7C77E463C249} = {9E6E38F6-13C4-49A0-A278-018742486965}
		{384CA8F5-9255-483A-83E9-547F526CF278} = {AA1B30C1-0014-4A78-B08C-370EDD56C608}
		{A25A14DA-8AC5-445E-9562-46C11C54EA15} = {9E6E38F6-13C4-49A0-A278-018742486965}
		{7C30FBE5-8E08-4687-AD68-8028819D5E57} = {9E6E38F6-13C4-49A0-A278-018742486965}
		{03C081D6-FE5A-4A20-B387-8A960A45E77F} = {9E6E38F6-13C4-49A0-A278-018742486965}
		{136EFD1D-9D36-441E-994F-85E0356DFFD9} = {998DD3DD-D468-4863-8832-AE02EF60B564}
		{AA499CEB-DA59-4035-B869-29522712B4F0} = {93F2FFDB-9A2F-442A-B865-5455E87D7B6E}
		{F1D1EE3E-82B7-4410-902A-C334D1D2AC47} = {510C00FB-FB4F-4C9E-A2F6-86D2FA171CD1}
		{10573A9C-5F44-4B7A-AF12-5D7EC971F783} = {510C00FB-FB4F-4C9E-A2F6-86D2FA171CD1}
		{8774E85C-F054-4235-A02C-D180BA05E316} = {510C00FB-FB4F-4C9E-A2F6-86D2FA171CD1}
		{9FA5A13A-56EC-4DEC-A3EE-5963F76C44E5} = {510C00FB-FB4F-4C9E-A2F6-86D2FA171CD1}
		{9E9408AD-AA85-4365-A553-062F9DC98822} = {510C00FB-FB4F-4C9E-A2F6-86D2FA171CD1}
		{415214FC-4792-4519-A93F-315F2EA97CFF} = {510C00FB-FB4F-4C9E-A2F6-86D2FA171CD1}
		{573F1F3C-C0A9-4272-B054-068CAA8EF8AA} = {510C00FB-FB4F-4C9E-A2F6-86D2FA171CD1}
		{8BECC8C8-00BC-4972-919E-283D96953B41} = {510C00FB-FB4F-4C9E-A2F6-86D2FA171CD1}
		{8D9AC879-C123-4356-B9B6-BE5393FCBFF8} = {32781FAB-7F7F-4267-9599-479F14195A4B}
		{9C81E246-38A7-4567-B2DB-F1DBDE2A0B65} = {8D9AC879-C123-4356-B9B6-BE5393FCBFF8}
		{65A9786E-96BB-4D81-BD41-E9C81E15DA05} = {8D9AC879-C123-4356-B9B6-BE5393FCBFF8}
		{627A80A7-F304-444E-B1DF-0F5A9515716F} = {8D9AC879-C123-4356-B9B6-BE5393FCBFF8}
		{E0560A9E-5A6C-464D-8114-10E9889882B3} = {510C00FB-FB4F-4C9E-A2F6-86D2FA171CD1}
		{88239AFF-1B8E-4B6C-92C1-DE0357B260B5} = {9E6E38F6-13C4-49A0-A278-018742486965}
		{90889A06-1694-4B38-9592-49CF069E4E20} = {9E6E38F6-13C4-49A0-A278-018742486965}
	EndGlobalSection
	GlobalSection(ExtensibilityGlobals) = postSolution
		SolutionGuid = {4B0FED20-F156-4724-9241-1F63A97DA43E}
	EndGlobalSection
EndGlobal
