
Microsoft Visual Studio Solution File, Format Version 12.00
# Visual Studio 14
VisualStudioVersion = 14.0.24720.0
MinimumVisualStudioVersion = 10.0.40219.1
Project("{2150E333-8FDC-42A3-9474-1A3956D46DE8}") = "Solution Items", "Solution Items", "{20175D85-1567-4A23-B153-1A1C5B879381}"
	ProjectSection(SolutionItems) = preProject
		Local.testsettings = Local.testsettings
		ProtoGen.vsmdi = ProtoGen.vsmdi
		TraceAndTestImpact.testsettings = TraceAndTestImpact.testsettings
	EndProjectSection
EndProject
Project("{FAE04EC0-301F-11D3-BF4B-00C04F79EFBC}") = "ProtoGen", "ProtoGen\ProtoGen.csproj", "{7D46CF01-FB6D-440D-B17D-E75CE0E26D5B}"
EndProject
Project("{FAE04EC0-301F-11D3-BF4B-00C04F79EFBC}") = "ProtoGenLibrary", "ProtoGenLibrary\ProtoGenLibrary.csproj", "{15877B95-FCBE-4970-B833-A1C6A70586B1}"
EndProject
Project("{FAE04EC0-301F-11D3-BF4B-00C04F79EFBC}") = "Web", "Web\Web.csproj", "{EA3FC72C-AA09-4C52-AFDA-2F8E87D26DA5}"
EndProject
Global
	GlobalSection(SolutionConfigurationPlatforms) = preSolution
		Debug|Any CPU = Debug|Any CPU
		Debug|Mixed Platforms = Debug|Mixed Platforms
		Debug|Win32 = Debug|Win32
		Debug|x86 = Debug|x86
		Release|Any CPU = Release|Any CPU
		Release|Mixed Platforms = Release|Mixed Platforms
		Release|Win32 = Release|Win32
		Release|x86 = Release|x86
	EndGlobalSection
	GlobalSection(ProjectConfigurationPlatforms) = postSolution
		{7D46CF01-FB6D-440D-B17D-E75CE0E26D5B}.Debug|Any CPU.ActiveCfg = Debug|x86
		{7D46CF01-FB6D-440D-B17D-E75CE0E26D5B}.Debug|Any CPU.Build.0 = Debug|x86
		{7D46CF01-FB6D-440D-B17D-E75CE0E26D5B}.Debug|Mixed Platforms.ActiveCfg = Debug|x86
		{7D46CF01-FB6D-440D-B17D-E75CE0E26D5B}.Debug|Mixed Platforms.Build.0 = Debug|x86
		{7D46CF01-FB6D-440D-B17D-E75CE0E26D5B}.Debug|Win32.ActiveCfg = Debug|x86
		{7D46CF01-FB6D-440D-B17D-E75CE0E26D5B}.Debug|x86.ActiveCfg = Debug|x86
		{7D46CF01-FB6D-440D-B17D-E75CE0E26D5B}.Debug|x86.Build.0 = Debug|x86
		{7D46CF01-FB6D-440D-B17D-E75CE0E26D5B}.Release|Any CPU.ActiveCfg = Release|x86
		{7D46CF01-FB6D-440D-B17D-E75CE0E26D5B}.Release|Mixed Platforms.ActiveCfg = Release|x86
		{7D46CF01-FB6D-440D-B17D-E75CE0E26D5B}.Release|Mixed Platforms.Build.0 = Release|x86
		{7D46CF01-FB6D-440D-B17D-E75CE0E26D5B}.Release|Win32.ActiveCfg = Release|x86
		{7D46CF01-FB6D-440D-B17D-E75CE0E26D5B}.Release|x86.ActiveCfg = Release|x86
		{7D46CF01-FB6D-440D-B17D-E75CE0E26D5B}.Release|x86.Build.0 = Release|x86
		{15877B95-FCBE-4970-B833-A1C6A70586B1}.Debug|Any CPU.ActiveCfg = Debug|Any CPU
		{15877B95-FCBE-4970-B833-A1C6A70586B1}.Debug|Any CPU.Build.0 = Debug|Any CPU
		{15877B95-FCBE-4970-B833-A1C6A70586B1}.Debug|Mixed Platforms.ActiveCfg = Debug|Any CPU
		{15877B95-FCBE-4970-B833-A1C6A70586B1}.Debug|Mixed Platforms.Build.0 = Debug|Any CPU
		{15877B95-FCBE-4970-B833-A1C6A70586B1}.Debug|Win32.ActiveCfg = Debug|Any CPU
		{15877B95-FCBE-4970-B833-A1C6A70586B1}.Debug|x86.ActiveCfg = Debug|Any CPU
		{15877B95-FCBE-4970-B833-A1C6A70586B1}.Release|Any CPU.ActiveCfg = Release|Any CPU
		{15877B95-FCBE-4970-B833-A1C6A70586B1}.Release|Any CPU.Build.0 = Release|Any CPU
		{15877B95-FCBE-4970-B833-A1C6A70586B1}.Release|Mixed Platforms.ActiveCfg = Release|Any CPU
		{15877B95-FCBE-4970-B833-A1C6A70586B1}.Release|Mixed Platforms.Build.0 = Release|Any CPU
		{15877B95-FCBE-4970-B833-A1C6A70586B1}.Release|Win32.ActiveCfg = Release|Any CPU
		{15877B95-FCBE-4970-B833-A1C6A70586B1}.Release|x86.ActiveCfg = Release|Any CPU
		{EA3FC72C-AA09-4C52-AFDA-2F8E87D26DA5}.Debug|Any CPU.ActiveCfg = Debug|Any CPU
		{EA3FC72C-AA09-4C52-AFDA-2F8E87D26DA5}.Debug|Any CPU.Build.0 = Debug|Any CPU
		{EA3FC72C-AA09-4C52-AFDA-2F8E87D26DA5}.Debug|Mixed Platforms.ActiveCfg = Debug|Any CPU
		{EA3FC72C-AA09-4C52-AFDA-2F8E87D26DA5}.Debug|Mixed Platforms.Build.0 = Debug|Any CPU
		{EA3FC72C-AA09-4C52-AFDA-2F8E87D26DA5}.Debug|Win32.ActiveCfg = Debug|Any CPU
		{EA3FC72C-AA09-4C52-AFDA-2F8E87D26DA5}.Debug|x86.ActiveCfg = Debug|Any CPU
		{EA3FC72C-AA09-4C52-AFDA-2F8E87D26DA5}.Release|Any CPU.ActiveCfg = Release|Any CPU
		{EA3FC72C-AA09-4C52-AFDA-2F8E87D26DA5}.Release|Any CPU.Build.0 = Release|Any CPU
		{EA3FC72C-AA09-4C52-AFDA-2F8E87D26DA5}.Release|Mixed Platforms.ActiveCfg = Release|Any CPU
		{EA3FC72C-AA09-4C52-AFDA-2F8E87D26DA5}.Release|Mixed Platforms.Build.0 = Release|Any CPU
		{EA3FC72C-AA09-4C52-AFDA-2F8E87D26DA5}.Release|Win32.ActiveCfg = Release|Any CPU
		{EA3FC72C-AA09-4C52-AFDA-2F8E87D26DA5}.Release|x86.ActiveCfg = Release|Any CPU
	EndGlobalSection
	GlobalSection(SolutionProperties) = preSolution
		HideSolutionNode = FALSE
	EndGlobalSection
	GlobalSection(TestCaseManagementSettings) = postSolution
		CategoryFile = ProtoGen.vsmdi
	EndGlobalSection
EndGlobal
