
Microsoft Visual Studio Solution File, Format Version 12.00
# Visual Studio 15
VisualStudioVersion = 15.0.27004.2009
MinimumVisualStudioVersion = 10.0.40219.1
Project("{9A19103F-16F7-4668-BE54-9A1E7A4F7556}") = "StandardLibrary", "StandardLibrary\StandardLibrary.csproj", "{00561998-DFE2-45A0-9F55-C63C727BEA94}"
EndProject
Project("{D954291E-2A0B-460D-934E-DC6B0785DB48}") = "SharedProject", "SharedProject\SharedProject.shproj", "{5CB9FA6C-A53B-46CE-9F1F-219C2D293BD7}"
EndProject
Project("{9A19103F-16F7-4668-BE54-9A1E7A4F7556}") = "CoreConsole", "CoreConsole\CoreConsole.csproj", "{E723EE13-4532-4CF7-B6A4-82FF1124AF0F}"
EndProject
Project("{FAE04EC0-301F-11D3-BF4B-00C04F79EFBC}") = "FrameworkLibrary", "FrameworkLibrary\FrameworkLibrary.csproj", "{B003A172-61D1-40DC-96A8-28B760D5CDC1}"
EndProject
Project("{FAE04EC0-301F-11D3-BF4B-00C04F79EFBC}") = "BuildProject", "BuildProject.csproj", "{1F4B83F8-B03A-4A5C-87CB-74524A7379F6}"
EndProject
Project("{9A19103F-16F7-4668-BE54-9A1E7A4F7556}") = "ContainerStandard", "ContainerStandard\ContainerStandard.csproj", "{D3EBC8C5-79CC-44B3-B4B9-74FD3905EAF5}"
EndProject
Project("{FAE04EC0-301F-11D3-BF4B-00C04F79EFBC}") = "Container2", "Container2\Container2.csproj", "{0A0FAF02-1C53-4EFD-A969-88B695389FC5}"
EndProject
Global
	GlobalSection(SharedMSBuildProjectFiles) = preSolution
		SharedProject\SharedProject.projitems*{5cb9fa6c-a53b-46ce-9f1f-219c2d293bd7}*SharedItemsImports = 13
	EndGlobalSection
	GlobalSection(SolutionConfigurationPlatforms) = preSolution
		Debug|Any CPU = Debug|Any CPU
		Release|Any CPU = Release|Any CPU
	EndGlobalSection
	GlobalSection(ProjectConfigurationPlatforms) = postSolution
		{00561998-DFE2-45A0-9F55-C63C727BEA94}.Debug|Any CPU.ActiveCfg = Debug|Any CPU
		{00561998-DFE2-45A0-9F55-C63C727BEA94}.Debug|Any CPU.Build.0 = Debug|Any CPU
		{00561998-DFE2-45A0-9F55-C63C727BEA94}.Release|Any CPU.ActiveCfg = Release|Any CPU
		{00561998-DFE2-45A0-9F55-C63C727BEA94}.Release|Any CPU.Build.0 = Release|Any CPU
		{E723EE13-4532-4CF7-B6A4-82FF1124AF0F}.Debug|Any CPU.ActiveCfg = Debug|Any CPU
		{E723EE13-4532-4CF7-B6A4-82FF1124AF0F}.Debug|Any CPU.Build.0 = Debug|Any CPU
		{E723EE13-4532-4CF7-B6A4-82FF1124AF0F}.Release|Any CPU.ActiveCfg = Release|Any CPU
		{E723EE13-4532-4CF7-B6A4-82FF1124AF0F}.Release|Any CPU.Build.0 = Release|Any CPU
		{B003A172-61D1-40DC-96A8-28B760D5CDC1}.Debug|Any CPU.ActiveCfg = Debug|Any CPU
		{B003A172-61D1-40DC-96A8-28B760D5CDC1}.Debug|Any CPU.Build.0 = Debug|Any CPU
		{B003A172-61D1-40DC-96A8-28B760D5CDC1}.Release|Any CPU.ActiveCfg = Release|Any CPU
		{B003A172-61D1-40DC-96A8-28B760D5CDC1}.Release|Any CPU.Build.0 = Release|Any CPU
		{1F4B83F8-B03A-4A5C-87CB-74524A7379F6}.Debug|Any CPU.ActiveCfg = Debug|Any CPU
		{1F4B83F8-B03A-4A5C-87CB-74524A7379F6}.Release|Any CPU.ActiveCfg = Release|Any CPU
		{1F4B83F8-B03A-4A5C-87CB-74524A7379F6}.Release|Any CPU.Build.0 = Release|Any CPU
		{D3EBC8C5-79CC-44B3-B4B9-74FD3905EAF5}.Debug|Any CPU.ActiveCfg = Debug|Any CPU
		{D3EBC8C5-79CC-44B3-B4B9-74FD3905EAF5}.Debug|Any CPU.Build.0 = Debug|Any CPU
		{D3EBC8C5-79CC-44B3-B4B9-74FD3905EAF5}.Release|Any CPU.ActiveCfg = Release|Any CPU
		{D3EBC8C5-79CC-44B3-B4B9-74FD3905EAF5}.Release|Any CPU.Build.0 = Release|Any CPU
		{0A0FAF02-1C53-4EFD-A969-88B695389FC5}.Debug|Any CPU.ActiveCfg = Debug|Any CPU
		{0A0FAF02-1C53-4EFD-A969-88B695389FC5}.Debug|Any CPU.Build.0 = Debug|Any CPU
		{0A0FAF02-1C53-4EFD-A969-88B695389FC5}.Release|Any CPU.ActiveCfg = Release|Any CPU
		{0A0FAF02-1C53-4EFD-A969-88B695389FC5}.Release|Any CPU.Build.0 = Release|Any CPU
	EndGlobalSection
	GlobalSection(SolutionProperties) = preSolution
		HideSolutionNode = FALSE
	EndGlobalSection
	GlobalSection(ExtensibilityGlobals) = postSolution
		SolutionGuid = {E1ED80BA-9915-4067-86B4-273C6DCC152C}
	EndGlobalSection
EndGlobal
